<?xml version="1.0" encoding="utf-8"?>
<Project ToolsVersion="4.0" xmlns="http://schemas.microsoft.com/developer/msbuild/2003">
  <ItemGroup>
    <Filter Include="Node">
      <UniqueIdentifier>{012a0885-72d6-4e9a-8c9c-7856407fa93d}</UniqueIdentifier>
    </Filter>
    <Filter Include="Output">
      <UniqueIdentifier>{073d534e-7539-48dc-8181-d784126e2a02}</UniqueIdentifier>
    </Filter>
  </ItemGroup>
  <ItemGroup>
    <ClCompile Include="..\src\attribute.c" />
    <ClCompile Include="..\src\char_ref.c" />
    <ClCompile Include="..\src\error.c" />
    <ClCompile Include="..\src\parser.c" />
    <ClCompile Include="..\src\string_buffer.c" />
    <ClCompile Include="..\src\string_piece.c" />
    <ClCompile Include="..\src\tag.c" />
    <ClCompile Include="..\src\tokenizer.c" />
    <ClCompile Include="..\src\utf8.c" />
    <ClCompile Include="..\src\util.c" />
    <ClCompile Include="..\src\vector.c" />
    <ClCompile Include="..\src\Output\OutputWrapper.cpp">
      <Filter>Output</Filter>
    </ClCompile>
  </ItemGroup>
  <ItemGroup>
    <ClInclude Include="..\src\vector.h" />
    <ClInclude Include="..\src\attribute.h" />
    <ClInclude Include="..\src\char_ref.h" />
    <ClInclude Include="..\src\error.h" />
    <ClInclude Include="..\src\gumbo.h" />
    <ClInclude Include="..\src\insertion_mode.h" />
    <ClInclude Include="..\src\parser.h" />
    <ClInclude Include="..\src\string_buffer.h" />
    <ClInclude Include="..\src\string_piece.h" />
    <ClInclude Include="include\strings.h" />
    <ClInclude Include="..\src\token_type.h" />
    <ClInclude Include="..\src\tokenizer.h" />
    <ClInclude Include="..\src\tokenizer_states.h" />
    <ClInclude Include="..\src\utf8.h" />
    <ClInclude Include="..\src\util.h" />
    <ClInclude Include="..\src\Node\NodeWrapper.h">
      <Filter>Node</Filter>
    </ClInclude>
    <ClInclude Include="..\src\Output\OutputWrapper.h">
      <Filter>Output</Filter>
    </ClInclude>
  </ItemGroup>
</Project>