
Microsoft Visual Studio Solution File, Format Version 12.00
# Visual Studio Version 17
Project("{8BC9CEB8-8B4A-11D0-8D11-00A0C91BC942}") = "ALL_BUILD", "ALL_BUILD.vcxproj", "{8D7C981C-B3DD-3789-8FE3-53C7DA29CDF1}"
	ProjectSection(ProjectDependencies) = postProject
		{98BF9697-3CCF-3321-89F3-E91183B65A43} = {98BF9697-3CCF-3321-89F3-E91183B65A43}
		{B9FEE525-7430-3D9B-917B-F37092F12AA0} = {B9FEE525-7430-3D9B-917B-F37092F12AA0}
		{18D1554A-98CA-34F0-86A2-32DF33BB4B0C} = {18D1554A-98CA-34F0-86A2-32DF33BB4B0C}
		{A1753F2B-7046-355E-AAB7-0EC4BA967A3F} = {A1753F2B-7046-355E-AAB7-0EC4BA967A3F}
		{217B234E-EBD6-3747-94CA-FDD3F5FB4CF6} = {217B234E-EBD6-3747-94CA-FDD3F5FB4CF6}
		{2875D422-5D25-3B7B-B6D3-6961C5D67662} = {2875D422-5D25-3B7B-B6D3-6961C5D67662}
		{1FEC7B4C-6DE0-3582-981D-616CE6A18905} = {1FEC7B4C-6DE0-3582-981D-616CE6A18905}
		{FAB472AA-31C0-3D7B-A948-A4D5396AA98D} = {FAB472AA-31C0-3D7B-A948-A4D5396AA98D}
		{92004E05-EAFC-3946-B1D3-544C3C682B4B} = {92004E05-EAFC-3946-B1D3-544C3C682B4B}
		{3BEEA45B-9D7F-3398-A16A-6DD6F2151660} = {3BEEA45B-9D7F-3398-A16A-6DD6F2151660}
		{E5C29835-2A38-32F2-A907-548A7CB06C7B} = {E5C29835-2A38-32F2-A907-548A7CB06C7B}
		{CEEF88FD-6468-31F7-A1F9-1DBA7DB18DFA} = {CEEF88FD-6468-31F7-A1F9-1DBA7DB18DFA}
		{5AEF3886-9D19-394E-9D32-7859CBD6EA51} = {5AEF3886-9D19-394E-9D32-7859CBD6EA51}
		{5579DC20-6EEF-3939-8FF2-6C0F23DAC9A8} = {5579DC20-6EEF-3939-8FF2-6C0F23DAC9A8}
		{AC6C9232-3A3D-326C-A305-D9092B664537} = {AC6C9232-3A3D-326C-A305-D9092B664537}
		{5B849D08-926C-3BC2-B78E-1C59EB290D84} = {5B849D08-926C-3BC2-B78E-1C59EB290D84}
		{815234B3-DCA8-34E8-A013-2E5A1150A4C8} = {815234B3-DCA8-34E8-A013-2E5A1150A4C8}
		{2A1AFF3D-1781-3608-9F2F-98A76F16B62A} = {2A1AFF3D-1781-3608-9F2F-98A76F16B62A}
		{0D9D12A9-04D6-3082-AAE1-7BB5DF45FC87} = {0D9D12A9-04D6-3082-AAE1-7BB5DF45FC87}
		{94B4FDB1-B949-30ED-881F-EBFBD959F0DE} = {94B4FDB1-B949-30ED-881F-EBFBD959F0DE}
		{57CC5A47-2E9A-34B9-9880-314A9AFE673A} = {57CC5A47-2E9A-34B9-9880-314A9AFE673A}
		{3727711A-C707-3E3C-B145-E07427904C4B} = {3727711A-C707-3E3C-B145-E07427904C4B}
		{FF1FE365-9915-3BB9-8391-E9A274412A6E} = {FF1FE365-9915-3BB9-8391-E9A274412A6E}
		{5DFF4810-F6E4-356C-B91A-6F5491CC93C2} = {5DFF4810-F6E4-356C-B91A-6F5491CC93C2}
		{D502F9CF-C54C-301D-814F-2F9813FF008F} = {D502F9CF-C54C-301D-814F-2F9813FF008F}
		{810D7961-3759-3561-8885-6F4D09E94E9B} = {810D7961-3759-3561-8885-6F4D09E94E9B}
		{784CE5A9-7CE8-3B5B-A55A-621D9AD954B2} = {784CE5A9-7CE8-3B5B-A55A-621D9AD954B2}
		{08980E35-C01D-3918-9748-B5E7D10FC96C} = {08980E35-C01D-3918-9748-B5E7D10FC96C}
		{9214AB62-4814-371A-B295-BA652FC469ED} = {9214AB62-4814-371A-B295-BA652FC469ED}
		{A52C9977-A45A-3467-B62E-E29B6895488F} = {A52C9977-A45A-3467-B62E-E29B6895488F}
		{E284C484-6926-3A4F-9B2B-C13DDEC66E35} = {E284C484-6926-3A4F-9B2B-C13DDEC66E35}
		{54CBC809-1D96-3FC7-BA44-401E28A2D253} = {54CBC809-1D96-3FC7-BA44-401E28A2D253}
		{BF68B2E9-EDF7-30CB-94F4-9A001BD7D091} = {BF68B2E9-EDF7-30CB-94F4-9A001BD7D091}
		{7D559E8F-C3BD-33ED-BEA5-C3E44A097A74} = {7D559E8F-C3BD-33ED-BEA5-C3E44A097A74}
		{5EEFAE1B-71F6-33BC-B2A1-0A9A0875BDF7} = {5EEFAE1B-71F6-33BC-B2A1-0A9A0875BDF7}
		{13E01AE1-2230-3CAF-8A70-67B2B37B32C1} = {13E01AE1-2230-3CAF-8A70-67B2B37B32C1}
		{44547FF1-F1B8-38ED-98DD-A653C282B7B6} = {44547FF1-F1B8-38ED-98DD-A653C282B7B6}
		{A66267E0-5F7B-3F48-9A29-2BA35A25027F} = {A66267E0-5F7B-3F48-9A29-2BA35A25027F}
		{D12CB466-86C2-3130-806D-BEA1C0182889} = {D12CB466-86C2-3130-806D-BEA1C0182889}
		{E917EE6A-8E47-3BA3-BB6E-3B6FD53858C3} = {E917EE6A-8E47-3BA3-BB6E-3B6FD53858C3}
		{5B47BEBC-6758-3A79-BF01-BBC6CAC07286} = {5B47BEBC-6758-3A79-BF01-BBC6CAC07286}
		{F5490CAB-2E28-3C37-A97A-7EC876F96D1F} = {F5490CAB-2E28-3C37-A97A-7EC876F96D1F}
		{12E72DD3-467C-3EDA-987C-8F0CA45A24B3} = {12E72DD3-467C-3EDA-987C-8F0CA45A24B3}
		{820814D7-5CCC-357B-8203-8C40E4BC6852} = {820814D7-5CCC-357B-8203-8C40E4BC6852}
		{E97BEF63-F15D-36CA-AA43-1A639B51CEAF} = {E97BEF63-F15D-36CA-AA43-1A639B51CEAF}
		{58CF9670-165E-349E-A333-16F972A39185} = {58CF9670-165E-349E-A333-16F972A39185}
		{47034950-E49B-369F-840A-E711D0C2DF4E} = {47034950-E49B-369F-840A-E711D0C2DF4E}
		{17E18D39-1C5F-36FE-A95A-F671A38D740B} = {17E18D39-1C5F-36FE-A95A-F671A38D740B}
		{116F9C2F-D444-3F77-AB00-322DA6CBC828} = {116F9C2F-D444-3F77-AB00-322DA6CBC828}
		{9AE77CE9-7E58-395F-B6C3-262331E13C9F} = {9AE77CE9-7E58-395F-B6C3-262331E13C9F}
		{2E86E737-AC62-3B0B-BA65-2DEDB9A13702} = {2E86E737-AC62-3B0B-BA65-2DEDB9A13702}
		{2E69FAB8-8CF7-3DA0-91BC-86D098309293} = {2E69FAB8-8CF7-3DA0-91BC-86D098309293}
		{91AA2E71-F0A8-32C7-901D-56C15AA61CA2} = {91AA2E71-F0A8-32C7-901D-56C15AA61CA2}
		{A721BE95-7146-38FA-9A40-C68CA9FAD25E} = {A721BE95-7146-38FA-9A40-C68CA9FAD25E}
		{76ECE03F-5F42-3FD6-AE51-547B10FA172E} = {76ECE03F-5F42-3FD6-AE51-547B10FA172E}
		{CE86553E-A6A3-3351-93A0-B56BFBEEEE94} = {CE86553E-A6A3-3351-93A0-B56BFBEEEE94}
		{29BC9FB7-5454-3EA4-93F4-96C1FF2B02D3} = {29BC9FB7-5454-3EA4-93F4-96C1FF2B02D3}
		{19C74A0F-D053-3FB8-830F-B2CF6402FB04} = {19C74A0F-D053-3FB8-830F-B2CF6402FB04}
		{7C2F9E8F-6C97-3A0D-8E8B-F2975CBA8938} = {7C2F9E8F-6C97-3A0D-8E8B-F2975CBA8938}
		{B896F9F4-54C4-3A2D-8F2E-23955EE6748E} = {B896F9F4-54C4-3A2D-8F2E-23955EE6748E}
		{1BA8F855-35AC-3DDC-9769-6CAB1F833D1D} = {1BA8F855-35AC-3DDC-9769-6CAB1F833D1D}
		{62F2DF81-A213-351F-8B11-4C0BFEB8D39A} = {62F2DF81-A213-351F-8B11-4C0BFEB8D39A}
		{1229A2EC-99A8-317B-B5D7-FC4B2B18F8A7} = {1229A2EC-99A8-317B-B5D7-FC4B2B18F8A7}
		{7B45D833-E219-3C92-880E-13B516512721} = {7B45D833-E219-3C92-880E-13B516512721}
		{72E9BA54-520E-33DE-8D35-E082595D0750} = {72E9BA54-520E-33DE-8D35-E082595D0750}
		{1DD5E7A0-F82D-3187-8831-1F3896666C72} = {1DD5E7A0-F82D-3187-8831-1F3896666C72}
		{7660B689-04A5-3AA9-B774-EEAA249BB768} = {7660B689-04A5-3AA9-B774-EEAA249BB768}
		{E62853B3-8D56-3308-A525-31F10FB140DD} = {E62853B3-8D56-3308-A525-31F10FB140DD}
		{53F8394B-B847-30D8-927A-44AC9A1DF318} = {53F8394B-B847-30D8-927A-44AC9A1DF318}
		{E1C6DE38-EBE8-383A-BCDD-34AA10D6D144} = {E1C6DE38-EBE8-383A-BCDD-34AA10D6D144}
		{B29563B5-C978-367C-BB4B-B68A781FD7F4} = {B29563B5-C978-367C-BB4B-B68A781FD7F4}
		{254EBA41-CFB3-300A-A082-0092B580B1E2} = {254EBA41-CFB3-300A-A082-0092B580B1E2}
		{5400619F-0A2C-364F-ABE3-58084A56B88E} = {5400619F-0A2C-364F-ABE3-58084A56B88E}
		{A33EC670-150F-30B8-92BB-D8AB29174705} = {A33EC670-150F-30B8-92BB-D8AB29174705}
		{B9B15F02-B536-32FF-A25A-9455F7D553C1} = {B9B15F02-B536-32FF-A25A-9455F7D553C1}
		{DBD4C29C-3BC3-3A7D-A59F-8EAC9B2C6776} = {DBD4C29C-3BC3-3A7D-A59F-8EAC9B2C6776}
		{E44DAA4E-4755-370D-8AEA-29E9FEEA6EC6} = {E44DAA4E-4755-370D-8AEA-29E9FEEA6EC6}
		{14084177-02E1-3F24-864E-A8900E476AF5} = {14084177-02E1-3F24-864E-A8900E476AF5}
		{AAB49744-6370-3B3A-B17C-386957B64F48} = {AAB49744-6370-3B3A-B17C-386957B64F48}
		{2FA4F3E0-499B-3B57-A8D5-27FADEF3F6E7} = {2FA4F3E0-499B-3B57-A8D5-27FADEF3F6E7}
		{2B722462-29A5-303A-9E00-53B9CC1C7BEA} = {2B722462-29A5-303A-9E00-53B9CC1C7BEA}
		{0BAB3B69-2FF5-3FF0-B717-CE75E502CA01} = {0BAB3B69-2FF5-3FF0-B717-CE75E502CA01}
		{B33AF0EF-D8A5-3373-8370-4440285B240A} = {B33AF0EF-D8A5-3373-8370-4440285B240A}
		{E70ECFEB-D674-326F-893F-A9D505666700} = {E70ECFEB-D674-326F-893F-A9D505666700}
		{759A7811-5DE5-337A-AAD8-A482A6428F13} = {759A7811-5DE5-337A-AAD8-A482A6428F13}
	EndProjectSection
EndProject
Project("{8BC9CEB8-8B4A-11D0-8D11-00A0C91BC942}") = "base", "base\base.vcxproj", "{98BF9697-3CCF-3321-89F3-E91183B65A43}"
	ProjectSection(ProjectDependencies) = postProject
	EndProjectSection
EndProject
Project("{8BC9CEB8-8B4A-11D0-8D11-00A0C91BC942}") = "bloom", "examples\bloom.vcxproj", "{B9FEE525-7430-3D9B-917B-F37092F12AA0}"
	ProjectSection(ProjectDependencies) = postProject
		{98BF9697-3CCF-3321-89F3-E91183B65A43} = {98BF9697-3CCF-3321-89F3-E91183B65A43}
	EndProjectSection
EndProject
Project("{8BC9CEB8-8B4A-11D0-8D11-00A0C91BC942}") = "computecloth", "examples\computecloth.vcxproj", "{18D1554A-98CA-34F0-86A2-32DF33BB4B0C}"
	ProjectSection(ProjectDependencies) = postProject
		{98BF9697-3CCF-3321-89F3-E91183B65A43} = {98BF9697-3CCF-3321-89F3-E91183B65A43}
	EndProjectSection
EndProject
Project("{8BC9CEB8-8B4A-11D0-8D11-00A0C91BC942}") = "computecullandlod", "examples\computecullandlod.vcxproj", "{A1753F2B-7046-355E-AAB7-0EC4BA967A3F}"
	ProjectSection(ProjectDependencies) = postProject
		{98BF9697-3CCF-3321-89F3-E91183B65A43} = {98BF9697-3CCF-3321-89F3-E91183B65A43}
	EndProjectSection
EndProject
Project("{8BC9CEB8-8B4A-11D0-8D11-00A0C91BC942}") = "computeheadless", "examples\computeheadless.vcxproj", "{217B234E-EBD6-3747-94CA-FDD3F5FB4CF6}"
	ProjectSection(ProjectDependencies) = postProject
		{98BF9697-3CCF-3321-89F3-E91183B65A43} = {98BF9697-3CCF-3321-89F3-E91183B65A43}
	EndProjectSection
EndProject
Project("{8BC9CEB8-8B4A-11D0-8D11-00A0C91BC942}") = "computenbody", "examples\computenbody.vcxproj", "{2875D422-5D25-3B7B-B6D3-6961C5D67662}"
	ProjectSection(ProjectDependencies) = postProject
		{98BF9697-3CCF-3321-89F3-E91183B65A43} = {98BF9697-3CCF-3321-89F3-E91183B65A43}
	EndProjectSection
EndProject
Project("{8BC9CEB8-8B4A-11D0-8D11-00A0C91BC942}") = "computeparticles", "examples\computeparticles.vcxproj", "{1FEC7B4C-6DE0-3582-981D-616CE6A18905}"
	ProjectSection(ProjectDependencies) = postProject
		{98BF9697-3CCF-3321-89F3-E91183B65A43} = {98BF9697-3CCF-3321-89F3-E91183B65A43}
	EndProjectSection
EndProject
Project("{8BC9CEB8-8B4A-11D0-8D11-00A0C91BC942}") = "computeraytracing", "examples\computeraytracing.vcxproj", "{FAB472AA-31C0-3D7B-A948-A4D5396AA98D}"
	ProjectSection(ProjectDependencies) = postProject
		{98BF9697-3CCF-3321-89F3-E91183B65A43} = {98BF9697-3CCF-3321-89F3-E91183B65A43}
	EndProjectSection
EndProject
Project("{8BC9CEB8-8B4A-11D0-8D11-00A0C91BC942}") = "computeshader", "examples\computeshader.vcxproj", "{92004E05-EAFC-3946-B1D3-544C3C682B4B}"
	ProjectSection(ProjectDependencies) = postProject
		{98BF9697-3CCF-3321-89F3-E91183B65A43} = {98BF9697-3CCF-3321-89F3-E91183B65A43}
	EndProjectSection
EndProject
Project("{8BC9CEB8-8B4A-11D0-8D11-00A0C91BC942}") = "conditionalrender", "examples\conditionalrender.vcxproj", "{3BEEA45B-9D7F-3398-A16A-6DD6F2151660}"
	ProjectSection(ProjectDependencies) = postProject
		{98BF9697-3CCF-3321-89F3-E91183B65A43} = {98BF9697-3CCF-3321-89F3-E91183B65A43}
	EndProjectSection
EndProject
Project("{8BC9CEB8-8B4A-11D0-8D11-00A0C91BC942}") = "conservativeraster", "examples\conservativeraster.vcxproj", "{E5C29835-2A38-32F2-A907-548A7CB06C7B}"
	ProjectSection(ProjectDependencies) = postProject
		{98BF9697-3CCF-3321-89F3-E91183B65A43} = {98BF9697-3CCF-3321-89F3-E91183B65A43}
	EndProjectSection
EndProject
Project("{8BC9CEB8-8B4A-11D0-8D11-00A0C91BC942}") = "debugmarker", "examples\debugmarker.vcxproj", "{CEEF88FD-6468-31F7-A1F9-1DBA7DB18DFA}"
	ProjectSection(ProjectDependencies) = postProject
		{98BF9697-3CCF-3321-89F3-E91183B65A43} = {98BF9697-3CCF-3321-89F3-E91183B65A43}
	EndProjectSection
EndProject
Project("{8BC9CEB8-8B4A-11D0-8D11-00A0C91BC942}") = "deferred", "examples\deferred.vcxproj", "{5AEF3886-9D19-394E-9D32-7859CBD6EA51}"
	ProjectSection(ProjectDependencies) = postProject
		{98BF9697-3CCF-3321-89F3-E91183B65A43} = {98BF9697-3CCF-3321-89F3-E91183B65A43}
	EndProjectSection
EndProject
Project("{8BC9CEB8-8B4A-11D0-8D11-00A0C91BC942}") = "deferredmultisampling", "examples\deferredmultisampling.vcxproj", "{5579DC20-6EEF-3939-8FF2-6C0F23DAC9A8}"
	ProjectSection(ProjectDependencies) = postProject
		{98BF9697-3CCF-3321-89F3-E91183B65A43} = {98BF9697-3CCF-3321-89F3-E91183B65A43}
	EndProjectSection
EndProject
Project("{8BC9CEB8-8B4A-11D0-8D11-00A0C91BC942}") = "deferredshadows", "examples\deferredshadows.vcxproj", "{AC6C9232-3A3D-326C-A305-D9092B664537}"
	ProjectSection(ProjectDependencies) = postProject
		{98BF9697-3CCF-3321-89F3-E91183B65A43} = {98BF9697-3CCF-3321-89F3-E91183B65A43}
	EndProjectSection
EndProject
Project("{8BC9CEB8-8B4A-11D0-8D11-00A0C91BC942}") = "descriptorbuffer", "examples\descriptorbuffer.vcxproj", "{5B849D08-926C-3BC2-B78E-1C59EB290D84}"
	ProjectSection(ProjectDependencies) = postProject
		{98BF9697-3CCF-3321-89F3-E91183B65A43} = {98BF9697-3CCF-3321-89F3-E91183B65A43}
	EndProjectSection
EndProject
Project("{8BC9CEB8-8B4A-11D0-8D11-00A0C91BC942}") = "descriptorindexing", "examples\descriptorindexing.vcxproj", "{815234B3-DCA8-34E8-A013-2E5A1150A4C8}"
	ProjectSection(ProjectDependencies) = postProject
		{98BF9697-3CCF-3321-89F3-E91183B65A43} = {98BF9697-3CCF-3321-89F3-E91183B65A43}
	EndProjectSection
EndProject
Project("{8BC9CEB8-8B4A-11D0-8D11-00A0C91BC942}") = "descriptorsets", "examples\descriptorsets.vcxproj", "{2A1AFF3D-1781-3608-9F2F-98A76F16B62A}"
	ProjectSection(ProjectDependencies) = postProject
		{98BF9697-3CCF-3321-89F3-E91183B65A43} = {98BF9697-3CCF-3321-89F3-E91183B65A43}
	EndProjectSection
EndProject
Project("{8BC9CEB8-8B4A-11D0-8D11-00A0C91BC942}") = "displacement", "examples\displacement.vcxproj", "{0D9D12A9-04D6-3082-AAE1-7BB5DF45FC87}"
	ProjectSection(ProjectDependencies) = postProject
		{98BF9697-3CCF-3321-89F3-E91183B65A43} = {98BF9697-3CCF-3321-89F3-E91183B65A43}
	EndProjectSection
EndProject
Project("{8BC9CEB8-8B4A-11D0-8D11-00A0C91BC942}") = "distancefieldfonts", "examples\distancefieldfonts.vcxproj", "{94B4FDB1-B949-30ED-881F-EBFBD959F0DE}"
	ProjectSection(ProjectDependencies) = postProject
		{98BF9697-3CCF-3321-89F3-E91183B65A43} = {98BF9697-3CCF-3321-89F3-E91183B65A43}
	EndProjectSection
EndProject
Project("{8BC9CEB8-8B4A-11D0-8D11-00A0C91BC942}") = "dynamicrendering", "examples\dynamicrendering.vcxproj", "{57CC5A47-2E9A-34B9-9880-314A9AFE673A}"
	ProjectSection(ProjectDependencies) = postProject
		{98BF9697-3CCF-3321-89F3-E91183B65A43} = {98BF9697-3CCF-3321-89F3-E91183B65A43}
	EndProjectSection
EndProject
Project("{8BC9CEB8-8B4A-11D0-8D11-00A0C91BC942}") = "dynamicstate", "examples\dynamicstate.vcxproj", "{3727711A-C707-3E3C-B145-E07427904C4B}"
	ProjectSection(ProjectDependencies) = postProject
		{98BF9697-3CCF-3321-89F3-E91183B65A43} = {98BF9697-3CCF-3321-89F3-E91183B65A43}
	EndProjectSection
EndProject
Project("{8BC9CEB8-8B4A-11D0-8D11-00A0C91BC942}") = "dynamicuniformbuffer", "examples\dynamicuniformbuffer.vcxproj", "{FF1FE365-9915-3BB9-8391-E9A274412A6E}"
	ProjectSection(ProjectDependencies) = postProject
		{98BF9697-3CCF-3321-89F3-E91183B65A43} = {98BF9697-3CCF-3321-89F3-E91183B65A43}
	EndProjectSection
EndProject
Project("{8BC9CEB8-8B4A-11D0-8D11-00A0C91BC942}") = "gears", "examples\gears.vcxproj", "{5DFF4810-F6E4-356C-B91A-6F5491CC93C2}"
	ProjectSection(ProjectDependencies) = postProject
		{98BF9697-3CCF-3321-89F3-E91183B65A43} = {98BF9697-3CCF-3321-89F3-E91183B65A43}
	EndProjectSection
EndProject
Project("{8BC9CEB8-8B4A-11D0-8D11-00A0C91BC942}") = "geometryshader", "examples\geometryshader.vcxproj", "{D502F9CF-C54C-301D-814F-2F9813FF008F}"
	ProjectSection(ProjectDependencies) = postProject
		{98BF9697-3CCF-3321-89F3-E91183B65A43} = {98BF9697-3CCF-3321-89F3-E91183B65A43}
	EndProjectSection
EndProject
Project("{8BC9CEB8-8B4A-11D0-8D11-00A0C91BC942}") = "gltfloading", "examples\gltfloading.vcxproj", "{810D7961-3759-3561-8885-6F4D09E94E9B}"
	ProjectSection(ProjectDependencies) = postProject
		{98BF9697-3CCF-3321-89F3-E91183B65A43} = {98BF9697-3CCF-3321-89F3-E91183B65A43}
	EndProjectSection
EndProject
Project("{8BC9CEB8-8B4A-11D0-8D11-00A0C91BC942}") = "gltfscenerendering", "examples\gltfscenerendering.vcxproj", "{784CE5A9-7CE8-3B5B-A55A-621D9AD954B2}"
	ProjectSection(ProjectDependencies) = postProject
		{98BF9697-3CCF-3321-89F3-E91183B65A43} = {98BF9697-3CCF-3321-89F3-E91183B65A43}
	EndProjectSection
EndProject
Project("{8BC9CEB8-8B4A-11D0-8D11-00A0C91BC942}") = "gltfskinning", "examples\gltfskinning.vcxproj", "{08980E35-C01D-3918-9748-B5E7D10FC96C}"
	ProjectSection(ProjectDependencies) = postProject
		{98BF9697-3CCF-3321-89F3-E91183B65A43} = {98BF9697-3CCF-3321-89F3-E91183B65A43}
	EndProjectSection
EndProject
Project("{8BC9CEB8-8B4A-11D0-8D11-00A0C91BC942}") = "graphicspipelinelibrary", "examples\graphicspipelinelibrary.vcxproj", "{9214AB62-4814-371A-B295-BA652FC469ED}"
	ProjectSection(ProjectDependencies) = postProject
		{98BF9697-3CCF-3321-89F3-E91183B65A43} = {98BF9697-3CCF-3321-89F3-E91183B65A43}
	EndProjectSection
EndProject
Project("{8BC9CEB8-8B4A-11D0-8D11-00A0C91BC942}") = "hdr", "examples\hdr.vcxproj", "{A52C9977-A45A-3467-B62E-E29B6895488F}"
	ProjectSection(ProjectDependencies) = postProject
		{98BF9697-3CCF-3321-89F3-E91183B65A43} = {98BF9697-3CCF-3321-89F3-E91183B65A43}
	EndProjectSection
EndProject
Project("{8BC9CEB8-8B4A-11D0-8D11-00A0C91BC942}") = "imgui", "examples\imgui.vcxproj", "{E284C484-6926-3A4F-9B2B-C13DDEC66E35}"
	ProjectSection(ProjectDependencies) = postProject
		{98BF9697-3CCF-3321-89F3-E91183B65A43} = {98BF9697-3CCF-3321-89F3-E91183B65A43}
	EndProjectSection
EndProject
Project("{8BC9CEB8-8B4A-11D0-8D11-00A0C91BC942}") = "indirectdraw", "examples\indirectdraw.vcxproj", "{54CBC809-1D96-3FC7-BA44-401E28A2D253}"
	ProjectSection(ProjectDependencies) = postProject
		{98BF9697-3CCF-3321-89F3-E91183B65A43} = {98BF9697-3CCF-3321-89F3-E91183B65A43}
	EndProjectSection
EndProject
Project("{8BC9CEB8-8B4A-11D0-8D11-00A0C91BC942}") = "inlineuniformblocks", "examples\inlineuniformblocks.vcxproj", "{BF68B2E9-EDF7-30CB-94F4-9A001BD7D091}"
	ProjectSection(ProjectDependencies) = postProject
		{98BF9697-3CCF-3321-89F3-E91183B65A43} = {98BF9697-3CCF-3321-89F3-E91183B65A43}
	EndProjectSection
EndProject
Project("{8BC9CEB8-8B4A-11D0-8D11-00A0C91BC942}") = "inputattachments", "examples\inputattachments.vcxproj", "{7D559E8F-C3BD-33ED-BEA5-C3E44A097A74}"
	ProjectSection(ProjectDependencies) = postProject
		{98BF9697-3CCF-3321-89F3-E91183B65A43} = {98BF9697-3CCF-3321-89F3-E91183B65A43}
	EndProjectSection
EndProject
Project("{8BC9CEB8-8B4A-11D0-8D11-00A0C91BC942}") = "instancing", "examples\instancing.vcxproj", "{5EEFAE1B-71F6-33BC-B2A1-0A9A0875BDF7}"
	ProjectSection(ProjectDependencies) = postProject
		{98BF9697-3CCF-3321-89F3-E91183B65A43} = {98BF9697-3CCF-3321-89F3-E91183B65A43}
	EndProjectSection
EndProject
Project("{8BC9CEB8-8B4A-11D0-8D11-00A0C91BC942}") = "meshshader", "examples\meshshader.vcxproj", "{13E01AE1-2230-3CAF-8A70-67B2B37B32C1}"
	ProjectSection(ProjectDependencies) = postProject
		{98BF9697-3CCF-3321-89F3-E91183B65A43} = {98BF9697-3CCF-3321-89F3-E91183B65A43}
	EndProjectSection
EndProject
Project("{8BC9CEB8-8B4A-11D0-8D11-00A0C91BC942}") = "multisampling", "examples\multisampling.vcxproj", "{44547FF1-F1B8-38ED-98DD-A653C282B7B6}"
	ProjectSection(ProjectDependencies) = postProject
		{98BF9697-3CCF-3321-89F3-E91183B65A43} = {98BF9697-3CCF-3321-89F3-E91183B65A43}
	EndProjectSection
EndProject
Project("{8BC9CEB8-8B4A-11D0-8D11-00A0C91BC942}") = "multithreading", "examples\multithreading.vcxproj", "{A66267E0-5F7B-3F48-9A29-2BA35A25027F}"
	ProjectSection(ProjectDependencies) = postProject
		{98BF9697-3CCF-3321-89F3-E91183B65A43} = {98BF9697-3CCF-3321-89F3-E91183B65A43}
	EndProjectSection
EndProject
Project("{8BC9CEB8-8B4A-11D0-8D11-00A0C91BC942}") = "multiview", "examples\multiview.vcxproj", "{D12CB466-86C2-3130-806D-BEA1C0182889}"
	ProjectSection(ProjectDependencies) = postProject
		{98BF9697-3CCF-3321-89F3-E91183B65A43} = {98BF9697-3CCF-3321-89F3-E91183B65A43}
	EndProjectSection
EndProject
Project("{8BC9CEB8-8B4A-11D0-8D11-00A0C91BC942}") = "negativeviewportheight", "examples\negativeviewportheight.vcxproj", "{E917EE6A-8E47-3BA3-BB6E-3B6FD53858C3}"
	ProjectSection(ProjectDependencies) = postProject
		{98BF9697-3CCF-3321-89F3-E91183B65A43} = {98BF9697-3CCF-3321-89F3-E91183B65A43}
	EndProjectSection
EndProject
Project("{8BC9CEB8-8B4A-11D0-8D11-00A0C91BC942}") = "occlusionquery", "examples\occlusionquery.vcxproj", "{5B47BEBC-6758-3A79-BF01-BBC6CAC07286}"
	ProjectSection(ProjectDependencies) = postProject
		{98BF9697-3CCF-3321-89F3-E91183B65A43} = {98BF9697-3CCF-3321-89F3-E91183B65A43}
	EndProjectSection
EndProject
Project("{8BC9CEB8-8B4A-11D0-8D11-00A0C91BC942}") = "offscreen", "examples\offscreen.vcxproj", "{F5490CAB-2E28-3C37-A97A-7EC876F96D1F}"
	ProjectSection(ProjectDependencies) = postProject
		{98BF9697-3CCF-3321-89F3-E91183B65A43} = {98BF9697-3CCF-3321-89F3-E91183B65A43}
	EndProjectSection
EndProject
Project("{8BC9CEB8-8B4A-11D0-8D11-00A0C91BC942}") = "oit", "examples\oit.vcxproj", "{12E72DD3-467C-3EDA-987C-8F0CA45A24B3}"
	ProjectSection(ProjectDependencies) = postProject
		{98BF9697-3CCF-3321-89F3-E91183B65A43} = {98BF9697-3CCF-3321-89F3-E91183B65A43}
	EndProjectSection
EndProject
Project("{8BC9CEB8-8B4A-11D0-8D11-00A0C91BC942}") = "parallaxmapping", "examples\parallaxmapping.vcxproj", "{820814D7-5CCC-357B-8203-8C40E4BC6852}"
	ProjectSection(ProjectDependencies) = postProject
		{98BF9697-3CCF-3321-89F3-E91183B65A43} = {98BF9697-3CCF-3321-89F3-E91183B65A43}
	EndProjectSection
EndProject
Project("{8BC9CEB8-8B4A-11D0-8D11-00A0C91BC942}") = "particlefire", "examples\particlefire.vcxproj", "{E97BEF63-F15D-36CA-AA43-1A639B51CEAF}"
	ProjectSection(ProjectDependencies) = postProject
		{98BF9697-3CCF-3321-89F3-E91183B65A43} = {98BF9697-3CCF-3321-89F3-E91183B65A43}
	EndProjectSection
EndProject
Project("{8BC9CEB8-8B4A-11D0-8D11-00A0C91BC942}") = "pbrbasic", "examples\pbrbasic.vcxproj", "{58CF9670-165E-349E-A333-16F972A39185}"
	ProjectSection(ProjectDependencies) = postProject
		{98BF9697-3CCF-3321-89F3-E91183B65A43} = {98BF9697-3CCF-3321-89F3-E91183B65A43}
	EndProjectSection
EndProject
Project("{8BC9CEB8-8B4A-11D0-8D11-00A0C91BC942}") = "pbribl", "examples\pbribl.vcxproj", "{47034950-E49B-369F-840A-E711D0C2DF4E}"
	ProjectSection(ProjectDependencies) = postProject
		{98BF9697-3CCF-3321-89F3-E91183B65A43} = {98BF9697-3CCF-3321-89F3-E91183B65A43}
	EndProjectSection
EndProject
Project("{8BC9CEB8-8B4A-11D0-8D11-00A0C91BC942}") = "pbrtexture", "examples\pbrtexture.vcxproj", "{17E18D39-1C5F-36FE-A95A-F671A38D740B}"
	ProjectSection(ProjectDependencies) = postProject
		{98BF9697-3CCF-3321-89F3-E91183B65A43} = {98BF9697-3CCF-3321-89F3-E91183B65A43}
	EndProjectSection
EndProject
Project("{8BC9CEB8-8B4A-11D0-8D11-00A0C91BC942}") = "pipelines", "examples\pipelines.vcxproj", "{116F9C2F-D444-3F77-AB00-322DA6CBC828}"
	ProjectSection(ProjectDependencies) = postProject
		{98BF9697-3CCF-3321-89F3-E91183B65A43} = {98BF9697-3CCF-3321-89F3-E91183B65A43}
	EndProjectSection
EndProject
Project("{8BC9CEB8-8B4A-11D0-8D11-00A0C91BC942}") = "pipelinestatistics", "examples\pipelinestatistics.vcxproj", "{9AE77CE9-7E58-395F-B6C3-262331E13C9F}"
	ProjectSection(ProjectDependencies) = postProject
		{98BF9697-3CCF-3321-89F3-E91183B65A43} = {98BF9697-3CCF-3321-89F3-E91183B65A43}
	EndProjectSection
EndProject
Project("{8BC9CEB8-8B4A-11D0-8D11-00A0C91BC942}") = "pushconstants", "examples\pushconstants.vcxproj", "{2E86E737-AC62-3B0B-BA65-2DEDB9A13702}"
	ProjectSection(ProjectDependencies) = postProject
		{98BF9697-3CCF-3321-89F3-E91183B65A43} = {98BF9697-3CCF-3321-89F3-E91183B65A43}
	EndProjectSection
EndProject
Project("{8BC9CEB8-8B4A-11D0-8D11-00A0C91BC942}") = "pushdescriptors", "examples\pushdescriptors.vcxproj", "{2E69FAB8-8CF7-3DA0-91BC-86D098309293}"
	ProjectSection(ProjectDependencies) = postProject
		{98BF9697-3CCF-3321-89F3-E91183B65A43} = {98BF9697-3CCF-3321-89F3-E91183B65A43}
	EndProjectSection
EndProject
Project("{8BC9CEB8-8B4A-11D0-8D11-00A0C91BC942}") = "radialblur", "examples\radialblur.vcxproj", "{91AA2E71-F0A8-32C7-901D-56C15AA61CA2}"
	ProjectSection(ProjectDependencies) = postProject
		{98BF9697-3CCF-3321-89F3-E91183B65A43} = {98BF9697-3CCF-3321-89F3-E91183B65A43}
	EndProjectSection
EndProject
Project("{8BC9CEB8-8B4A-11D0-8D11-00A0C91BC942}") = "rayquery", "examples\rayquery.vcxproj", "{A721BE95-7146-38FA-9A40-C68CA9FAD25E}"
	ProjectSection(ProjectDependencies) = postProject
		{98BF9697-3CCF-3321-89F3-E91183B65A43} = {98BF9697-3CCF-3321-89F3-E91183B65A43}
	EndProjectSection
EndProject
Project("{8BC9CEB8-8B4A-11D0-8D11-00A0C91BC942}") = "raytracingbasic", "examples\raytracingbasic.vcxproj", "{76ECE03F-5F42-3FD6-AE51-547B10FA172E}"
	ProjectSection(ProjectDependencies) = postProject
		{98BF9697-3CCF-3321-89F3-E91183B65A43} = {98BF9697-3CCF-3321-89F3-E91183B65A43}
	EndProjectSection
EndProject
Project("{8BC9CEB8-8B4A-11D0-8D11-00A0C91BC942}") = "raytracingcallable", "examples\raytracingcallable.vcxproj", "{CE86553E-A6A3-3351-93A0-B56BFBEEEE94}"
	ProjectSection(ProjectDependencies) = postProject
		{98BF9697-3CCF-3321-89F3-E91183B65A43} = {98BF9697-3CCF-3321-89F3-E91183B65A43}
	EndProjectSection
EndProject
Project("{8BC9CEB8-8B4A-11D0-8D11-00A0C91BC942}") = "raytracingreflections", "examples\raytracingreflections.vcxproj", "{29BC9FB7-5454-3EA4-93F4-96C1FF2B02D3}"
	ProjectSection(ProjectDependencies) = postProject
		{98BF9697-3CCF-3321-89F3-E91183B65A43} = {98BF9697-3CCF-3321-89F3-E91183B65A43}
	EndProjectSection
EndProject
Project("{8BC9CEB8-8B4A-11D0-8D11-00A0C91BC942}") = "raytracingsbtdata", "examples\raytracingsbtdata.vcxproj", "{19C74A0F-D053-3FB8-830F-B2CF6402FB04}"
	ProjectSection(ProjectDependencies) = postProject
		{98BF9697-3CCF-3321-89F3-E91183B65A43} = {98BF9697-3CCF-3321-89F3-E91183B65A43}
	EndProjectSection
EndProject
Project("{8BC9CEB8-8B4A-11D0-8D11-00A0C91BC942}") = "raytracingshadows", "examples\raytracingshadows.vcxproj", "{7C2F9E8F-6C97-3A0D-8E8B-F2975CBA8938}"
	ProjectSection(ProjectDependencies) = postProject
		{98BF9697-3CCF-3321-89F3-E91183B65A43} = {98BF9697-3CCF-3321-89F3-E91183B65A43}
	EndProjectSection
EndProject
Project("{8BC9CEB8-8B4A-11D0-8D11-00A0C91BC942}") = "raytracingtextures", "examples\raytracingtextures.vcxproj", "{B896F9F4-54C4-3A2D-8F2E-23955EE6748E}"
	ProjectSection(ProjectDependencies) = postProject
		{98BF9697-3CCF-3321-89F3-E91183B65A43} = {98BF9697-3CCF-3321-89F3-E91183B65A43}
	EndProjectSection
EndProject
Project("{8BC9CEB8-8B4A-11D0-8D11-00A0C91BC942}") = "renderheadless", "examples\renderheadless.vcxproj", "{1BA8F855-35AC-3DDC-9769-6CAB1F833D1D}"
	ProjectSection(ProjectDependencies) = postProject
		{98BF9697-3CCF-3321-89F3-E91183B65A43} = {98BF9697-3CCF-3321-89F3-E91183B65A43}
	EndProjectSection
EndProject
Project("{8BC9CEB8-8B4A-11D0-8D11-00A0C91BC942}") = "screenshot", "examples\screenshot.vcxproj", "{62F2DF81-A213-351F-8B11-4C0BFEB8D39A}"
	ProjectSection(ProjectDependencies) = postProject
		{98BF9697-3CCF-3321-89F3-E91183B65A43} = {98BF9697-3CCF-3321-89F3-E91183B65A43}
	EndProjectSection
EndProject
Project("{8BC9CEB8-8B4A-11D0-8D11-00A0C91BC942}") = "shadowmapping", "examples\shadowmapping.vcxproj", "{1229A2EC-99A8-317B-B5D7-FC4B2B18F8A7}"
	ProjectSection(ProjectDependencies) = postProject
		{98BF9697-3CCF-3321-89F3-E91183B65A43} = {98BF9697-3CCF-3321-89F3-E91183B65A43}
	EndProjectSection
EndProject
Project("{8BC9CEB8-8B4A-11D0-8D11-00A0C91BC942}") = "shadowmappingcascade", "examples\shadowmappingcascade.vcxproj", "{7B45D833-E219-3C92-880E-13B516512721}"
	ProjectSection(ProjectDependencies) = postProject
		{98BF9697-3CCF-3321-89F3-E91183B65A43} = {98BF9697-3CCF-3321-89F3-E91183B65A43}
	EndProjectSection
EndProject
Project("{8BC9CEB8-8B4A-11D0-8D11-00A0C91BC942}") = "shadowmappingomni", "examples\shadowmappingomni.vcxproj", "{72E9BA54-520E-33DE-8D35-E082595D0750}"
	ProjectSection(ProjectDependencies) = postProject
		{98BF9697-3CCF-3321-89F3-E91183B65A43} = {98BF9697-3CCF-3321-89F3-E91183B65A43}
	EndProjectSection
EndProject
Project("{8BC9CEB8-8B4A-11D0-8D11-00A0C91BC942}") = "specializationconstants", "examples\specializationconstants.vcxproj", "{1DD5E7A0-F82D-3187-8831-1F3896666C72}"
	ProjectSection(ProjectDependencies) = postProject
		{98BF9697-3CCF-3321-89F3-E91183B65A43} = {98BF9697-3CCF-3321-89F3-E91183B65A43}
	EndProjectSection
EndProject
Project("{8BC9CEB8-8B4A-11D0-8D11-00A0C91BC942}") = "sphericalenvmapping", "examples\sphericalenvmapping.vcxproj", "{7660B689-04A5-3AA9-B774-EEAA249BB768}"
	ProjectSection(ProjectDependencies) = postProject
		{98BF9697-3CCF-3321-89F3-E91183B65A43} = {98BF9697-3CCF-3321-89F3-E91183B65A43}
	EndProjectSection
EndProject
Project("{8BC9CEB8-8B4A-11D0-8D11-00A0C91BC942}") = "ssao", "examples\ssao.vcxproj", "{E62853B3-8D56-3308-A525-31F10FB140DD}"
	ProjectSection(ProjectDependencies) = postProject
		{98BF9697-3CCF-3321-89F3-E91183B65A43} = {98BF9697-3CCF-3321-89F3-E91183B65A43}
	EndProjectSection
EndProject
Project("{8BC9CEB8-8B4A-11D0-8D11-00A0C91BC942}") = "stencilbuffer", "examples\stencilbuffer.vcxproj", "{53F8394B-B847-30D8-927A-44AC9A1DF318}"
	ProjectSection(ProjectDependencies) = postProject
		{98BF9697-3CCF-3321-89F3-E91183B65A43} = {98BF9697-3CCF-3321-89F3-E91183B65A43}
	EndProjectSection
EndProject
Project("{8BC9CEB8-8B4A-11D0-8D11-00A0C91BC942}") = "subpasses", "examples\subpasses.vcxproj", "{E1C6DE38-EBE8-383A-BCDD-34AA10D6D144}"
	ProjectSection(ProjectDependencies) = postProject
		{98BF9697-3CCF-3321-89F3-E91183B65A43} = {98BF9697-3CCF-3321-89F3-E91183B65A43}
	EndProjectSection
EndProject
Project("{8BC9CEB8-8B4A-11D0-8D11-00A0C91BC942}") = "terraintessellation", "examples\terraintessellation.vcxproj", "{B29563B5-C978-367C-BB4B-B68A781FD7F4}"
	ProjectSection(ProjectDependencies) = postProject
		{98BF9697-3CCF-3321-89F3-E91183B65A43} = {98BF9697-3CCF-3321-89F3-E91183B65A43}
	EndProjectSection
EndProject
Project("{8BC9CEB8-8B4A-11D0-8D11-00A0C91BC942}") = "tessellation", "examples\tessellation.vcxproj", "{254EBA41-CFB3-300A-A082-0092B580B1E2}"
	ProjectSection(ProjectDependencies) = postProject
		{98BF9697-3CCF-3321-89F3-E91183B65A43} = {98BF9697-3CCF-3321-89F3-E91183B65A43}
	EndProjectSection
EndProject
Project("{8BC9CEB8-8B4A-11D0-8D11-00A0C91BC942}") = "textoverlay", "examples\textoverlay.vcxproj", "{5400619F-0A2C-364F-ABE3-58084A56B88E}"
	ProjectSection(ProjectDependencies) = postProject
		{98BF9697-3CCF-3321-89F3-E91183B65A43} = {98BF9697-3CCF-3321-89F3-E91183B65A43}
	EndProjectSection
EndProject
Project("{8BC9CEB8-8B4A-11D0-8D11-00A0C91BC942}") = "texture", "examples\texture.vcxproj", "{A33EC670-150F-30B8-92BB-D8AB29174705}"
	ProjectSection(ProjectDependencies) = postProject
		{98BF9697-3CCF-3321-89F3-E91183B65A43} = {98BF9697-3CCF-3321-89F3-E91183B65A43}
	EndProjectSection
EndProject
Project("{8BC9CEB8-8B4A-11D0-8D11-00A0C91BC942}") = "texture3d", "examples\texture3d.vcxproj", "{B9B15F02-B536-32FF-A25A-9455F7D553C1}"
	ProjectSection(ProjectDependencies) = postProject
		{98BF9697-3CCF-3321-89F3-E91183B65A43} = {98BF9697-3CCF-3321-89F3-E91183B65A43}
	EndProjectSection
EndProject
Project("{8BC9CEB8-8B4A-11D0-8D11-00A0C91BC942}") = "texturearray", "examples\texturearray.vcxproj", "{DBD4C29C-3BC3-3A7D-A59F-8EAC9B2C6776}"
	ProjectSection(ProjectDependencies) = postProject
		{98BF9697-3CCF-3321-89F3-E91183B65A43} = {98BF9697-3CCF-3321-89F3-E91183B65A43}
	EndProjectSection
EndProject
Project("{8BC9CEB8-8B4A-11D0-8D11-00A0C91BC942}") = "texturecubemap", "examples\texturecubemap.vcxproj", "{E44DAA4E-4755-370D-8AEA-29E9FEEA6EC6}"
	ProjectSection(ProjectDependencies) = postProject
		{98BF9697-3CCF-3321-89F3-E91183B65A43} = {98BF9697-3CCF-3321-89F3-E91183B65A43}
	EndProjectSection
EndProject
Project("{8BC9CEB8-8B4A-11D0-8D11-00A0C91BC942}") = "texturecubemaparray", "examples\texturecubemaparray.vcxproj", "{14084177-02E1-3F24-864E-A8900E476AF5}"
	ProjectSection(ProjectDependencies) = postProject
		{98BF9697-3CCF-3321-89F3-E91183B65A43} = {98BF9697-3CCF-3321-89F3-E91183B65A43}
	EndProjectSection
EndProject
Project("{8BC9CEB8-8B4A-11D0-8D11-00A0C91BC942}") = "texturemipmapgen", "examples\texturemipmapgen.vcxproj", "{AAB49744-6370-3B3A-B17C-386957B64F48}"
	ProjectSection(ProjectDependencies) = postProject
		{98BF9697-3CCF-3321-89F3-E91183B65A43} = {98BF9697-3CCF-3321-89F3-E91183B65A43}
	EndProjectSection
EndProject
Project("{8BC9CEB8-8B4A-11D0-8D11-00A0C91BC942}") = "texturesparseresidency", "examples\texturesparseresidency.vcxproj", "{2FA4F3E0-499B-3B57-A8D5-27FADEF3F6E7}"
	ProjectSection(ProjectDependencies) = postProject
		{98BF9697-3CCF-3321-89F3-E91183B65A43} = {98BF9697-3CCF-3321-89F3-E91183B65A43}
	EndProjectSection
EndProject
Project("{8BC9CEB8-8B4A-11D0-8D11-00A0C91BC942}") = "triangle", "examples\triangle.vcxproj", "{2B722462-29A5-303A-9E00-53B9CC1C7BEA}"
	ProjectSection(ProjectDependencies) = postProject
		{98BF9697-3CCF-3321-89F3-E91183B65A43} = {98BF9697-3CCF-3321-89F3-E91183B65A43}
	EndProjectSection
EndProject
Project("{8BC9CEB8-8B4A-11D0-8D11-00A0C91BC942}") = "variablerateshading", "examples\variablerateshading.vcxproj", "{0BAB3B69-2FF5-3FF0-B717-CE75E502CA01}"
	ProjectSection(ProjectDependencies) = postProject
		{98BF9697-3CCF-3321-89F3-E91183B65A43} = {98BF9697-3CCF-3321-89F3-E91183B65A43}
	EndProjectSection
EndProject
Project("{8BC9CEB8-8B4A-11D0-8D11-00A0C91BC942}") = "vertexattributes", "examples\vertexattributes.vcxproj", "{B33AF0EF-D8A5-3373-8370-4440285B240A}"
	ProjectSection(ProjectDependencies) = postProject
		{98BF9697-3CCF-3321-89F3-E91183B65A43} = {98BF9697-3CCF-3321-89F3-E91183B65A43}
	EndProjectSection
EndProject
Project("{8BC9CEB8-8B4A-11D0-8D11-00A0C91BC942}") = "viewportarray", "examples\viewportarray.vcxproj", "{E70ECFEB-D674-326F-893F-A9D505666700}"
	ProjectSection(ProjectDependencies) = postProject
		{98BF9697-3CCF-3321-89F3-E91183B65A43} = {98BF9697-3CCF-3321-89F3-E91183B65A43}
	EndProjectSection
EndProject
Project("{8BC9CEB8-8B4A-11D0-8D11-00A0C91BC942}") = "vulkanscene", "examples\vulkanscene.vcxproj", "{759A7811-5DE5-337A-AAD8-A482A6428F13}"
	ProjectSection(ProjectDependencies) = postProject
		{98BF9697-3CCF-3321-89F3-E91183B65A43} = {98BF9697-3CCF-3321-89F3-E91183B65A43}
	EndProjectSection
EndProject
Global
	GlobalSection(SolutionConfigurationPlatforms) = preSolution
		Debug|x64 = Debug|x64
		Release|x64 = Release|x64
		MinSizeRel|x64 = MinSizeRel|x64
		RelWithDebInfo|x64 = RelWithDebInfo|x64
	EndGlobalSection
	GlobalSection(ProjectConfigurationPlatforms) = postSolution
		{8D7C981C-B3DD-3789-8FE3-53C7DA29CDF1}.Debug|x64.ActiveCfg = Debug|x64
		{8D7C981C-B3DD-3789-8FE3-53C7DA29CDF1}.Release|x64.ActiveCfg = Release|x64
		{8D7C981C-B3DD-3789-8FE3-53C7DA29CDF1}.MinSizeRel|x64.ActiveCfg = MinSizeRel|x64
		{8D7C981C-B3DD-3789-8FE3-53C7DA29CDF1}.RelWithDebInfo|x64.ActiveCfg = RelWithDebInfo|x64
		{98BF9697-3CCF-3321-89F3-E91183B65A43}.Debug|x64.ActiveCfg = Debug|x64
		{98BF9697-3CCF-3321-89F3-E91183B65A43}.Debug|x64.Build.0 = Debug|x64
		{98BF9697-3CCF-3321-89F3-E91183B65A43}.Release|x64.ActiveCfg = Release|x64
		{98BF9697-3CCF-3321-89F3-E91183B65A43}.Release|x64.Build.0 = Release|x64
		{98BF9697-3CCF-3321-89F3-E91183B65A43}.MinSizeRel|x64.ActiveCfg = MinSizeRel|x64
		{98BF9697-3CCF-3321-89F3-E91183B65A43}.MinSizeRel|x64.Build.0 = MinSizeRel|x64
		{98BF9697-3CCF-3321-89F3-E91183B65A43}.RelWithDebInfo|x64.ActiveCfg = RelWithDebInfo|x64
		{98BF9697-3CCF-3321-89F3-E91183B65A43}.RelWithDebInfo|x64.Build.0 = RelWithDebInfo|x64
		{B9FEE525-7430-3D9B-917B-F37092F12AA0}.Debug|x64.ActiveCfg = Debug|x64
		{B9FEE525-7430-3D9B-917B-F37092F12AA0}.Debug|x64.Build.0 = Debug|x64
		{B9FEE525-7430-3D9B-917B-F37092F12AA0}.Release|x64.ActiveCfg = Release|x64
		{B9FEE525-7430-3D9B-917B-F37092F12AA0}.Release|x64.Build.0 = Release|x64
		{B9FEE525-7430-3D9B-917B-F37092F12AA0}.MinSizeRel|x64.ActiveCfg = MinSizeRel|x64
		{B9FEE525-7430-3D9B-917B-F37092F12AA0}.MinSizeRel|x64.Build.0 = MinSizeRel|x64
		{B9FEE525-7430-3D9B-917B-F37092F12AA0}.RelWithDebInfo|x64.ActiveCfg = RelWithDebInfo|x64
		{B9FEE525-7430-3D9B-917B-F37092F12AA0}.RelWithDebInfo|x64.Build.0 = RelWithDebInfo|x64
		{18D1554A-98CA-34F0-86A2-32DF33BB4B0C}.Debug|x64.ActiveCfg = Debug|x64
		{18D1554A-98CA-34F0-86A2-32DF33BB4B0C}.Debug|x64.Build.0 = Debug|x64
		{18D1554A-98CA-34F0-86A2-32DF33BB4B0C}.Release|x64.ActiveCfg = Release|x64
		{18D1554A-98CA-34F0-86A2-32DF33BB4B0C}.Release|x64.Build.0 = Release|x64
		{18D1554A-98CA-34F0-86A2-32DF33BB4B0C}.MinSizeRel|x64.ActiveCfg = MinSizeRel|x64
		{18D1554A-98CA-34F0-86A2-32DF33BB4B0C}.MinSizeRel|x64.Build.0 = MinSizeRel|x64
		{18D1554A-98CA-34F0-86A2-32DF33BB4B0C}.RelWithDebInfo|x64.ActiveCfg = RelWithDebInfo|x64
		{18D1554A-98CA-34F0-86A2-32DF33BB4B0C}.RelWithDebInfo|x64.Build.0 = RelWithDebInfo|x64
		{A1753F2B-7046-355E-AAB7-0EC4BA967A3F}.Debug|x64.ActiveCfg = Debug|x64
		{A1753F2B-7046-355E-AAB7-0EC4BA967A3F}.Debug|x64.Build.0 = Debug|x64
		{A1753F2B-7046-355E-AAB7-0EC4BA967A3F}.Release|x64.ActiveCfg = Release|x64
		{A1753F2B-7046-355E-AAB7-0EC4BA967A3F}.Release|x64.Build.0 = Release|x64
		{A1753F2B-7046-355E-AAB7-0EC4BA967A3F}.MinSizeRel|x64.ActiveCfg = MinSizeRel|x64
		{A1753F2B-7046-355E-AAB7-0EC4BA967A3F}.MinSizeRel|x64.Build.0 = MinSizeRel|x64
		{A1753F2B-7046-355E-AAB7-0EC4BA967A3F}.RelWithDebInfo|x64.ActiveCfg = RelWithDebInfo|x64
		{A1753F2B-7046-355E-AAB7-0EC4BA967A3F}.RelWithDebInfo|x64.Build.0 = RelWithDebInfo|x64
		{217B234E-EBD6-3747-94CA-FDD3F5FB4CF6}.Debug|x64.ActiveCfg = Debug|x64
		{217B234E-EBD6-3747-94CA-FDD3F5FB4CF6}.Debug|x64.Build.0 = Debug|x64
		{217B234E-EBD6-3747-94CA-FDD3F5FB4CF6}.Release|x64.ActiveCfg = Release|x64
		{217B234E-EBD6-3747-94CA-FDD3F5FB4CF6}.Release|x64.Build.0 = Release|x64
		{217B234E-EBD6-3747-94CA-FDD3F5FB4CF6}.MinSizeRel|x64.ActiveCfg = MinSizeRel|x64
		{217B234E-EBD6-3747-94CA-FDD3F5FB4CF6}.MinSizeRel|x64.Build.0 = MinSizeRel|x64
		{217B234E-EBD6-3747-94CA-FDD3F5FB4CF6}.RelWithDebInfo|x64.ActiveCfg = RelWithDebInfo|x64
		{217B234E-EBD6-3747-94CA-FDD3F5FB4CF6}.RelWithDebInfo|x64.Build.0 = RelWithDebInfo|x64
		{2875D422-5D25-3B7B-B6D3-6961C5D67662}.Debug|x64.ActiveCfg = Debug|x64
		{2875D422-5D25-3B7B-B6D3-6961C5D67662}.Debug|x64.Build.0 = Debug|x64
		{2875D422-5D25-3B7B-B6D3-6961C5D67662}.Release|x64.ActiveCfg = Release|x64
		{2875D422-5D25-3B7B-B6D3-6961C5D67662}.Release|x64.Build.0 = Release|x64
		{2875D422-5D25-3B7B-B6D3-6961C5D67662}.MinSizeRel|x64.ActiveCfg = MinSizeRel|x64
		{2875D422-5D25-3B7B-B6D3-6961C5D67662}.MinSizeRel|x64.Build.0 = MinSizeRel|x64
		{2875D422-5D25-3B7B-B6D3-6961C5D67662}.RelWithDebInfo|x64.ActiveCfg = RelWithDebInfo|x64
		{2875D422-5D25-3B7B-B6D3-6961C5D67662}.RelWithDebInfo|x64.Build.0 = RelWithDebInfo|x64
		{1FEC7B4C-6DE0-3582-981D-616CE6A18905}.Debug|x64.ActiveCfg = Debug|x64
		{1FEC7B4C-6DE0-3582-981D-616CE6A18905}.Debug|x64.Build.0 = Debug|x64
		{1FEC7B4C-6DE0-3582-981D-616CE6A18905}.Release|x64.ActiveCfg = Release|x64
		{1FEC7B4C-6DE0-3582-981D-616CE6A18905}.Release|x64.Build.0 = Release|x64
		{1FEC7B4C-6DE0-3582-981D-616CE6A18905}.MinSizeRel|x64.ActiveCfg = MinSizeRel|x64
		{1FEC7B4C-6DE0-3582-981D-616CE6A18905}.MinSizeRel|x64.Build.0 = MinSizeRel|x64
		{1FEC7B4C-6DE0-3582-981D-616CE6A18905}.RelWithDebInfo|x64.ActiveCfg = RelWithDebInfo|x64
		{1FEC7B4C-6DE0-3582-981D-616CE6A18905}.RelWithDebInfo|x64.Build.0 = RelWithDebInfo|x64
		{FAB472AA-31C0-3D7B-A948-A4D5396AA98D}.Debug|x64.ActiveCfg = Debug|x64
		{FAB472AA-31C0-3D7B-A948-A4D5396AA98D}.Debug|x64.Build.0 = Debug|x64
		{FAB472AA-31C0-3D7B-A948-A4D5396AA98D}.Release|x64.ActiveCfg = Release|x64
		{FAB472AA-31C0-3D7B-A948-A4D5396AA98D}.Release|x64.Build.0 = Release|x64
		{FAB472AA-31C0-3D7B-A948-A4D5396AA98D}.MinSizeRel|x64.ActiveCfg = MinSizeRel|x64
		{FAB472AA-31C0-3D7B-A948-A4D5396AA98D}.MinSizeRel|x64.Build.0 = MinSizeRel|x64
		{FAB472AA-31C0-3D7B-A948-A4D5396AA98D}.RelWithDebInfo|x64.ActiveCfg = RelWithDebInfo|x64
		{FAB472AA-31C0-3D7B-A948-A4D5396AA98D}.RelWithDebInfo|x64.Build.0 = RelWithDebInfo|x64
		{92004E05-EAFC-3946-B1D3-544C3C682B4B}.Debug|x64.ActiveCfg = Debug|x64
		{92004E05-EAFC-3946-B1D3-544C3C682B4B}.Debug|x64.Build.0 = Debug|x64
		{92004E05-EAFC-3946-B1D3-544C3C682B4B}.Release|x64.ActiveCfg = Release|x64
		{92004E05-EAFC-3946-B1D3-544C3C682B4B}.Release|x64.Build.0 = Release|x64
		{92004E05-EAFC-3946-B1D3-544C3C682B4B}.MinSizeRel|x64.ActiveCfg = MinSizeRel|x64
		{92004E05-EAFC-3946-B1D3-544C3C682B4B}.MinSizeRel|x64.Build.0 = MinSizeRel|x64
		{92004E05-EAFC-3946-B1D3-544C3C682B4B}.RelWithDebInfo|x64.ActiveCfg = RelWithDebInfo|x64
		{92004E05-EAFC-3946-B1D3-544C3C682B4B}.RelWithDebInfo|x64.Build.0 = RelWithDebInfo|x64
		{3BEEA45B-9D7F-3398-A16A-6DD6F2151660}.Debug|x64.ActiveCfg = Debug|x64
		{3BEEA45B-9D7F-3398-A16A-6DD6F2151660}.Debug|x64.Build.0 = Debug|x64
		{3BEEA45B-9D7F-3398-A16A-6DD6F2151660}.Release|x64.ActiveCfg = Release|x64
		{3BEEA45B-9D7F-3398-A16A-6DD6F2151660}.Release|x64.Build.0 = Release|x64
		{3BEEA45B-9D7F-3398-A16A-6DD6F2151660}.MinSizeRel|x64.ActiveCfg = MinSizeRel|x64
		{3BEEA45B-9D7F-3398-A16A-6DD6F2151660}.MinSizeRel|x64.Build.0 = MinSizeRel|x64
		{3BEEA45B-9D7F-3398-A16A-6DD6F2151660}.RelWithDebInfo|x64.ActiveCfg = RelWithDebInfo|x64
		{3BEEA45B-9D7F-3398-A16A-6DD6F2151660}.RelWithDebInfo|x64.Build.0 = RelWithDebInfo|x64
		{E5C29835-2A38-32F2-A907-548A7CB06C7B}.Debug|x64.ActiveCfg = Debug|x64
		{E5C29835-2A38-32F2-A907-548A7CB06C7B}.Debug|x64.Build.0 = Debug|x64
		{E5C29835-2A38-32F2-A907-548A7CB06C7B}.Release|x64.ActiveCfg = Release|x64
		{E5C29835-2A38-32F2-A907-548A7CB06C7B}.Release|x64.Build.0 = Release|x64
		{E5C29835-2A38-32F2-A907-548A7CB06C7B}.MinSizeRel|x64.ActiveCfg = MinSizeRel|x64
		{E5C29835-2A38-32F2-A907-548A7CB06C7B}.MinSizeRel|x64.Build.0 = MinSizeRel|x64
		{E5C29835-2A38-32F2-A907-548A7CB06C7B}.RelWithDebInfo|x64.ActiveCfg = RelWithDebInfo|x64
		{E5C29835-2A38-32F2-A907-548A7CB06C7B}.RelWithDebInfo|x64.Build.0 = RelWithDebInfo|x64
		{CEEF88FD-6468-31F7-A1F9-1DBA7DB18DFA}.Debug|x64.ActiveCfg = Debug|x64
		{CEEF88FD-6468-31F7-A1F9-1DBA7DB18DFA}.Debug|x64.Build.0 = Debug|x64
		{CEEF88FD-6468-31F7-A1F9-1DBA7DB18DFA}.Release|x64.ActiveCfg = Release|x64
		{CEEF88FD-6468-31F7-A1F9-1DBA7DB18DFA}.Release|x64.Build.0 = Release|x64
		{CEEF88FD-6468-31F7-A1F9-1DBA7DB18DFA}.MinSizeRel|x64.ActiveCfg = MinSizeRel|x64
		{CEEF88FD-6468-31F7-A1F9-1DBA7DB18DFA}.MinSizeRel|x64.Build.0 = MinSizeRel|x64
		{CEEF88FD-6468-31F7-A1F9-1DBA7DB18DFA}.RelWithDebInfo|x64.ActiveCfg = RelWithDebInfo|x64
		{CEEF88FD-6468-31F7-A1F9-1DBA7DB18DFA}.RelWithDebInfo|x64.Build.0 = RelWithDebInfo|x64
		{5AEF3886-9D19-394E-9D32-7859CBD6EA51}.Debug|x64.ActiveCfg = Debug|x64
		{5AEF3886-9D19-394E-9D32-7859CBD6EA51}.Debug|x64.Build.0 = Debug|x64
		{5AEF3886-9D19-394E-9D32-7859CBD6EA51}.Release|x64.ActiveCfg = Release|x64
		{5AEF3886-9D19-394E-9D32-7859CBD6EA51}.Release|x64.Build.0 = Release|x64
		{5AEF3886-9D19-394E-9D32-7859CBD6EA51}.MinSizeRel|x64.ActiveCfg = MinSizeRel|x64
		{5AEF3886-9D19-394E-9D32-7859CBD6EA51}.MinSizeRel|x64.Build.0 = MinSizeRel|x64
		{5AEF3886-9D19-394E-9D32-7859CBD6EA51}.RelWithDebInfo|x64.ActiveCfg = RelWithDebInfo|x64
		{5AEF3886-9D19-394E-9D32-7859CBD6EA51}.RelWithDebInfo|x64.Build.0 = RelWithDebInfo|x64
		{5579DC20-6EEF-3939-8FF2-6C0F23DAC9A8}.Debug|x64.ActiveCfg = Debug|x64
		{5579DC20-6EEF-3939-8FF2-6C0F23DAC9A8}.Debug|x64.Build.0 = Debug|x64
		{5579DC20-6EEF-3939-8FF2-6C0F23DAC9A8}.Release|x64.ActiveCfg = Release|x64
		{5579DC20-6EEF-3939-8FF2-6C0F23DAC9A8}.Release|x64.Build.0 = Release|x64
		{5579DC20-6EEF-3939-8FF2-6C0F23DAC9A8}.MinSizeRel|x64.ActiveCfg = MinSizeRel|x64
		{5579DC20-6EEF-3939-8FF2-6C0F23DAC9A8}.MinSizeRel|x64.Build.0 = MinSizeRel|x64
		{5579DC20-6EEF-3939-8FF2-6C0F23DAC9A8}.RelWithDebInfo|x64.ActiveCfg = RelWithDebInfo|x64
		{5579DC20-6EEF-3939-8FF2-6C0F23DAC9A8}.RelWithDebInfo|x64.Build.0 = RelWithDebInfo|x64
		{AC6C9232-3A3D-326C-A305-D9092B664537}.Debug|x64.ActiveCfg = Debug|x64
		{AC6C9232-3A3D-326C-A305-D9092B664537}.Debug|x64.Build.0 = Debug|x64
		{AC6C9232-3A3D-326C-A305-D9092B664537}.Release|x64.ActiveCfg = Release|x64
		{AC6C9232-3A3D-326C-A305-D9092B664537}.Release|x64.Build.0 = Release|x64
		{AC6C9232-3A3D-326C-A305-D9092B664537}.MinSizeRel|x64.ActiveCfg = MinSizeRel|x64
		{AC6C9232-3A3D-326C-A305-D9092B664537}.MinSizeRel|x64.Build.0 = MinSizeRel|x64
		{AC6C9232-3A3D-326C-A305-D9092B664537}.RelWithDebInfo|x64.ActiveCfg = RelWithDebInfo|x64
		{AC6C9232-3A3D-326C-A305-D9092B664537}.RelWithDebInfo|x64.Build.0 = RelWithDebInfo|x64
		{5B849D08-926C-3BC2-B78E-1C59EB290D84}.Debug|x64.ActiveCfg = Debug|x64
		{5B849D08-926C-3BC2-B78E-1C59EB290D84}.Debug|x64.Build.0 = Debug|x64
		{5B849D08-926C-3BC2-B78E-1C59EB290D84}.Release|x64.ActiveCfg = Release|x64
		{5B849D08-926C-3BC2-B78E-1C59EB290D84}.Release|x64.Build.0 = Release|x64
		{5B849D08-926C-3BC2-B78E-1C59EB290D84}.MinSizeRel|x64.ActiveCfg = MinSizeRel|x64
		{5B849D08-926C-3BC2-B78E-1C59EB290D84}.MinSizeRel|x64.Build.0 = MinSizeRel|x64
		{5B849D08-926C-3BC2-B78E-1C59EB290D84}.RelWithDebInfo|x64.ActiveCfg = RelWithDebInfo|x64
		{5B849D08-926C-3BC2-B78E-1C59EB290D84}.RelWithDebInfo|x64.Build.0 = RelWithDebInfo|x64
		{815234B3-DCA8-34E8-A013-2E5A1150A4C8}.Debug|x64.ActiveCfg = Debug|x64
		{815234B3-DCA8-34E8-A013-2E5A1150A4C8}.Debug|x64.Build.0 = Debug|x64
		{815234B3-DCA8-34E8-A013-2E5A1150A4C8}.Release|x64.ActiveCfg = Release|x64
		{815234B3-DCA8-34E8-A013-2E5A1150A4C8}.Release|x64.Build.0 = Release|x64
		{815234B3-DCA8-34E8-A013-2E5A1150A4C8}.MinSizeRel|x64.ActiveCfg = MinSizeRel|x64
		{815234B3-DCA8-34E8-A013-2E5A1150A4C8}.MinSizeRel|x64.Build.0 = MinSizeRel|x64
		{815234B3-DCA8-34E8-A013-2E5A1150A4C8}.RelWithDebInfo|x64.ActiveCfg = RelWithDebInfo|x64
		{815234B3-DCA8-34E8-A013-2E5A1150A4C8}.RelWithDebInfo|x64.Build.0 = RelWithDebInfo|x64
		{2A1AFF3D-1781-3608-9F2F-98A76F16B62A}.Debug|x64.ActiveCfg = Debug|x64
		{2A1AFF3D-1781-3608-9F2F-98A76F16B62A}.Debug|x64.Build.0 = Debug|x64
		{2A1AFF3D-1781-3608-9F2F-98A76F16B62A}.Release|x64.ActiveCfg = Release|x64
		{2A1AFF3D-1781-3608-9F2F-98A76F16B62A}.Release|x64.Build.0 = Release|x64
		{2A1AFF3D-1781-3608-9F2F-98A76F16B62A}.MinSizeRel|x64.ActiveCfg = MinSizeRel|x64
		{2A1AFF3D-1781-3608-9F2F-98A76F16B62A}.MinSizeRel|x64.Build.0 = MinSizeRel|x64
		{2A1AFF3D-1781-3608-9F2F-98A76F16B62A}.RelWithDebInfo|x64.ActiveCfg = RelWithDebInfo|x64
		{2A1AFF3D-1781-3608-9F2F-98A76F16B62A}.RelWithDebInfo|x64.Build.0 = RelWithDebInfo|x64
		{0D9D12A9-04D6-3082-AAE1-7BB5DF45FC87}.Debug|x64.ActiveCfg = Debug|x64
		{0D9D12A9-04D6-3082-AAE1-7BB5DF45FC87}.Debug|x64.Build.0 = Debug|x64
		{0D9D12A9-04D6-3082-AAE1-7BB5DF45FC87}.Release|x64.ActiveCfg = Release|x64
		{0D9D12A9-04D6-3082-AAE1-7BB5DF45FC87}.Release|x64.Build.0 = Release|x64
		{0D9D12A9-04D6-3082-AAE1-7BB5DF45FC87}.MinSizeRel|x64.ActiveCfg = MinSizeRel|x64
		{0D9D12A9-04D6-3082-AAE1-7BB5DF45FC87}.MinSizeRel|x64.Build.0 = MinSizeRel|x64
		{0D9D12A9-04D6-3082-AAE1-7BB5DF45FC87}.RelWithDebInfo|x64.ActiveCfg = RelWithDebInfo|x64
		{0D9D12A9-04D6-3082-AAE1-7BB5DF45FC87}.RelWithDebInfo|x64.Build.0 = RelWithDebInfo|x64
		{94B4FDB1-B949-30ED-881F-EBFBD959F0DE}.Debug|x64.ActiveCfg = Debug|x64
		{94B4FDB1-B949-30ED-881F-EBFBD959F0DE}.Debug|x64.Build.0 = Debug|x64
		{94B4FDB1-B949-30ED-881F-EBFBD959F0DE}.Release|x64.ActiveCfg = Release|x64
		{94B4FDB1-B949-30ED-881F-EBFBD959F0DE}.Release|x64.Build.0 = Release|x64
		{94B4FDB1-B949-30ED-881F-EBFBD959F0DE}.MinSizeRel|x64.ActiveCfg = MinSizeRel|x64
		{94B4FDB1-B949-30ED-881F-EBFBD959F0DE}.MinSizeRel|x64.Build.0 = MinSizeRel|x64
		{94B4FDB1-B949-30ED-881F-EBFBD959F0DE}.RelWithDebInfo|x64.ActiveCfg = RelWithDebInfo|x64
		{94B4FDB1-B949-30ED-881F-EBFBD959F0DE}.RelWithDebInfo|x64.Build.0 = RelWithDebInfo|x64
		{57CC5A47-2E9A-34B9-9880-314A9AFE673A}.Debug|x64.ActiveCfg = Debug|x64
		{57CC5A47-2E9A-34B9-9880-314A9AFE673A}.Debug|x64.Build.0 = Debug|x64
		{57CC5A47-2E9A-34B9-9880-314A9AFE673A}.Release|x64.ActiveCfg = Release|x64
		{57CC5A47-2E9A-34B9-9880-314A9AFE673A}.Release|x64.Build.0 = Release|x64
		{57CC5A47-2E9A-34B9-9880-314A9AFE673A}.MinSizeRel|x64.ActiveCfg = MinSizeRel|x64
		{57CC5A47-2E9A-34B9-9880-314A9AFE673A}.MinSizeRel|x64.Build.0 = MinSizeRel|x64
		{57CC5A47-2E9A-34B9-9880-314A9AFE673A}.RelWithDebInfo|x64.ActiveCfg = RelWithDebInfo|x64
		{57CC5A47-2E9A-34B9-9880-314A9AFE673A}.RelWithDebInfo|x64.Build.0 = RelWithDebInfo|x64
		{3727711A-C707-3E3C-B145-E07427904C4B}.Debug|x64.ActiveCfg = Debug|x64
		{3727711A-C707-3E3C-B145-E07427904C4B}.Debug|x64.Build.0 = Debug|x64
		{3727711A-C707-3E3C-B145-E07427904C4B}.Release|x64.ActiveCfg = Release|x64
		{3727711A-C707-3E3C-B145-E07427904C4B}.Release|x64.Build.0 = Release|x64
		{3727711A-C707-3E3C-B145-E07427904C4B}.MinSizeRel|x64.ActiveCfg = MinSizeRel|x64
		{3727711A-C707-3E3C-B145-E07427904C4B}.MinSizeRel|x64.Build.0 = MinSizeRel|x64
		{3727711A-C707-3E3C-B145-E07427904C4B}.RelWithDebInfo|x64.ActiveCfg = RelWithDebInfo|x64
		{3727711A-C707-3E3C-B145-E07427904C4B}.RelWithDebInfo|x64.Build.0 = RelWithDebInfo|x64
		{FF1FE365-9915-3BB9-8391-E9A274412A6E}.Debug|x64.ActiveCfg = Debug|x64
		{FF1FE365-9915-3BB9-8391-E9A274412A6E}.Debug|x64.Build.0 = Debug|x64
		{FF1FE365-9915-3BB9-8391-E9A274412A6E}.Release|x64.ActiveCfg = Release|x64
		{FF1FE365-9915-3BB9-8391-E9A274412A6E}.Release|x64.Build.0 = Release|x64
		{FF1FE365-9915-3BB9-8391-E9A274412A6E}.MinSizeRel|x64.ActiveCfg = MinSizeRel|x64
		{FF1FE365-9915-3BB9-8391-E9A274412A6E}.MinSizeRel|x64.Build.0 = MinSizeRel|x64
		{FF1FE365-9915-3BB9-8391-E9A274412A6E}.RelWithDebInfo|x64.ActiveCfg = RelWithDebInfo|x64
		{FF1FE365-9915-3BB9-8391-E9A274412A6E}.RelWithDebInfo|x64.Build.0 = RelWithDebInfo|x64
		{5DFF4810-F6E4-356C-B91A-6F5491CC93C2}.Debug|x64.ActiveCfg = Debug|x64
		{5DFF4810-F6E4-356C-B91A-6F5491CC93C2}.Debug|x64.Build.0 = Debug|x64
		{5DFF4810-F6E4-356C-B91A-6F5491CC93C2}.Release|x64.ActiveCfg = Release|x64
		{5DFF4810-F6E4-356C-B91A-6F5491CC93C2}.Release|x64.Build.0 = Release|x64
		{5DFF4810-F6E4-356C-B91A-6F5491CC93C2}.MinSizeRel|x64.ActiveCfg = MinSizeRel|x64
		{5DFF4810-F6E4-356C-B91A-6F5491CC93C2}.MinSizeRel|x64.Build.0 = MinSizeRel|x64
		{5DFF4810-F6E4-356C-B91A-6F5491CC93C2}.RelWithDebInfo|x64.ActiveCfg = RelWithDebInfo|x64
		{5DFF4810-F6E4-356C-B91A-6F5491CC93C2}.RelWithDebInfo|x64.Build.0 = RelWithDebInfo|x64
		{D502F9CF-C54C-301D-814F-2F9813FF008F}.Debug|x64.ActiveCfg = Debug|x64
		{D502F9CF-C54C-301D-814F-2F9813FF008F}.Debug|x64.Build.0 = Debug|x64
		{D502F9CF-C54C-301D-814F-2F9813FF008F}.Release|x64.ActiveCfg = Release|x64
		{D502F9CF-C54C-301D-814F-2F9813FF008F}.Release|x64.Build.0 = Release|x64
		{D502F9CF-C54C-301D-814F-2F9813FF008F}.MinSizeRel|x64.ActiveCfg = MinSizeRel|x64
		{D502F9CF-C54C-301D-814F-2F9813FF008F}.MinSizeRel|x64.Build.0 = MinSizeRel|x64
		{D502F9CF-C54C-301D-814F-2F9813FF008F}.RelWithDebInfo|x64.ActiveCfg = RelWithDebInfo|x64
		{D502F9CF-C54C-301D-814F-2F9813FF008F}.RelWithDebInfo|x64.Build.0 = RelWithDebInfo|x64
		{810D7961-3759-3561-8885-6F4D09E94E9B}.Debug|x64.ActiveCfg = Debug|x64
		{810D7961-3759-3561-8885-6F4D09E94E9B}.Debug|x64.Build.0 = Debug|x64
		{810D7961-3759-3561-8885-6F4D09E94E9B}.Release|x64.ActiveCfg = Release|x64
		{810D7961-3759-3561-8885-6F4D09E94E9B}.Release|x64.Build.0 = Release|x64
		{810D7961-3759-3561-8885-6F4D09E94E9B}.MinSizeRel|x64.ActiveCfg = MinSizeRel|x64
		{810D7961-3759-3561-8885-6F4D09E94E9B}.MinSizeRel|x64.Build.0 = MinSizeRel|x64
		{810D7961-3759-3561-8885-6F4D09E94E9B}.RelWithDebInfo|x64.ActiveCfg = RelWithDebInfo|x64
		{810D7961-3759-3561-8885-6F4D09E94E9B}.RelWithDebInfo|x64.Build.0 = RelWithDebInfo|x64
		{784CE5A9-7CE8-3B5B-A55A-621D9AD954B2}.Debug|x64.ActiveCfg = Debug|x64
		{784CE5A9-7CE8-3B5B-A55A-621D9AD954B2}.Debug|x64.Build.0 = Debug|x64
		{784CE5A9-7CE8-3B5B-A55A-621D9AD954B2}.Release|x64.ActiveCfg = Release|x64
		{784CE5A9-7CE8-3B5B-A55A-621D9AD954B2}.Release|x64.Build.0 = Release|x64
		{784CE5A9-7CE8-3B5B-A55A-621D9AD954B2}.MinSizeRel|x64.ActiveCfg = MinSizeRel|x64
		{784CE5A9-7CE8-3B5B-A55A-621D9AD954B2}.MinSizeRel|x64.Build.0 = MinSizeRel|x64
		{784CE5A9-7CE8-3B5B-A55A-621D9AD954B2}.RelWithDebInfo|x64.ActiveCfg = RelWithDebInfo|x64
		{784CE5A9-7CE8-3B5B-A55A-621D9AD954B2}.RelWithDebInfo|x64.Build.0 = RelWithDebInfo|x64
		{08980E35-C01D-3918-9748-B5E7D10FC96C}.Debug|x64.ActiveCfg = Debug|x64
		{08980E35-C01D-3918-9748-B5E7D10FC96C}.Debug|x64.Build.0 = Debug|x64
		{08980E35-C01D-3918-9748-B5E7D10FC96C}.Release|x64.ActiveCfg = Release|x64
		{08980E35-C01D-3918-9748-B5E7D10FC96C}.Release|x64.Build.0 = Release|x64
		{08980E35-C01D-3918-9748-B5E7D10FC96C}.MinSizeRel|x64.ActiveCfg = MinSizeRel|x64
		{08980E35-C01D-3918-9748-B5E7D10FC96C}.MinSizeRel|x64.Build.0 = MinSizeRel|x64
		{08980E35-C01D-3918-9748-B5E7D10FC96C}.RelWithDebInfo|x64.ActiveCfg = RelWithDebInfo|x64
		{08980E35-C01D-3918-9748-B5E7D10FC96C}.RelWithDebInfo|x64.Build.0 = RelWithDebInfo|x64
		{9214AB62-4814-371A-B295-BA652FC469ED}.Debug|x64.ActiveCfg = Debug|x64
		{9214AB62-4814-371A-B295-BA652FC469ED}.Debug|x64.Build.0 = Debug|x64
		{9214AB62-4814-371A-B295-BA652FC469ED}.Release|x64.ActiveCfg = Release|x64
		{9214AB62-4814-371A-B295-BA652FC469ED}.Release|x64.Build.0 = Release|x64
		{9214AB62-4814-371A-B295-BA652FC469ED}.MinSizeRel|x64.ActiveCfg = MinSizeRel|x64
		{9214AB62-4814-371A-B295-BA652FC469ED}.MinSizeRel|x64.Build.0 = MinSizeRel|x64
		{9214AB62-4814-371A-B295-BA652FC469ED}.RelWithDebInfo|x64.ActiveCfg = RelWithDebInfo|x64
		{9214AB62-4814-371A-B295-BA652FC469ED}.RelWithDebInfo|x64.Build.0 = RelWithDebInfo|x64
		{A52C9977-A45A-3467-B62E-E29B6895488F}.Debug|x64.ActiveCfg = Debug|x64
		{A52C9977-A45A-3467-B62E-E29B6895488F}.Debug|x64.Build.0 = Debug|x64
		{A52C9977-A45A-3467-B62E-E29B6895488F}.Release|x64.ActiveCfg = Release|x64
		{A52C9977-A45A-3467-B62E-E29B6895488F}.Release|x64.Build.0 = Release|x64
		{A52C9977-A45A-3467-B62E-E29B6895488F}.MinSizeRel|x64.ActiveCfg = MinSizeRel|x64
		{A52C9977-A45A-3467-B62E-E29B6895488F}.MinSizeRel|x64.Build.0 = MinSizeRel|x64
		{A52C9977-A45A-3467-B62E-E29B6895488F}.RelWithDebInfo|x64.ActiveCfg = RelWithDebInfo|x64
		{A52C9977-A45A-3467-B62E-E29B6895488F}.RelWithDebInfo|x64.Build.0 = RelWithDebInfo|x64
		{E284C484-6926-3A4F-9B2B-C13DDEC66E35}.Debug|x64.ActiveCfg = Debug|x64
		{E284C484-6926-3A4F-9B2B-C13DDEC66E35}.Debug|x64.Build.0 = Debug|x64
		{E284C484-6926-3A4F-9B2B-C13DDEC66E35}.Release|x64.ActiveCfg = Release|x64
		{E284C484-6926-3A4F-9B2B-C13DDEC66E35}.Release|x64.Build.0 = Release|x64
		{E284C484-6926-3A4F-9B2B-C13DDEC66E35}.MinSizeRel|x64.ActiveCfg = MinSizeRel|x64
		{E284C484-6926-3A4F-9B2B-C13DDEC66E35}.MinSizeRel|x64.Build.0 = MinSizeRel|x64
		{E284C484-6926-3A4F-9B2B-C13DDEC66E35}.RelWithDebInfo|x64.ActiveCfg = RelWithDebInfo|x64
		{E284C484-6926-3A4F-9B2B-C13DDEC66E35}.RelWithDebInfo|x64.Build.0 = RelWithDebInfo|x64
		{54CBC809-1D96-3FC7-BA44-401E28A2D253}.Debug|x64.ActiveCfg = Debug|x64
		{54CBC809-1D96-3FC7-BA44-401E28A2D253}.Debug|x64.Build.0 = Debug|x64
		{54CBC809-1D96-3FC7-BA44-401E28A2D253}.Release|x64.ActiveCfg = Release|x64
		{54CBC809-1D96-3FC7-BA44-401E28A2D253}.Release|x64.Build.0 = Release|x64
		{54CBC809-1D96-3FC7-BA44-401E28A2D253}.MinSizeRel|x64.ActiveCfg = MinSizeRel|x64
		{54CBC809-1D96-3FC7-BA44-401E28A2D253}.MinSizeRel|x64.Build.0 = MinSizeRel|x64
		{54CBC809-1D96-3FC7-BA44-401E28A2D253}.RelWithDebInfo|x64.ActiveCfg = RelWithDebInfo|x64
		{54CBC809-1D96-3FC7-BA44-401E28A2D253}.RelWithDebInfo|x64.Build.0 = RelWithDebInfo|x64
		{BF68B2E9-EDF7-30CB-94F4-9A001BD7D091}.Debug|x64.ActiveCfg = Debug|x64
		{BF68B2E9-EDF7-30CB-94F4-9A001BD7D091}.Debug|x64.Build.0 = Debug|x64
		{BF68B2E9-EDF7-30CB-94F4-9A001BD7D091}.Release|x64.ActiveCfg = Release|x64
		{BF68B2E9-EDF7-30CB-94F4-9A001BD7D091}.Release|x64.Build.0 = Release|x64
		{BF68B2E9-EDF7-30CB-94F4-9A001BD7D091}.MinSizeRel|x64.ActiveCfg = MinSizeRel|x64
		{BF68B2E9-EDF7-30CB-94F4-9A001BD7D091}.MinSizeRel|x64.Build.0 = MinSizeRel|x64
		{BF68B2E9-EDF7-30CB-94F4-9A001BD7D091}.RelWithDebInfo|x64.ActiveCfg = RelWithDebInfo|x64
		{BF68B2E9-EDF7-30CB-94F4-9A001BD7D091}.RelWithDebInfo|x64.Build.0 = RelWithDebInfo|x64
		{7D559E8F-C3BD-33ED-BEA5-C3E44A097A74}.Debug|x64.ActiveCfg = Debug|x64
		{7D559E8F-C3BD-33ED-BEA5-C3E44A097A74}.Debug|x64.Build.0 = Debug|x64
		{7D559E8F-C3BD-33ED-BEA5-C3E44A097A74}.Release|x64.ActiveCfg = Release|x64
		{7D559E8F-C3BD-33ED-BEA5-C3E44A097A74}.Release|x64.Build.0 = Release|x64
		{7D559E8F-C3BD-33ED-BEA5-C3E44A097A74}.MinSizeRel|x64.ActiveCfg = MinSizeRel|x64
		{7D559E8F-C3BD-33ED-BEA5-C3E44A097A74}.MinSizeRel|x64.Build.0 = MinSizeRel|x64
		{7D559E8F-C3BD-33ED-BEA5-C3E44A097A74}.RelWithDebInfo|x64.ActiveCfg = RelWithDebInfo|x64
		{7D559E8F-C3BD-33ED-BEA5-C3E44A097A74}.RelWithDebInfo|x64.Build.0 = RelWithDebInfo|x64
		{5EEFAE1B-71F6-33BC-B2A1-0A9A0875BDF7}.Debug|x64.ActiveCfg = Debug|x64
		{5EEFAE1B-71F6-33BC-B2A1-0A9A0875BDF7}.Debug|x64.Build.0 = Debug|x64
		{5EEFAE1B-71F6-33BC-B2A1-0A9A0875BDF7}.Release|x64.ActiveCfg = Release|x64
		{5EEFAE1B-71F6-33BC-B2A1-0A9A0875BDF7}.Release|x64.Build.0 = Release|x64
		{5EEFAE1B-71F6-33BC-B2A1-0A9A0875BDF7}.MinSizeRel|x64.ActiveCfg = MinSizeRel|x64
		{5EEFAE1B-71F6-33BC-B2A1-0A9A0875BDF7}.MinSizeRel|x64.Build.0 = MinSizeRel|x64
		{5EEFAE1B-71F6-33BC-B2A1-0A9A0875BDF7}.RelWithDebInfo|x64.ActiveCfg = RelWithDebInfo|x64
		{5EEFAE1B-71F6-33BC-B2A1-0A9A0875BDF7}.RelWithDebInfo|x64.Build.0 = RelWithDebInfo|x64
		{13E01AE1-2230-3CAF-8A70-67B2B37B32C1}.Debug|x64.ActiveCfg = Debug|x64
		{13E01AE1-2230-3CAF-8A70-67B2B37B32C1}.Debug|x64.Build.0 = Debug|x64
		{13E01AE1-2230-3CAF-8A70-67B2B37B32C1}.Release|x64.ActiveCfg = Release|x64
		{13E01AE1-2230-3CAF-8A70-67B2B37B32C1}.Release|x64.Build.0 = Release|x64
		{13E01AE1-2230-3CAF-8A70-67B2B37B32C1}.MinSizeRel|x64.ActiveCfg = MinSizeRel|x64
		{13E01AE1-2230-3CAF-8A70-67B2B37B32C1}.MinSizeRel|x64.Build.0 = MinSizeRel|x64
		{13E01AE1-2230-3CAF-8A70-67B2B37B32C1}.RelWithDebInfo|x64.ActiveCfg = RelWithDebInfo|x64
		{13E01AE1-2230-3CAF-8A70-67B2B37B32C1}.RelWithDebInfo|x64.Build.0 = RelWithDebInfo|x64
		{44547FF1-F1B8-38ED-98DD-A653C282B7B6}.Debug|x64.ActiveCfg = Debug|x64
		{44547FF1-F1B8-38ED-98DD-A653C282B7B6}.Debug|x64.Build.0 = Debug|x64
		{44547FF1-F1B8-38ED-98DD-A653C282B7B6}.Release|x64.ActiveCfg = Release|x64
		{44547FF1-F1B8-38ED-98DD-A653C282B7B6}.Release|x64.Build.0 = Release|x64
		{44547FF1-F1B8-38ED-98DD-A653C282B7B6}.MinSizeRel|x64.ActiveCfg = MinSizeRel|x64
		{44547FF1-F1B8-38ED-98DD-A653C282B7B6}.MinSizeRel|x64.Build.0 = MinSizeRel|x64
		{44547FF1-F1B8-38ED-98DD-A653C282B7B6}.RelWithDebInfo|x64.ActiveCfg = RelWithDebInfo|x64
		{44547FF1-F1B8-38ED-98DD-A653C282B7B6}.RelWithDebInfo|x64.Build.0 = RelWithDebInfo|x64
		{A66267E0-5F7B-3F48-9A29-2BA35A25027F}.Debug|x64.ActiveCfg = Debug|x64
		{A66267E0-5F7B-3F48-9A29-2BA35A25027F}.Debug|x64.Build.0 = Debug|x64
		{A66267E0-5F7B-3F48-9A29-2BA35A25027F}.Release|x64.ActiveCfg = Release|x64
		{A66267E0-5F7B-3F48-9A29-2BA35A25027F}.Release|x64.Build.0 = Release|x64
		{A66267E0-5F7B-3F48-9A29-2BA35A25027F}.MinSizeRel|x64.ActiveCfg = MinSizeRel|x64
		{A66267E0-5F7B-3F48-9A29-2BA35A25027F}.MinSizeRel|x64.Build.0 = MinSizeRel|x64
		{A66267E0-5F7B-3F48-9A29-2BA35A25027F}.RelWithDebInfo|x64.ActiveCfg = RelWithDebInfo|x64
		{A66267E0-5F7B-3F48-9A29-2BA35A25027F}.RelWithDebInfo|x64.Build.0 = RelWithDebInfo|x64
		{D12CB466-86C2-3130-806D-BEA1C0182889}.Debug|x64.ActiveCfg = Debug|x64
		{D12CB466-86C2-3130-806D-BEA1C0182889}.Debug|x64.Build.0 = Debug|x64
		{D12CB466-86C2-3130-806D-BEA1C0182889}.Release|x64.ActiveCfg = Release|x64
		{D12CB466-86C2-3130-806D-BEA1C0182889}.Release|x64.Build.0 = Release|x64
		{D12CB466-86C2-3130-806D-BEA1C0182889}.MinSizeRel|x64.ActiveCfg = MinSizeRel|x64
		{D12CB466-86C2-3130-806D-BEA1C0182889}.MinSizeRel|x64.Build.0 = MinSizeRel|x64
		{D12CB466-86C2-3130-806D-BEA1C0182889}.RelWithDebInfo|x64.ActiveCfg = RelWithDebInfo|x64
		{D12CB466-86C2-3130-806D-BEA1C0182889}.RelWithDebInfo|x64.Build.0 = RelWithDebInfo|x64
		{E917EE6A-8E47-3BA3-BB6E-3B6FD53858C3}.Debug|x64.ActiveCfg = Debug|x64
		{E917EE6A-8E47-3BA3-BB6E-3B6FD53858C3}.Debug|x64.Build.0 = Debug|x64
		{E917EE6A-8E47-3BA3-BB6E-3B6FD53858C3}.Release|x64.ActiveCfg = Release|x64
		{E917EE6A-8E47-3BA3-BB6E-3B6FD53858C3}.Release|x64.Build.0 = Release|x64
		{E917EE6A-8E47-3BA3-BB6E-3B6FD53858C3}.MinSizeRel|x64.ActiveCfg = MinSizeRel|x64
		{E917EE6A-8E47-3BA3-BB6E-3B6FD53858C3}.MinSizeRel|x64.Build.0 = MinSizeRel|x64
		{E917EE6A-8E47-3BA3-BB6E-3B6FD53858C3}.RelWithDebInfo|x64.ActiveCfg = RelWithDebInfo|x64
		{E917EE6A-8E47-3BA3-BB6E-3B6FD53858C3}.RelWithDebInfo|x64.Build.0 = RelWithDebInfo|x64
		{5B47BEBC-6758-3A79-BF01-BBC6CAC07286}.Debug|x64.ActiveCfg = Debug|x64
		{5B47BEBC-6758-3A79-BF01-BBC6CAC07286}.Debug|x64.Build.0 = Debug|x64
		{5B47BEBC-6758-3A79-BF01-BBC6CAC07286}.Release|x64.ActiveCfg = Release|x64
		{5B47BEBC-6758-3A79-BF01-BBC6CAC07286}.Release|x64.Build.0 = Release|x64
		{5B47BEBC-6758-3A79-BF01-BBC6CAC07286}.MinSizeRel|x64.ActiveCfg = MinSizeRel|x64
		{5B47BEBC-6758-3A79-BF01-BBC6CAC07286}.MinSizeRel|x64.Build.0 = MinSizeRel|x64
		{5B47BEBC-6758-3A79-BF01-BBC6CAC07286}.RelWithDebInfo|x64.ActiveCfg = RelWithDebInfo|x64
		{5B47BEBC-6758-3A79-BF01-BBC6CAC07286}.RelWithDebInfo|x64.Build.0 = RelWithDebInfo|x64
		{F5490CAB-2E28-3C37-A97A-7EC876F96D1F}.Debug|x64.ActiveCfg = Debug|x64
		{F5490CAB-2E28-3C37-A97A-7EC876F96D1F}.Debug|x64.Build.0 = Debug|x64
		{F5490CAB-2E28-3C37-A97A-7EC876F96D1F}.Release|x64.ActiveCfg = Release|x64
		{F5490CAB-2E28-3C37-A97A-7EC876F96D1F}.Release|x64.Build.0 = Release|x64
		{F5490CAB-2E28-3C37-A97A-7EC876F96D1F}.MinSizeRel|x64.ActiveCfg = MinSizeRel|x64
		{F5490CAB-2E28-3C37-A97A-7EC876F96D1F}.MinSizeRel|x64.Build.0 = MinSizeRel|x64
		{F5490CAB-2E28-3C37-A97A-7EC876F96D1F}.RelWithDebInfo|x64.ActiveCfg = RelWithDebInfo|x64
		{F5490CAB-2E28-3C37-A97A-7EC876F96D1F}.RelWithDebInfo|x64.Build.0 = RelWithDebInfo|x64
		{12E72DD3-467C-3EDA-987C-8F0CA45A24B3}.Debug|x64.ActiveCfg = Debug|x64
		{12E72DD3-467C-3EDA-987C-8F0CA45A24B3}.Debug|x64.Build.0 = Debug|x64
		{12E72DD3-467C-3EDA-987C-8F0CA45A24B3}.Release|x64.ActiveCfg = Release|x64
		{12E72DD3-467C-3EDA-987C-8F0CA45A24B3}.Release|x64.Build.0 = Release|x64
		{12E72DD3-467C-3EDA-987C-8F0CA45A24B3}.MinSizeRel|x64.ActiveCfg = MinSizeRel|x64
		{12E72DD3-467C-3EDA-987C-8F0CA45A24B3}.MinSizeRel|x64.Build.0 = MinSizeRel|x64
		{12E72DD3-467C-3EDA-987C-8F0CA45A24B3}.RelWithDebInfo|x64.ActiveCfg = RelWithDebInfo|x64
		{12E72DD3-467C-3EDA-987C-8F0CA45A24B3}.RelWithDebInfo|x64.Build.0 = RelWithDebInfo|x64
		{820814D7-5CCC-357B-8203-8C40E4BC6852}.Debug|x64.ActiveCfg = Debug|x64
		{820814D7-5CCC-357B-8203-8C40E4BC6852}.Debug|x64.Build.0 = Debug|x64
		{820814D7-5CCC-357B-8203-8C40E4BC6852}.Release|x64.ActiveCfg = Release|x64
		{820814D7-5CCC-357B-8203-8C40E4BC6852}.Release|x64.Build.0 = Release|x64
		{820814D7-5CCC-357B-8203-8C40E4BC6852}.MinSizeRel|x64.ActiveCfg = MinSizeRel|x64
		{820814D7-5CCC-357B-8203-8C40E4BC6852}.MinSizeRel|x64.Build.0 = MinSizeRel|x64
		{820814D7-5CCC-357B-8203-8C40E4BC6852}.RelWithDebInfo|x64.ActiveCfg = RelWithDebInfo|x64
		{820814D7-5CCC-357B-8203-8C40E4BC6852}.RelWithDebInfo|x64.Build.0 = RelWithDebInfo|x64
		{E97BEF63-F15D-36CA-AA43-1A639B51CEAF}.Debug|x64.ActiveCfg = Debug|x64
		{E97BEF63-F15D-36CA-AA43-1A639B51CEAF}.Debug|x64.Build.0 = Debug|x64
		{E97BEF63-F15D-36CA-AA43-1A639B51CEAF}.Release|x64.ActiveCfg = Release|x64
		{E97BEF63-F15D-36CA-AA43-1A639B51CEAF}.Release|x64.Build.0 = Release|x64
		{E97BEF63-F15D-36CA-AA43-1A639B51CEAF}.MinSizeRel|x64.ActiveCfg = MinSizeRel|x64
		{E97BEF63-F15D-36CA-AA43-1A639B51CEAF}.MinSizeRel|x64.Build.0 = MinSizeRel|x64
		{E97BEF63-F15D-36CA-AA43-1A639B51CEAF}.RelWithDebInfo|x64.ActiveCfg = RelWithDebInfo|x64
		{E97BEF63-F15D-36CA-AA43-1A639B51CEAF}.RelWithDebInfo|x64.Build.0 = RelWithDebInfo|x64
		{58CF9670-165E-349E-A333-16F972A39185}.Debug|x64.ActiveCfg = Debug|x64
		{58CF9670-165E-349E-A333-16F972A39185}.Debug|x64.Build.0 = Debug|x64
		{58CF9670-165E-349E-A333-16F972A39185}.Release|x64.ActiveCfg = Release|x64
		{58CF9670-165E-349E-A333-16F972A39185}.Release|x64.Build.0 = Release|x64
		{58CF9670-165E-349E-A333-16F972A39185}.MinSizeRel|x64.ActiveCfg = MinSizeRel|x64
		{58CF9670-165E-349E-A333-16F972A39185}.MinSizeRel|x64.Build.0 = MinSizeRel|x64
		{58CF9670-165E-349E-A333-16F972A39185}.RelWithDebInfo|x64.ActiveCfg = RelWithDebInfo|x64
		{58CF9670-165E-349E-A333-16F972A39185}.RelWithDebInfo|x64.Build.0 = RelWithDebInfo|x64
		{47034950-E49B-369F-840A-E711D0C2DF4E}.Debug|x64.ActiveCfg = Debug|x64
		{47034950-E49B-369F-840A-E711D0C2DF4E}.Debug|x64.Build.0 = Debug|x64
		{47034950-E49B-369F-840A-E711D0C2DF4E}.Release|x64.ActiveCfg = Release|x64
		{47034950-E49B-369F-840A-E711D0C2DF4E}.Release|x64.Build.0 = Release|x64
		{47034950-E49B-369F-840A-E711D0C2DF4E}.MinSizeRel|x64.ActiveCfg = MinSizeRel|x64
		{47034950-E49B-369F-840A-E711D0C2DF4E}.MinSizeRel|x64.Build.0 = MinSizeRel|x64
		{47034950-E49B-369F-840A-E711D0C2DF4E}.RelWithDebInfo|x64.ActiveCfg = RelWithDebInfo|x64
		{47034950-E49B-369F-840A-E711D0C2DF4E}.RelWithDebInfo|x64.Build.0 = RelWithDebInfo|x64
		{17E18D39-1C5F-36FE-A95A-F671A38D740B}.Debug|x64.ActiveCfg = Debug|x64
		{17E18D39-1C5F-36FE-A95A-F671A38D740B}.Debug|x64.Build.0 = Debug|x64
		{17E18D39-1C5F-36FE-A95A-F671A38D740B}.Release|x64.ActiveCfg = Release|x64
		{17E18D39-1C5F-36FE-A95A-F671A38D740B}.Release|x64.Build.0 = Release|x64
		{17E18D39-1C5F-36FE-A95A-F671A38D740B}.MinSizeRel|x64.ActiveCfg = MinSizeRel|x64
		{17E18D39-1C5F-36FE-A95A-F671A38D740B}.MinSizeRel|x64.Build.0 = MinSizeRel|x64
		{17E18D39-1C5F-36FE-A95A-F671A38D740B}.RelWithDebInfo|x64.ActiveCfg = RelWithDebInfo|x64
		{17E18D39-1C5F-36FE-A95A-F671A38D740B}.RelWithDebInfo|x64.Build.0 = RelWithDebInfo|x64
		{116F9C2F-D444-3F77-AB00-322DA6CBC828}.Debug|x64.ActiveCfg = Debug|x64
		{116F9C2F-D444-3F77-AB00-322DA6CBC828}.Debug|x64.Build.0 = Debug|x64
		{116F9C2F-D444-3F77-AB00-322DA6CBC828}.Release|x64.ActiveCfg = Release|x64
		{116F9C2F-D444-3F77-AB00-322DA6CBC828}.Release|x64.Build.0 = Release|x64
		{116F9C2F-D444-3F77-AB00-322DA6CBC828}.MinSizeRel|x64.ActiveCfg = MinSizeRel|x64
		{116F9C2F-D444-3F77-AB00-322DA6CBC828}.MinSizeRel|x64.Build.0 = MinSizeRel|x64
		{116F9C2F-D444-3F77-AB00-322DA6CBC828}.RelWithDebInfo|x64.ActiveCfg = RelWithDebInfo|x64
		{116F9C2F-D444-3F77-AB00-322DA6CBC828}.RelWithDebInfo|x64.Build.0 = RelWithDebInfo|x64
		{9AE77CE9-7E58-395F-B6C3-262331E13C9F}.Debug|x64.ActiveCfg = Debug|x64
		{9AE77CE9-7E58-395F-B6C3-262331E13C9F}.Debug|x64.Build.0 = Debug|x64
		{9AE77CE9-7E58-395F-B6C3-262331E13C9F}.Release|x64.ActiveCfg = Release|x64
		{9AE77CE9-7E58-395F-B6C3-262331E13C9F}.Release|x64.Build.0 = Release|x64
		{9AE77CE9-7E58-395F-B6C3-262331E13C9F}.MinSizeRel|x64.ActiveCfg = MinSizeRel|x64
		{9AE77CE9-7E58-395F-B6C3-262331E13C9F}.MinSizeRel|x64.Build.0 = MinSizeRel|x64
		{9AE77CE9-7E58-395F-B6C3-262331E13C9F}.RelWithDebInfo|x64.ActiveCfg = RelWithDebInfo|x64
		{9AE77CE9-7E58-395F-B6C3-262331E13C9F}.RelWithDebInfo|x64.Build.0 = RelWithDebInfo|x64
		{2E86E737-AC62-3B0B-BA65-2DEDB9A13702}.Debug|x64.ActiveCfg = Debug|x64
		{2E86E737-AC62-3B0B-BA65-2DEDB9A13702}.Debug|x64.Build.0 = Debug|x64
		{2E86E737-AC62-3B0B-BA65-2DEDB9A13702}.Release|x64.ActiveCfg = Release|x64
		{2E86E737-AC62-3B0B-BA65-2DEDB9A13702}.Release|x64.Build.0 = Release|x64
		{2E86E737-AC62-3B0B-BA65-2DEDB9A13702}.MinSizeRel|x64.ActiveCfg = MinSizeRel|x64
		{2E86E737-AC62-3B0B-BA65-2DEDB9A13702}.MinSizeRel|x64.Build.0 = MinSizeRel|x64
		{2E86E737-AC62-3B0B-BA65-2DEDB9A13702}.RelWithDebInfo|x64.ActiveCfg = RelWithDebInfo|x64
		{2E86E737-AC62-3B0B-BA65-2DEDB9A13702}.RelWithDebInfo|x64.Build.0 = RelWithDebInfo|x64
		{2E69FAB8-8CF7-3DA0-91BC-86D098309293}.Debug|x64.ActiveCfg = Debug|x64
		{2E69FAB8-8CF7-3DA0-91BC-86D098309293}.Debug|x64.Build.0 = Debug|x64
		{2E69FAB8-8CF7-3DA0-91BC-86D098309293}.Release|x64.ActiveCfg = Release|x64
		{2E69FAB8-8CF7-3DA0-91BC-86D098309293}.Release|x64.Build.0 = Release|x64
		{2E69FAB8-8CF7-3DA0-91BC-86D098309293}.MinSizeRel|x64.ActiveCfg = MinSizeRel|x64
		{2E69FAB8-8CF7-3DA0-91BC-86D098309293}.MinSizeRel|x64.Build.0 = MinSizeRel|x64
		{2E69FAB8-8CF7-3DA0-91BC-86D098309293}.RelWithDebInfo|x64.ActiveCfg = RelWithDebInfo|x64
		{2E69FAB8-8CF7-3DA0-91BC-86D098309293}.RelWithDebInfo|x64.Build.0 = RelWithDebInfo|x64
		{91AA2E71-F0A8-32C7-901D-56C15AA61CA2}.Debug|x64.ActiveCfg = Debug|x64
		{91AA2E71-F0A8-32C7-901D-56C15AA61CA2}.Debug|x64.Build.0 = Debug|x64
		{91AA2E71-F0A8-32C7-901D-56C15AA61CA2}.Release|x64.ActiveCfg = Release|x64
		{91AA2E71-F0A8-32C7-901D-56C15AA61CA2}.Release|x64.Build.0 = Release|x64
		{91AA2E71-F0A8-32C7-901D-56C15AA61CA2}.MinSizeRel|x64.ActiveCfg = MinSizeRel|x64
		{91AA2E71-F0A8-32C7-901D-56C15AA61CA2}.MinSizeRel|x64.Build.0 = MinSizeRel|x64
		{91AA2E71-F0A8-32C7-901D-56C15AA61CA2}.RelWithDebInfo|x64.ActiveCfg = RelWithDebInfo|x64
		{91AA2E71-F0A8-32C7-901D-56C15AA61CA2}.RelWithDebInfo|x64.Build.0 = RelWithDebInfo|x64
		{A721BE95-7146-38FA-9A40-C68CA9FAD25E}.Debug|x64.ActiveCfg = Debug|x64
		{A721BE95-7146-38FA-9A40-C68CA9FAD25E}.Debug|x64.Build.0 = Debug|x64
		{A721BE95-7146-38FA-9A40-C68CA9FAD25E}.Release|x64.ActiveCfg = Release|x64
		{A721BE95-7146-38FA-9A40-C68CA9FAD25E}.Release|x64.Build.0 = Release|x64
		{A721BE95-7146-38FA-9A40-C68CA9FAD25E}.MinSizeRel|x64.ActiveCfg = MinSizeRel|x64
		{A721BE95-7146-38FA-9A40-C68CA9FAD25E}.MinSizeRel|x64.Build.0 = MinSizeRel|x64
		{A721BE95-7146-38FA-9A40-C68CA9FAD25E}.RelWithDebInfo|x64.ActiveCfg = RelWithDebInfo|x64
		{A721BE95-7146-38FA-9A40-C68CA9FAD25E}.RelWithDebInfo|x64.Build.0 = RelWithDebInfo|x64
		{76ECE03F-5F42-3FD6-AE51-547B10FA172E}.Debug|x64.ActiveCfg = Debug|x64
		{76ECE03F-5F42-3FD6-AE51-547B10FA172E}.Debug|x64.Build.0 = Debug|x64
		{76ECE03F-5F42-3FD6-AE51-547B10FA172E}.Release|x64.ActiveCfg = Release|x64
		{76ECE03F-5F42-3FD6-AE51-547B10FA172E}.Release|x64.Build.0 = Release|x64
		{76ECE03F-5F42-3FD6-AE51-547B10FA172E}.MinSizeRel|x64.ActiveCfg = MinSizeRel|x64
		{76ECE03F-5F42-3FD6-AE51-547B10FA172E}.MinSizeRel|x64.Build.0 = MinSizeRel|x64
		{76ECE03F-5F42-3FD6-AE51-547B10FA172E}.RelWithDebInfo|x64.ActiveCfg = RelWithDebInfo|x64
		{76ECE03F-5F42-3FD6-AE51-547B10FA172E}.RelWithDebInfo|x64.Build.0 = RelWithDebInfo|x64
		{CE86553E-A6A3-3351-93A0-B56BFBEEEE94}.Debug|x64.ActiveCfg = Debug|x64
		{CE86553E-A6A3-3351-93A0-B56BFBEEEE94}.Debug|x64.Build.0 = Debug|x64
		{CE86553E-A6A3-3351-93A0-B56BFBEEEE94}.Release|x64.ActiveCfg = Release|x64
		{CE86553E-A6A3-3351-93A0-B56BFBEEEE94}.Release|x64.Build.0 = Release|x64
		{CE86553E-A6A3-3351-93A0-B56BFBEEEE94}.MinSizeRel|x64.ActiveCfg = MinSizeRel|x64
		{CE86553E-A6A3-3351-93A0-B56BFBEEEE94}.MinSizeRel|x64.Build.0 = MinSizeRel|x64
		{CE86553E-A6A3-3351-93A0-B56BFBEEEE94}.RelWithDebInfo|x64.ActiveCfg = RelWithDebInfo|x64
		{CE86553E-A6A3-3351-93A0-B56BFBEEEE94}.RelWithDebInfo|x64.Build.0 = RelWithDebInfo|x64
		{29BC9FB7-5454-3EA4-93F4-96C1FF2B02D3}.Debug|x64.ActiveCfg = Debug|x64
		{29BC9FB7-5454-3EA4-93F4-96C1FF2B02D3}.Debug|x64.Build.0 = Debug|x64
		{29BC9FB7-5454-3EA4-93F4-96C1FF2B02D3}.Release|x64.ActiveCfg = Release|x64
		{29BC9FB7-5454-3EA4-93F4-96C1FF2B02D3}.Release|x64.Build.0 = Release|x64
		{29BC9FB7-5454-3EA4-93F4-96C1FF2B02D3}.MinSizeRel|x64.ActiveCfg = MinSizeRel|x64
		{29BC9FB7-5454-3EA4-93F4-96C1FF2B02D3}.MinSizeRel|x64.Build.0 = MinSizeRel|x64
		{29BC9FB7-5454-3EA4-93F4-96C1FF2B02D3}.RelWithDebInfo|x64.ActiveCfg = RelWithDebInfo|x64
		{29BC9FB7-5454-3EA4-93F4-96C1FF2B02D3}.RelWithDebInfo|x64.Build.0 = RelWithDebInfo|x64
		{19C74A0F-D053-3FB8-830F-B2CF6402FB04}.Debug|x64.ActiveCfg = Debug|x64
		{19C74A0F-D053-3FB8-830F-B2CF6402FB04}.Debug|x64.Build.0 = Debug|x64
		{19C74A0F-D053-3FB8-830F-B2CF6402FB04}.Release|x64.ActiveCfg = Release|x64
		{19C74A0F-D053-3FB8-830F-B2CF6402FB04}.Release|x64.Build.0 = Release|x64
		{19C74A0F-D053-3FB8-830F-B2CF6402FB04}.MinSizeRel|x64.ActiveCfg = MinSizeRel|x64
		{19C74A0F-D053-3FB8-830F-B2CF6402FB04}.MinSizeRel|x64.Build.0 = MinSizeRel|x64
		{19C74A0F-D053-3FB8-830F-B2CF6402FB04}.RelWithDebInfo|x64.ActiveCfg = RelWithDebInfo|x64
		{19C74A0F-D053-3FB8-830F-B2CF6402FB04}.RelWithDebInfo|x64.Build.0 = RelWithDebInfo|x64
		{7C2F9E8F-6C97-3A0D-8E8B-F2975CBA8938}.Debug|x64.ActiveCfg = Debug|x64
		{7C2F9E8F-6C97-3A0D-8E8B-F2975CBA8938}.Debug|x64.Build.0 = Debug|x64
		{7C2F9E8F-6C97-3A0D-8E8B-F2975CBA8938}.Release|x64.ActiveCfg = Release|x64
		{7C2F9E8F-6C97-3A0D-8E8B-F2975CBA8938}.Release|x64.Build.0 = Release|x64
		{7C2F9E8F-6C97-3A0D-8E8B-F2975CBA8938}.MinSizeRel|x64.ActiveCfg = MinSizeRel|x64
		{7C2F9E8F-6C97-3A0D-8E8B-F2975CBA8938}.MinSizeRel|x64.Build.0 = MinSizeRel|x64
		{7C2F9E8F-6C97-3A0D-8E8B-F2975CBA8938}.RelWithDebInfo|x64.ActiveCfg = RelWithDebInfo|x64
		{7C2F9E8F-6C97-3A0D-8E8B-F2975CBA8938}.RelWithDebInfo|x64.Build.0 = RelWithDebInfo|x64
		{B896F9F4-54C4-3A2D-8F2E-23955EE6748E}.Debug|x64.ActiveCfg = Debug|x64
		{B896F9F4-54C4-3A2D-8F2E-23955EE6748E}.Debug|x64.Build.0 = Debug|x64
		{B896F9F4-54C4-3A2D-8F2E-23955EE6748E}.Release|x64.ActiveCfg = Release|x64
		{B896F9F4-54C4-3A2D-8F2E-23955EE6748E}.Release|x64.Build.0 = Release|x64
		{B896F9F4-54C4-3A2D-8F2E-23955EE6748E}.MinSizeRel|x64.ActiveCfg = MinSizeRel|x64
		{B896F9F4-54C4-3A2D-8F2E-23955EE6748E}.MinSizeRel|x64.Build.0 = MinSizeRel|x64
		{B896F9F4-54C4-3A2D-8F2E-23955EE6748E}.RelWithDebInfo|x64.ActiveCfg = RelWithDebInfo|x64
		{B896F9F4-54C4-3A2D-8F2E-23955EE6748E}.RelWithDebInfo|x64.Build.0 = RelWithDebInfo|x64
		{1BA8F855-35AC-3DDC-9769-6CAB1F833D1D}.Debug|x64.ActiveCfg = Debug|x64
		{1BA8F855-35AC-3DDC-9769-6CAB1F833D1D}.Debug|x64.Build.0 = Debug|x64
		{1BA8F855-35AC-3DDC-9769-6CAB1F833D1D}.Release|x64.ActiveCfg = Release|x64
		{1BA8F855-35AC-3DDC-9769-6CAB1F833D1D}.Release|x64.Build.0 = Release|x64
		{1BA8F855-35AC-3DDC-9769-6CAB1F833D1D}.MinSizeRel|x64.ActiveCfg = MinSizeRel|x64
		{1BA8F855-35AC-3DDC-9769-6CAB1F833D1D}.MinSizeRel|x64.Build.0 = MinSizeRel|x64
		{1BA8F855-35AC-3DDC-9769-6CAB1F833D1D}.RelWithDebInfo|x64.ActiveCfg = RelWithDebInfo|x64
		{1BA8F855-35AC-3DDC-9769-6CAB1F833D1D}.RelWithDebInfo|x64.Build.0 = RelWithDebInfo|x64
		{62F2DF81-A213-351F-8B11-4C0BFEB8D39A}.Debug|x64.ActiveCfg = Debug|x64
		{62F2DF81-A213-351F-8B11-4C0BFEB8D39A}.Debug|x64.Build.0 = Debug|x64
		{62F2DF81-A213-351F-8B11-4C0BFEB8D39A}.Release|x64.ActiveCfg = Release|x64
		{62F2DF81-A213-351F-8B11-4C0BFEB8D39A}.Release|x64.Build.0 = Release|x64
		{62F2DF81-A213-351F-8B11-4C0BFEB8D39A}.MinSizeRel|x64.ActiveCfg = MinSizeRel|x64
		{62F2DF81-A213-351F-8B11-4C0BFEB8D39A}.MinSizeRel|x64.Build.0 = MinSizeRel|x64
		{62F2DF81-A213-351F-8B11-4C0BFEB8D39A}.RelWithDebInfo|x64.ActiveCfg = RelWithDebInfo|x64
		{62F2DF81-A213-351F-8B11-4C0BFEB8D39A}.RelWithDebInfo|x64.Build.0 = RelWithDebInfo|x64
		{1229A2EC-99A8-317B-B5D7-FC4B2B18F8A7}.Debug|x64.ActiveCfg = Debug|x64
		{1229A2EC-99A8-317B-B5D7-FC4B2B18F8A7}.Debug|x64.Build.0 = Debug|x64
		{1229A2EC-99A8-317B-B5D7-FC4B2B18F8A7}.Release|x64.ActiveCfg = Release|x64
		{1229A2EC-99A8-317B-B5D7-FC4B2B18F8A7}.Release|x64.Build.0 = Release|x64
		{1229A2EC-99A8-317B-B5D7-FC4B2B18F8A7}.MinSizeRel|x64.ActiveCfg = MinSizeRel|x64
		{1229A2EC-99A8-317B-B5D7-FC4B2B18F8A7}.MinSizeRel|x64.Build.0 = MinSizeRel|x64
		{1229A2EC-99A8-317B-B5D7-FC4B2B18F8A7}.RelWithDebInfo|x64.ActiveCfg = RelWithDebInfo|x64
		{1229A2EC-99A8-317B-B5D7-FC4B2B18F8A7}.RelWithDebInfo|x64.Build.0 = RelWithDebInfo|x64
		{7B45D833-E219-3C92-880E-13B516512721}.Debug|x64.ActiveCfg = Debug|x64
		{7B45D833-E219-3C92-880E-13B516512721}.Debug|x64.Build.0 = Debug|x64
		{7B45D833-E219-3C92-880E-13B516512721}.Release|x64.ActiveCfg = Release|x64
		{7B45D833-E219-3C92-880E-13B516512721}.Release|x64.Build.0 = Release|x64
		{7B45D833-E219-3C92-880E-13B516512721}.MinSizeRel|x64.ActiveCfg = MinSizeRel|x64
		{7B45D833-E219-3C92-880E-13B516512721}.MinSizeRel|x64.Build.0 = MinSizeRel|x64
		{7B45D833-E219-3C92-880E-13B516512721}.RelWithDebInfo|x64.ActiveCfg = RelWithDebInfo|x64
		{7B45D833-E219-3C92-880E-13B516512721}.RelWithDebInfo|x64.Build.0 = RelWithDebInfo|x64
		{72E9BA54-520E-33DE-8D35-E082595D0750}.Debug|x64.ActiveCfg = Debug|x64
		{72E9BA54-520E-33DE-8D35-E082595D0750}.Debug|x64.Build.0 = Debug|x64
		{72E9BA54-520E-33DE-8D35-E082595D0750}.Release|x64.ActiveCfg = Release|x64
		{72E9BA54-520E-33DE-8D35-E082595D0750}.Release|x64.Build.0 = Release|x64
		{72E9BA54-520E-33DE-8D35-E082595D0750}.MinSizeRel|x64.ActiveCfg = MinSizeRel|x64
		{72E9BA54-520E-33DE-8D35-E082595D0750}.MinSizeRel|x64.Build.0 = MinSizeRel|x64
		{72E9BA54-520E-33DE-8D35-E082595D0750}.RelWithDebInfo|x64.ActiveCfg = RelWithDebInfo|x64
		{72E9BA54-520E-33DE-8D35-E082595D0750}.RelWithDebInfo|x64.Build.0 = RelWithDebInfo|x64
		{1DD5E7A0-F82D-3187-8831-1F3896666C72}.Debug|x64.ActiveCfg = Debug|x64
		{1DD5E7A0-F82D-3187-8831-1F3896666C72}.Debug|x64.Build.0 = Debug|x64
		{1DD5E7A0-F82D-3187-8831-1F3896666C72}.Release|x64.ActiveCfg = Release|x64
		{1DD5E7A0-F82D-3187-8831-1F3896666C72}.Release|x64.Build.0 = Release|x64
		{1DD5E7A0-F82D-3187-8831-1F3896666C72}.MinSizeRel|x64.ActiveCfg = MinSizeRel|x64
		{1DD5E7A0-F82D-3187-8831-1F3896666C72}.MinSizeRel|x64.Build.0 = MinSizeRel|x64
		{1DD5E7A0-F82D-3187-8831-1F3896666C72}.RelWithDebInfo|x64.ActiveCfg = RelWithDebInfo|x64
		{1DD5E7A0-F82D-3187-8831-1F3896666C72}.RelWithDebInfo|x64.Build.0 = RelWithDebInfo|x64
		{7660B689-04A5-3AA9-B774-EEAA249BB768}.Debug|x64.ActiveCfg = Debug|x64
		{7660B689-04A5-3AA9-B774-EEAA249BB768}.Debug|x64.Build.0 = Debug|x64
		{7660B689-04A5-3AA9-B774-EEAA249BB768}.Release|x64.ActiveCfg = Release|x64
		{7660B689-04A5-3AA9-B774-EEAA249BB768}.Release|x64.Build.0 = Release|x64
		{7660B689-04A5-3AA9-B774-EEAA249BB768}.MinSizeRel|x64.ActiveCfg = MinSizeRel|x64
		{7660B689-04A5-3AA9-B774-EEAA249BB768}.MinSizeRel|x64.Build.0 = MinSizeRel|x64
		{7660B689-04A5-3AA9-B774-EEAA249BB768}.RelWithDebInfo|x64.ActiveCfg = RelWithDebInfo|x64
		{7660B689-04A5-3AA9-B774-EEAA249BB768}.RelWithDebInfo|x64.Build.0 = RelWithDebInfo|x64
		{E62853B3-8D56-3308-A525-31F10FB140DD}.Debug|x64.ActiveCfg = Debug|x64
		{E62853B3-8D56-3308-A525-31F10FB140DD}.Debug|x64.Build.0 = Debug|x64
		{E62853B3-8D56-3308-A525-31F10FB140DD}.Release|x64.ActiveCfg = Release|x64
		{E62853B3-8D56-3308-A525-31F10FB140DD}.Release|x64.Build.0 = Release|x64
		{E62853B3-8D56-3308-A525-31F10FB140DD}.MinSizeRel|x64.ActiveCfg = MinSizeRel|x64
		{E62853B3-8D56-3308-A525-31F10FB140DD}.MinSizeRel|x64.Build.0 = MinSizeRel|x64
		{E62853B3-8D56-3308-A525-31F10FB140DD}.RelWithDebInfo|x64.ActiveCfg = RelWithDebInfo|x64
		{E62853B3-8D56-3308-A525-31F10FB140DD}.RelWithDebInfo|x64.Build.0 = RelWithDebInfo|x64
		{53F8394B-B847-30D8-927A-44AC9A1DF318}.Debug|x64.ActiveCfg = Debug|x64
		{53F8394B-B847-30D8-927A-44AC9A1DF318}.Debug|x64.Build.0 = Debug|x64
		{53F8394B-B847-30D8-927A-44AC9A1DF318}.Release|x64.ActiveCfg = Release|x64
		{53F8394B-B847-30D8-927A-44AC9A1DF318}.Release|x64.Build.0 = Release|x64
		{53F8394B-B847-30D8-927A-44AC9A1DF318}.MinSizeRel|x64.ActiveCfg = MinSizeRel|x64
		{53F8394B-B847-30D8-927A-44AC9A1DF318}.MinSizeRel|x64.Build.0 = MinSizeRel|x64
		{53F8394B-B847-30D8-927A-44AC9A1DF318}.RelWithDebInfo|x64.ActiveCfg = RelWithDebInfo|x64
		{53F8394B-B847-30D8-927A-44AC9A1DF318}.RelWithDebInfo|x64.Build.0 = RelWithDebInfo|x64
		{E1C6DE38-EBE8-383A-BCDD-34AA10D6D144}.Debug|x64.ActiveCfg = Debug|x64
		{E1C6DE38-EBE8-383A-BCDD-34AA10D6D144}.Debug|x64.Build.0 = Debug|x64
		{E1C6DE38-EBE8-383A-BCDD-34AA10D6D144}.Release|x64.ActiveCfg = Release|x64
		{E1C6DE38-EBE8-383A-BCDD-34AA10D6D144}.Release|x64.Build.0 = Release|x64
		{E1C6DE38-EBE8-383A-BCDD-34AA10D6D144}.MinSizeRel|x64.ActiveCfg = MinSizeRel|x64
		{E1C6DE38-EBE8-383A-BCDD-34AA10D6D144}.MinSizeRel|x64.Build.0 = MinSizeRel|x64
		{E1C6DE38-EBE8-383A-BCDD-34AA10D6D144}.RelWithDebInfo|x64.ActiveCfg = RelWithDebInfo|x64
		{E1C6DE38-EBE8-383A-BCDD-34AA10D6D144}.RelWithDebInfo|x64.Build.0 = RelWithDebInfo|x64
		{B29563B5-C978-367C-BB4B-B68A781FD7F4}.Debug|x64.ActiveCfg = Debug|x64
		{B29563B5-C978-367C-BB4B-B68A781FD7F4}.Debug|x64.Build.0 = Debug|x64
		{B29563B5-C978-367C-BB4B-B68A781FD7F4}.Release|x64.ActiveCfg = Release|x64
		{B29563B5-C978-367C-BB4B-B68A781FD7F4}.Release|x64.Build.0 = Release|x64
		{B29563B5-C978-367C-BB4B-B68A781FD7F4}.MinSizeRel|x64.ActiveCfg = MinSizeRel|x64
		{B29563B5-C978-367C-BB4B-B68A781FD7F4}.MinSizeRel|x64.Build.0 = MinSizeRel|x64
		{B29563B5-C978-367C-BB4B-B68A781FD7F4}.RelWithDebInfo|x64.ActiveCfg = RelWithDebInfo|x64
		{B29563B5-C978-367C-BB4B-B68A781FD7F4}.RelWithDebInfo|x64.Build.0 = RelWithDebInfo|x64
		{254EBA41-CFB3-300A-A082-0092B580B1E2}.Debug|x64.ActiveCfg = Debug|x64
		{254EBA41-CFB3-300A-A082-0092B580B1E2}.Debug|x64.Build.0 = Debug|x64
		{254EBA41-CFB3-300A-A082-0092B580B1E2}.Release|x64.ActiveCfg = Release|x64
		{254EBA41-CFB3-300A-A082-0092B580B1E2}.Release|x64.Build.0 = Release|x64
		{254EBA41-CFB3-300A-A082-0092B580B1E2}.MinSizeRel|x64.ActiveCfg = MinSizeRel|x64
		{254EBA41-CFB3-300A-A082-0092B580B1E2}.MinSizeRel|x64.Build.0 = MinSizeRel|x64
		{254EBA41-CFB3-300A-A082-0092B580B1E2}.RelWithDebInfo|x64.ActiveCfg = RelWithDebInfo|x64
		{254EBA41-CFB3-300A-A082-0092B580B1E2}.RelWithDebInfo|x64.Build.0 = RelWithDebInfo|x64
		{5400619F-0A2C-364F-ABE3-58084A56B88E}.Debug|x64.ActiveCfg = Debug|x64
		{5400619F-0A2C-364F-ABE3-58084A56B88E}.Debug|x64.Build.0 = Debug|x64
		{5400619F-0A2C-364F-ABE3-58084A56B88E}.Release|x64.ActiveCfg = Release|x64
		{5400619F-0A2C-364F-ABE3-58084A56B88E}.Release|x64.Build.0 = Release|x64
		{5400619F-0A2C-364F-ABE3-58084A56B88E}.MinSizeRel|x64.ActiveCfg = MinSizeRel|x64
		{5400619F-0A2C-364F-ABE3-58084A56B88E}.MinSizeRel|x64.Build.0 = MinSizeRel|x64
		{5400619F-0A2C-364F-ABE3-58084A56B88E}.RelWithDebInfo|x64.ActiveCfg = RelWithDebInfo|x64
		{5400619F-0A2C-364F-ABE3-58084A56B88E}.RelWithDebInfo|x64.Build.0 = RelWithDebInfo|x64
		{A33EC670-150F-30B8-92BB-D8AB29174705}.Debug|x64.ActiveCfg = Debug|x64
		{A33EC670-150F-30B8-92BB-D8AB29174705}.Debug|x64.Build.0 = Debug|x64
		{A33EC670-150F-30B8-92BB-D8AB29174705}.Release|x64.ActiveCfg = Release|x64
		{A33EC670-150F-30B8-92BB-D8AB29174705}.Release|x64.Build.0 = Release|x64
		{A33EC670-150F-30B8-92BB-D8AB29174705}.MinSizeRel|x64.ActiveCfg = MinSizeRel|x64
		{A33EC670-150F-30B8-92BB-D8AB29174705}.MinSizeRel|x64.Build.0 = MinSizeRel|x64
		{A33EC670-150F-30B8-92BB-D8AB29174705}.RelWithDebInfo|x64.ActiveCfg = RelWithDebInfo|x64
		{A33EC670-150F-30B8-92BB-D8AB29174705}.RelWithDebInfo|x64.Build.0 = RelWithDebInfo|x64
		{B9B15F02-B536-32FF-A25A-9455F7D553C1}.Debug|x64.ActiveCfg = Debug|x64
		{B9B15F02-B536-32FF-A25A-9455F7D553C1}.Debug|x64.Build.0 = Debug|x64
		{B9B15F02-B536-32FF-A25A-9455F7D553C1}.Release|x64.ActiveCfg = Release|x64
		{B9B15F02-B536-32FF-A25A-9455F7D553C1}.Release|x64.Build.0 = Release|x64
		{B9B15F02-B536-32FF-A25A-9455F7D553C1}.MinSizeRel|x64.ActiveCfg = MinSizeRel|x64
		{B9B15F02-B536-32FF-A25A-9455F7D553C1}.MinSizeRel|x64.Build.0 = MinSizeRel|x64
		{B9B15F02-B536-32FF-A25A-9455F7D553C1}.RelWithDebInfo|x64.ActiveCfg = RelWithDebInfo|x64
		{B9B15F02-B536-32FF-A25A-9455F7D553C1}.RelWithDebInfo|x64.Build.0 = RelWithDebInfo|x64
		{DBD4C29C-3BC3-3A7D-A59F-8EAC9B2C6776}.Debug|x64.ActiveCfg = Debug|x64
		{DBD4C29C-3BC3-3A7D-A59F-8EAC9B2C6776}.Debug|x64.Build.0 = Debug|x64
		{DBD4C29C-3BC3-3A7D-A59F-8EAC9B2C6776}.Release|x64.ActiveCfg = Release|x64
		{DBD4C29C-3BC3-3A7D-A59F-8EAC9B2C6776}.Release|x64.Build.0 = Release|x64
		{DBD4C29C-3BC3-3A7D-A59F-8EAC9B2C6776}.MinSizeRel|x64.ActiveCfg = MinSizeRel|x64
		{DBD4C29C-3BC3-3A7D-A59F-8EAC9B2C6776}.MinSizeRel|x64.Build.0 = MinSizeRel|x64
		{DBD4C29C-3BC3-3A7D-A59F-8EAC9B2C6776}.RelWithDebInfo|x64.ActiveCfg = RelWithDebInfo|x64
		{DBD4C29C-3BC3-3A7D-A59F-8EAC9B2C6776}.RelWithDebInfo|x64.Build.0 = RelWithDebInfo|x64
		{E44DAA4E-4755-370D-8AEA-29E9FEEA6EC6}.Debug|x64.ActiveCfg = Debug|x64
		{E44DAA4E-4755-370D-8AEA-29E9FEEA6EC6}.Debug|x64.Build.0 = Debug|x64
		{E44DAA4E-4755-370D-8AEA-29E9FEEA6EC6}.Release|x64.ActiveCfg = Release|x64
		{E44DAA4E-4755-370D-8AEA-29E9FEEA6EC6}.Release|x64.Build.0 = Release|x64
		{E44DAA4E-4755-370D-8AEA-29E9FEEA6EC6}.MinSizeRel|x64.ActiveCfg = MinSizeRel|x64
		{E44DAA4E-4755-370D-8AEA-29E9FEEA6EC6}.MinSizeRel|x64.Build.0 = MinSizeRel|x64
		{E44DAA4E-4755-370D-8AEA-29E9FEEA6EC6}.RelWithDebInfo|x64.ActiveCfg = RelWithDebInfo|x64
		{E44DAA4E-4755-370D-8AEA-29E9FEEA6EC6}.RelWithDebInfo|x64.Build.0 = RelWithDebInfo|x64
		{14084177-02E1-3F24-864E-A8900E476AF5}.Debug|x64.ActiveCfg = Debug|x64
		{14084177-02E1-3F24-864E-A8900E476AF5}.Debug|x64.Build.0 = Debug|x64
		{14084177-02E1-3F24-864E-A8900E476AF5}.Release|x64.ActiveCfg = Release|x64
		{14084177-02E1-3F24-864E-A8900E476AF5}.Release|x64.Build.0 = Release|x64
		{14084177-02E1-3F24-864E-A8900E476AF5}.MinSizeRel|x64.ActiveCfg = MinSizeRel|x64
		{14084177-02E1-3F24-864E-A8900E476AF5}.MinSizeRel|x64.Build.0 = MinSizeRel|x64
		{14084177-02E1-3F24-864E-A8900E476AF5}.RelWithDebInfo|x64.ActiveCfg = RelWithDebInfo|x64
		{14084177-02E1-3F24-864E-A8900E476AF5}.RelWithDebInfo|x64.Build.0 = RelWithDebInfo|x64
		{AAB49744-6370-3B3A-B17C-386957B64F48}.Debug|x64.ActiveCfg = Debug|x64
		{AAB49744-6370-3B3A-B17C-386957B64F48}.Debug|x64.Build.0 = Debug|x64
		{AAB49744-6370-3B3A-B17C-386957B64F48}.Release|x64.ActiveCfg = Release|x64
		{AAB49744-6370-3B3A-B17C-386957B64F48}.Release|x64.Build.0 = Release|x64
		{AAB49744-6370-3B3A-B17C-386957B64F48}.MinSizeRel|x64.ActiveCfg = MinSizeRel|x64
		{AAB49744-6370-3B3A-B17C-386957B64F48}.MinSizeRel|x64.Build.0 = MinSizeRel|x64
		{AAB49744-6370-3B3A-B17C-386957B64F48}.RelWithDebInfo|x64.ActiveCfg = RelWithDebInfo|x64
		{AAB49744-6370-3B3A-B17C-386957B64F48}.RelWithDebInfo|x64.Build.0 = RelWithDebInfo|x64
		{2FA4F3E0-499B-3B57-A8D5-27FADEF3F6E7}.Debug|x64.ActiveCfg = Debug|x64
		{2FA4F3E0-499B-3B57-A8D5-27FADEF3F6E7}.Debug|x64.Build.0 = Debug|x64
		{2FA4F3E0-499B-3B57-A8D5-27FADEF3F6E7}.Release|x64.ActiveCfg = Release|x64
		{2FA4F3E0-499B-3B57-A8D5-27FADEF3F6E7}.Release|x64.Build.0 = Release|x64
		{2FA4F3E0-499B-3B57-A8D5-27FADEF3F6E7}.MinSizeRel|x64.ActiveCfg = MinSizeRel|x64
		{2FA4F3E0-499B-3B57-A8D5-27FADEF3F6E7}.MinSizeRel|x64.Build.0 = MinSizeRel|x64
		{2FA4F3E0-499B-3B57-A8D5-27FADEF3F6E7}.RelWithDebInfo|x64.ActiveCfg = RelWithDebInfo|x64
		{2FA4F3E0-499B-3B57-A8D5-27FADEF3F6E7}.RelWithDebInfo|x64.Build.0 = RelWithDebInfo|x64
		{2B722462-29A5-303A-9E00-53B9CC1C7BEA}.Debug|x64.ActiveCfg = Debug|x64
		{2B722462-29A5-303A-9E00-53B9CC1C7BEA}.Debug|x64.Build.0 = Debug|x64
		{2B722462-29A5-303A-9E00-53B9CC1C7BEA}.Release|x64.ActiveCfg = Release|x64
		{2B722462-29A5-303A-9E00-53B9CC1C7BEA}.Release|x64.Build.0 = Release|x64
		{2B722462-29A5-303A-9E00-53B9CC1C7BEA}.MinSizeRel|x64.ActiveCfg = MinSizeRel|x64
		{2B722462-29A5-303A-9E00-53B9CC1C7BEA}.MinSizeRel|x64.Build.0 = MinSizeRel|x64
		{2B722462-29A5-303A-9E00-53B9CC1C7BEA}.RelWithDebInfo|x64.ActiveCfg = RelWithDebInfo|x64
		{2B722462-29A5-303A-9E00-53B9CC1C7BEA}.RelWithDebInfo|x64.Build.0 = RelWithDebInfo|x64
		{0BAB3B69-2FF5-3FF0-B717-CE75E502CA01}.Debug|x64.ActiveCfg = Debug|x64
		{0BAB3B69-2FF5-3FF0-B717-CE75E502CA01}.Debug|x64.Build.0 = Debug|x64
		{0BAB3B69-2FF5-3FF0-B717-CE75E502CA01}.Release|x64.ActiveCfg = Release|x64
		{0BAB3B69-2FF5-3FF0-B717-CE75E502CA01}.Release|x64.Build.0 = Release|x64
		{0BAB3B69-2FF5-3FF0-B717-CE75E502CA01}.MinSizeRel|x64.ActiveCfg = MinSizeRel|x64
		{0BAB3B69-2FF5-3FF0-B717-CE75E502CA01}.MinSizeRel|x64.Build.0 = MinSizeRel|x64
		{0BAB3B69-2FF5-3FF0-B717-CE75E502CA01}.RelWithDebInfo|x64.ActiveCfg = RelWithDebInfo|x64
		{0BAB3B69-2FF5-3FF0-B717-CE75E502CA01}.RelWithDebInfo|x64.Build.0 = RelWithDebInfo|x64
		{B33AF0EF-D8A5-3373-8370-4440285B240A}.Debug|x64.ActiveCfg = Debug|x64
		{B33AF0EF-D8A5-3373-8370-4440285B240A}.Debug|x64.Build.0 = Debug|x64
		{B33AF0EF-D8A5-3373-8370-4440285B240A}.Release|x64.ActiveCfg = Release|x64
		{B33AF0EF-D8A5-3373-8370-4440285B240A}.Release|x64.Build.0 = Release|x64
		{B33AF0EF-D8A5-3373-8370-4440285B240A}.MinSizeRel|x64.ActiveCfg = MinSizeRel|x64
		{B33AF0EF-D8A5-3373-8370-4440285B240A}.MinSizeRel|x64.Build.0 = MinSizeRel|x64
		{B33AF0EF-D8A5-3373-8370-4440285B240A}.RelWithDebInfo|x64.ActiveCfg = RelWithDebInfo|x64
		{B33AF0EF-D8A5-3373-8370-4440285B240A}.RelWithDebInfo|x64.Build.0 = RelWithDebInfo|x64
		{E70ECFEB-D674-326F-893F-A9D505666700}.Debug|x64.ActiveCfg = Debug|x64
		{E70ECFEB-D674-326F-893F-A9D505666700}.Debug|x64.Build.0 = Debug|x64
		{E70ECFEB-D674-326F-893F-A9D505666700}.Release|x64.ActiveCfg = Release|x64
		{E70ECFEB-D674-326F-893F-A9D505666700}.Release|x64.Build.0 = Release|x64
		{E70ECFEB-D674-326F-893F-A9D505666700}.MinSizeRel|x64.ActiveCfg = MinSizeRel|x64
		{E70ECFEB-D674-326F-893F-A9D505666700}.MinSizeRel|x64.Build.0 = MinSizeRel|x64
		{E70ECFEB-D674-326F-893F-A9D505666700}.RelWithDebInfo|x64.ActiveCfg = RelWithDebInfo|x64
		{E70ECFEB-D674-326F-893F-A9D505666700}.RelWithDebInfo|x64.Build.0 = RelWithDebInfo|x64
		{759A7811-5DE5-337A-AAD8-A482A6428F13}.Debug|x64.ActiveCfg = Debug|x64
		{759A7811-5DE5-337A-AAD8-A482A6428F13}.Debug|x64.Build.0 = Debug|x64
		{759A7811-5DE5-337A-AAD8-A482A6428F13}.Release|x64.ActiveCfg = Release|x64
		{759A7811-5DE5-337A-AAD8-A482A6428F13}.Release|x64.Build.0 = Release|x64
		{759A7811-5DE5-337A-AAD8-A482A6428F13}.MinSizeRel|x64.ActiveCfg = MinSizeRel|x64
		{759A7811-5DE5-337A-AAD8-A482A6428F13}.MinSizeRel|x64.Build.0 = MinSizeRel|x64
		{759A7811-5DE5-337A-AAD8-A482A6428F13}.RelWithDebInfo|x64.ActiveCfg = RelWithDebInfo|x64
		{759A7811-5DE5-337A-AAD8-A482A6428F13}.RelWithDebInfo|x64.Build.0 = RelWithDebInfo|x64
	EndGlobalSection
	GlobalSection(ExtensibilityGlobals) = postSolution
		SolutionGuid = {6C3E8AD4-F9EC-3C7D-A7BF-1C136BB90A56}
	EndGlobalSection
	GlobalSection(ExtensibilityAddIns) = postSolution
	EndGlobalSection
EndGlobal
