
Microsoft Visual Studio Solution File, Format Version 12.00
# Visual Studio 15
VisualStudioVersion = 15.0.28010.2050
MinimumVisualStudioVersion = 10.0.40219.1
Project("{8BC9CEB8-8B4A-11D0-8D11-00A0C91BC942}") = "01 ErrorShow", "01-ErrorShow\01 ErrorShow.vcxproj", "{295C40B1-3E0C-4342-932D-DC6FB68DF7BD}"
EndProject
Project("{8BC9CEB8-8B4A-11D0-8D11-00A0C91BC942}") = "04 ProcessInfo", "04-ProcessInfo\04 ProcessInfo.vcxproj", "{3562BB0D-704C-408E-97F0-C03A1CD5B0D1}"
EndProject
Project("{8BC9CEB8-8B4A-11D0-8D11-00A0C91BC942}") = "05 JobLab", "05-JobLab\05 JobLab.vcxproj", "{54FB8576-A247-4C82-BEAA-6D9E89D37F1F}"
EndProject
Project("{8BC9CEB8-8B4A-11D0-8D11-00A0C91BC942}") = "07 SchedLab", "07-SchedLab\07 SchedLab.vcxproj", "{7DE6B7BE-8C6E-431A-850A-0220D8F7F8A7}"
EndProject
Project("{8BC9CEB8-8B4A-11D0-8D11-00A0C91BC942}") = "09 Handshake", "09-Handshake\09 Handshake.vcxproj", "{665C09FF-0619-4614-B26D-0A0B29A9A2E2}"
EndProject
Project("{8BC9CEB8-8B4A-11D0-8D11-00A0C91BC942}") = "09 Queue", "09-Queue\09 Queue.vcxproj", "{D5291017-3FFC-47DC-B015-E5EA018709B4}"
EndProject
Project("{8BC9CEB8-8B4A-11D0-8D11-00A0C91BC942}") = "10 InterlockedType", "10-InterlockedType\10 InterlockedType.vcxproj", "{C32D9293-2CB5-4CFE-8278-9C5241D9CEF4}"
EndProject
Project("{8BC9CEB8-8B4A-11D0-8D11-00A0C91BC942}") = "10 Optex", "10-Optex\10 Optex.vcxproj", "{52D2F618-74E8-4926-8414-0BDE51829C20}"
EndProject
Project("{8BC9CEB8-8B4A-11D0-8D11-00A0C91BC942}") = "10 SWMRG", "10-SWMRG\10 SWMRG.vcxproj", "{F73CADFE-5C82-475E-9028-A8CEF7B83DDE}"
EndProject
Project("{8BC9CEB8-8B4A-11D0-8D11-00A0C91BC942}") = "10 WaitForMultExp", "10-WaitForMultExp\10 WaitForMultExp.vcxproj", "{E540C251-DC88-45DE-874C-D3A1709422D6}"
EndProject
Project("{8BC9CEB8-8B4A-11D0-8D11-00A0C91BC942}") = "11 TimedMsgBox", "11-TimedMsgBox\11 TimedMsgBox.vcxproj", "{D86DEBE6-3C74-4D2B-ADE7-8D8059E9BFA0}"
EndProject
Project("{8BC9CEB8-8B4A-11D0-8D11-00A0C91BC942}") = "12 Counter", "12-Counter\12 Counter.vcxproj", "{AECD5545-A19C-4B9C-B0B9-184B4E552D22}"
EndProject
Project("{8BC9CEB8-8B4A-11D0-8D11-00A0C91BC942}") = "14 SysInfo", "14-SysInfo\14 SysInfo.vcxproj", "{E1575708-18F9-4588-AA2B-E8D255E208D4}"
EndProject
Project("{8BC9CEB8-8B4A-11D0-8D11-00A0C91BC942}") = "14 VMMap", "14-VMMap\14 VMMap.vcxproj", "{424A4F79-C525-4ECB-AC32-C515CCD87E8E}"
EndProject
Project("{8BC9CEB8-8B4A-11D0-8D11-00A0C91BC942}") = "14 VMStat", "14-VMStat\14 VMStat.vcxproj", "{0A21A79F-E277-4D9E-B63D-338521488BB3}"
EndProject
Project("{8BC9CEB8-8B4A-11D0-8D11-00A0C91BC942}") = "15 AWE", "15-AWE\15 AWE.vcxproj", "{B0128E15-1412-4799-A99E-0227CE83AE02}"
EndProject
Project("{8BC9CEB8-8B4A-11D0-8D11-00A0C91BC942}") = "15 MemReset", "15-MemReset\15 MemReset.vcxproj", "{A1FB4EF9-D694-4052-B366-F4B515F01B8C}"
EndProject
Project("{8BC9CEB8-8B4A-11D0-8D11-00A0C91BC942}") = "15 VMAlloc", "15-VMAlloc\15 VMAlloc.vcxproj", "{1B1E84CF-F7D4-4A59-B607-8DBD7033B2A8}"
EndProject
Project("{8BC9CEB8-8B4A-11D0-8D11-00A0C91BC942}") = "16 Summation", "16-Summation\16 Summation.vcxproj", "{7D668857-DD33-44E5-A854-BE08410FC56B}"
EndProject
Project("{8BC9CEB8-8B4A-11D0-8D11-00A0C91BC942}") = "17 AppInst", "17-AppInst\17 AppInst.vcxproj", "{4972BB6E-0F84-40AF-B7C4-EF61BA0BDCFF}"
EndProject
Project("{8BC9CEB8-8B4A-11D0-8D11-00A0C91BC942}") = "17 FileRev", "17-FileRev\17 FileRev.vcxproj", "{1D7E3D69-927F-450C-BC6F-C93B15C5BC13}"
EndProject
Project("{8BC9CEB8-8B4A-11D0-8D11-00A0C91BC942}") = "17 MMFShare", "17-MMFShare\17 MMFShare.vcxproj", "{FD2B60D7-E281-4ECC-906C-D3430C4FE86A}"
EndProject
Project("{8BC9CEB8-8B4A-11D0-8D11-00A0C91BC942}") = "17 MMFSparse", "17-MMFSparse\17 MMFSparse.vcxproj", "{D4A21DA3-7751-41B5-A1D2-38D7909A4233}"
EndProject
Project("{8BC9CEB8-8B4A-11D0-8D11-00A0C91BC942}") = "20 DelayLoadApp", "20-DelayLoadApp\20 DelayLoadApp.vcxproj", "{313E248B-5508-48F6-B31D-E153F6BAFB09}"
EndProject
Project("{8BC9CEB8-8B4A-11D0-8D11-00A0C91BC942}") = "20 DelayLoadLib", "20-DelayLoadLib\20 DelayLoadLib.vcxproj", "{4A0A7DB4-638B-47B9-8041-CCEE51FDB6C7}"
EndProject
Project("{8BC9CEB8-8B4A-11D0-8D11-00A0C91BC942}") = "22 DIPS", "22-DIPS\22 DIPS.vcxproj", "{214D347F-8E8D-4A97-9A0E-E945CA32B2F1}"
EndProject
Project("{8BC9CEB8-8B4A-11D0-8D11-00A0C91BC942}") = "22 DIPSLib", "22-DIPSLib\22 DIPSLib.vcxproj", "{2072CFA6-2F50-49C2-9D88-C1017B82DC98}"
EndProject
Project("{8BC9CEB8-8B4A-11D0-8D11-00A0C91BC942}") = "22 ImgWalk", "22-ImgWalk\22 ImgWalk.vcxproj", "{8C961184-F407-443B-8932-377B07091B69}"
EndProject
Project("{8BC9CEB8-8B4A-11D0-8D11-00A0C91BC942}") = "22 InjLib", "22-InjLib\22 InjLib.vcxproj", "{7AF26B5F-880B-497B-A52C-C5CA2A04A462}"
EndProject
Project("{8BC9CEB8-8B4A-11D0-8D11-00A0C91BC942}") = "22 LastMsgBoxInfo", "22-LastMsgBoxInfo\22 LastMsgBoxInfo.vcxproj", "{76273BCE-2409-4063-B1B6-672BA0842BBD}"
EndProject
Project("{8BC9CEB8-8B4A-11D0-8D11-00A0C91BC942}") = "22 LastMsgBoxInfoLib", "22-LastMsgBoxInfoLib\22 LastMsgBoxInfoLib.vcxproj", "{85F15947-D05D-401E-AA17-09AA18EC8AA7}"
EndProject
Project("{8BC9CEB8-8B4A-11D0-8D11-00A0C91BC942}") = "23 SEHTerm", "23-SEHTerm\23 SEHTerm.vcxproj", "{E03F3B1B-11A1-4C0B-8D11-1829D4D466C2}"
EndProject
Project("{8BC9CEB8-8B4A-11D0-8D11-00A0C91BC942}") = "25 Spreadsheet", "25-Spreadsheet\25 Spreadsheet.vcxproj", "{3D590672-E315-4985-B923-67B259A58C52}"
EndProject
Project("{8BC9CEB8-8B4A-11D0-8D11-00A0C91BC942}") = "26 CopyData", "26-CopyData\26 CopyData.vcxproj", "{8F5A2569-E810-4CD9-87FB-987CAEC912D1}"
EndProject
Project("{8BC9CEB8-8B4A-11D0-8D11-00A0C91BC942}") = "27 LISLab", "27-LISLab\27 LISLab.vcxproj", "{4DBAFFAB-A313-401B-AC7C-7A35B25435A1}"
EndProject
Project("{8BC9CEB8-8B4A-11D0-8D11-00A0C91BC942}") = "27 LISWatch", "27-LISWatch\27 LISWatch.vcxproj", "{BEF0D69B-DB08-4809-A903-2C679B941E79}"
EndProject
Global
	GlobalSection(SolutionConfigurationPlatforms) = preSolution
		Alpha32 Debug|x86 = Alpha32 Debug|x86
		Alpha32 Release|x86 = Alpha32 Release|x86
		Debug|x86 = Debug|x86
		Release|x86 = Release|x86
		Template|x86 = Template|x86
	EndGlobalSection
	GlobalSection(ProjectConfigurationPlatforms) = postSolution
		{295C40B1-3E0C-4342-932D-DC6FB68DF7BD}.Alpha32 Debug|x86.ActiveCfg = Alpha32 Debug|Win32
		{295C40B1-3E0C-4342-932D-DC6FB68DF7BD}.Alpha32 Debug|x86.Build.0 = Alpha32 Debug|Win32
		{295C40B1-3E0C-4342-932D-DC6FB68DF7BD}.Alpha32 Release|x86.ActiveCfg = Alpha32 Release|Win32
		{295C40B1-3E0C-4342-932D-DC6FB68DF7BD}.Alpha32 Release|x86.Build.0 = Alpha32 Release|Win32
		{295C40B1-3E0C-4342-932D-DC6FB68DF7BD}.Debug|x86.ActiveCfg = Debug|Win32
		{295C40B1-3E0C-4342-932D-DC6FB68DF7BD}.Debug|x86.Build.0 = Debug|Win32
		{295C40B1-3E0C-4342-932D-DC6FB68DF7BD}.Release|x86.ActiveCfg = Release|Win32
		{295C40B1-3E0C-4342-932D-DC6FB68DF7BD}.Release|x86.Build.0 = Release|Win32
		{295C40B1-3E0C-4342-932D-DC6FB68DF7BD}.Template|x86.ActiveCfg = Alpha32 Release|Win32
		{295C40B1-3E0C-4342-932D-DC6FB68DF7BD}.Template|x86.Build.0 = Alpha32 Release|Win32
		{3562BB0D-704C-408E-97F0-C03A1CD5B0D1}.Alpha32 Debug|x86.ActiveCfg = Alpha32 Debug|Win32
		{3562BB0D-704C-408E-97F0-C03A1CD5B0D1}.Alpha32 Debug|x86.Build.0 = Alpha32 Debug|Win32
		{3562BB0D-704C-408E-97F0-C03A1CD5B0D1}.Alpha32 Release|x86.ActiveCfg = Alpha32 Release|Win32
		{3562BB0D-704C-408E-97F0-C03A1CD5B0D1}.Alpha32 Release|x86.Build.0 = Alpha32 Release|Win32
		{3562BB0D-704C-408E-97F0-C03A1CD5B0D1}.Debug|x86.ActiveCfg = Debug|Win32
		{3562BB0D-704C-408E-97F0-C03A1CD5B0D1}.Debug|x86.Build.0 = Debug|Win32
		{3562BB0D-704C-408E-97F0-C03A1CD5B0D1}.Release|x86.ActiveCfg = Release|Win32
		{3562BB0D-704C-408E-97F0-C03A1CD5B0D1}.Release|x86.Build.0 = Release|Win32
		{3562BB0D-704C-408E-97F0-C03A1CD5B0D1}.Template|x86.ActiveCfg = Template|Win32
		{3562BB0D-704C-408E-97F0-C03A1CD5B0D1}.Template|x86.Build.0 = Template|Win32
		{54FB8576-A247-4C82-BEAA-6D9E89D37F1F}.Alpha32 Debug|x86.ActiveCfg = Alpha32 Debug|Win32
		{54FB8576-A247-4C82-BEAA-6D9E89D37F1F}.Alpha32 Debug|x86.Build.0 = Alpha32 Debug|Win32
		{54FB8576-A247-4C82-BEAA-6D9E89D37F1F}.Alpha32 Release|x86.ActiveCfg = Alpha32 Release|Win32
		{54FB8576-A247-4C82-BEAA-6D9E89D37F1F}.Alpha32 Release|x86.Build.0 = Alpha32 Release|Win32
		{54FB8576-A247-4C82-BEAA-6D9E89D37F1F}.Debug|x86.ActiveCfg = Debug|Win32
		{54FB8576-A247-4C82-BEAA-6D9E89D37F1F}.Debug|x86.Build.0 = Debug|Win32
		{54FB8576-A247-4C82-BEAA-6D9E89D37F1F}.Release|x86.ActiveCfg = Release|Win32
		{54FB8576-A247-4C82-BEAA-6D9E89D37F1F}.Release|x86.Build.0 = Release|Win32
		{54FB8576-A247-4C82-BEAA-6D9E89D37F1F}.Template|x86.ActiveCfg = Template|Win32
		{54FB8576-A247-4C82-BEAA-6D9E89D37F1F}.Template|x86.Build.0 = Template|Win32
		{7DE6B7BE-8C6E-431A-850A-0220D8F7F8A7}.Alpha32 Debug|x86.ActiveCfg = Alpha32 Debug|Win32
		{7DE6B7BE-8C6E-431A-850A-0220D8F7F8A7}.Alpha32 Debug|x86.Build.0 = Alpha32 Debug|Win32
		{7DE6B7BE-8C6E-431A-850A-0220D8F7F8A7}.Alpha32 Release|x86.ActiveCfg = Alpha32 Release|Win32
		{7DE6B7BE-8C6E-431A-850A-0220D8F7F8A7}.Alpha32 Release|x86.Build.0 = Alpha32 Release|Win32
		{7DE6B7BE-8C6E-431A-850A-0220D8F7F8A7}.Debug|x86.ActiveCfg = Debug|Win32
		{7DE6B7BE-8C6E-431A-850A-0220D8F7F8A7}.Debug|x86.Build.0 = Debug|Win32
		{7DE6B7BE-8C6E-431A-850A-0220D8F7F8A7}.Release|x86.ActiveCfg = Release|Win32
		{7DE6B7BE-8C6E-431A-850A-0220D8F7F8A7}.Release|x86.Build.0 = Release|Win32
		{7DE6B7BE-8C6E-431A-850A-0220D8F7F8A7}.Template|x86.ActiveCfg = Template|Win32
		{7DE6B7BE-8C6E-431A-850A-0220D8F7F8A7}.Template|x86.Build.0 = Template|Win32
		{665C09FF-0619-4614-B26D-0A0B29A9A2E2}.Alpha32 Debug|x86.ActiveCfg = Alpha32 Debug|Win32
		{665C09FF-0619-4614-B26D-0A0B29A9A2E2}.Alpha32 Debug|x86.Build.0 = Alpha32 Debug|Win32
		{665C09FF-0619-4614-B26D-0A0B29A9A2E2}.Alpha32 Release|x86.ActiveCfg = Alpha32 Release|Win32
		{665C09FF-0619-4614-B26D-0A0B29A9A2E2}.Alpha32 Release|x86.Build.0 = Alpha32 Release|Win32
		{665C09FF-0619-4614-B26D-0A0B29A9A2E2}.Debug|x86.ActiveCfg = Debug|Win32
		{665C09FF-0619-4614-B26D-0A0B29A9A2E2}.Debug|x86.Build.0 = Debug|Win32
		{665C09FF-0619-4614-B26D-0A0B29A9A2E2}.Release|x86.ActiveCfg = Release|Win32
		{665C09FF-0619-4614-B26D-0A0B29A9A2E2}.Release|x86.Build.0 = Release|Win32
		{665C09FF-0619-4614-B26D-0A0B29A9A2E2}.Template|x86.ActiveCfg = Template|Win32
		{665C09FF-0619-4614-B26D-0A0B29A9A2E2}.Template|x86.Build.0 = Template|Win32
		{D5291017-3FFC-47DC-B015-E5EA018709B4}.Alpha32 Debug|x86.ActiveCfg = Alpha32 Debug|Win32
		{D5291017-3FFC-47DC-B015-E5EA018709B4}.Alpha32 Debug|x86.Build.0 = Alpha32 Debug|Win32
		{D5291017-3FFC-47DC-B015-E5EA018709B4}.Alpha32 Release|x86.ActiveCfg = Alpha32 Release|Win32
		{D5291017-3FFC-47DC-B015-E5EA018709B4}.Alpha32 Release|x86.Build.0 = Alpha32 Release|Win32
		{D5291017-3FFC-47DC-B015-E5EA018709B4}.Debug|x86.ActiveCfg = Debug|Win32
		{D5291017-3FFC-47DC-B015-E5EA018709B4}.Debug|x86.Build.0 = Debug|Win32
		{D5291017-3FFC-47DC-B015-E5EA018709B4}.Release|x86.ActiveCfg = Release|Win32
		{D5291017-3FFC-47DC-B015-E5EA018709B4}.Release|x86.Build.0 = Release|Win32
		{D5291017-3FFC-47DC-B015-E5EA018709B4}.Template|x86.ActiveCfg = Template|Win32
		{D5291017-3FFC-47DC-B015-E5EA018709B4}.Template|x86.Build.0 = Template|Win32
		{C32D9293-2CB5-4CFE-8278-9C5241D9CEF4}.Alpha32 Debug|x86.ActiveCfg = Alpha32 Debug|Win32
		{C32D9293-2CB5-4CFE-8278-9C5241D9CEF4}.Alpha32 Debug|x86.Build.0 = Alpha32 Debug|Win32
		{C32D9293-2CB5-4CFE-8278-9C5241D9CEF4}.Alpha32 Release|x86.ActiveCfg = Alpha32 Release|Win32
		{C32D9293-2CB5-4CFE-8278-9C5241D9CEF4}.Alpha32 Release|x86.Build.0 = Alpha32 Release|Win32
		{C32D9293-2CB5-4CFE-8278-9C5241D9CEF4}.Debug|x86.ActiveCfg = Debug|Win32
		{C32D9293-2CB5-4CFE-8278-9C5241D9CEF4}.Debug|x86.Build.0 = Debug|Win32
		{C32D9293-2CB5-4CFE-8278-9C5241D9CEF4}.Release|x86.ActiveCfg = Release|Win32
		{C32D9293-2CB5-4CFE-8278-9C5241D9CEF4}.Release|x86.Build.0 = Release|Win32
		{C32D9293-2CB5-4CFE-8278-9C5241D9CEF4}.Template|x86.ActiveCfg = Template|Win32
		{C32D9293-2CB5-4CFE-8278-9C5241D9CEF4}.Template|x86.Build.0 = Template|Win32
		{52D2F618-74E8-4926-8414-0BDE51829C20}.Alpha32 Debug|x86.ActiveCfg = Alpha32 Debug|Win32
		{52D2F618-74E8-4926-8414-0BDE51829C20}.Alpha32 Debug|x86.Build.0 = Alpha32 Debug|Win32
		{52D2F618-74E8-4926-8414-0BDE51829C20}.Alpha32 Release|x86.ActiveCfg = Alpha32 Release|Win32
		{52D2F618-74E8-4926-8414-0BDE51829C20}.Alpha32 Release|x86.Build.0 = Alpha32 Release|Win32
		{52D2F618-74E8-4926-8414-0BDE51829C20}.Debug|x86.ActiveCfg = Debug|Win32
		{52D2F618-74E8-4926-8414-0BDE51829C20}.Debug|x86.Build.0 = Debug|Win32
		{52D2F618-74E8-4926-8414-0BDE51829C20}.Release|x86.ActiveCfg = Release|Win32
		{52D2F618-74E8-4926-8414-0BDE51829C20}.Release|x86.Build.0 = Release|Win32
		{52D2F618-74E8-4926-8414-0BDE51829C20}.Template|x86.ActiveCfg = Template|Win32
		{52D2F618-74E8-4926-8414-0BDE51829C20}.Template|x86.Build.0 = Template|Win32
		{F73CADFE-5C82-475E-9028-A8CEF7B83DDE}.Alpha32 Debug|x86.ActiveCfg = Alpha32 Debug|Win32
		{F73CADFE-5C82-475E-9028-A8CEF7B83DDE}.Alpha32 Debug|x86.Build.0 = Alpha32 Debug|Win32
		{F73CADFE-5C82-475E-9028-A8CEF7B83DDE}.Alpha32 Release|x86.ActiveCfg = Alpha32 Release|Win32
		{F73CADFE-5C82-475E-9028-A8CEF7B83DDE}.Alpha32 Release|x86.Build.0 = Alpha32 Release|Win32
		{F73CADFE-5C82-475E-9028-A8CEF7B83DDE}.Debug|x86.ActiveCfg = Debug|Win32
		{F73CADFE-5C82-475E-9028-A8CEF7B83DDE}.Debug|x86.Build.0 = Debug|Win32
		{F73CADFE-5C82-475E-9028-A8CEF7B83DDE}.Release|x86.ActiveCfg = Release|Win32
		{F73CADFE-5C82-475E-9028-A8CEF7B83DDE}.Release|x86.Build.0 = Release|Win32
		{F73CADFE-5C82-475E-9028-A8CEF7B83DDE}.Template|x86.ActiveCfg = Template|Win32
		{F73CADFE-5C82-475E-9028-A8CEF7B83DDE}.Template|x86.Build.0 = Template|Win32
		{E540C251-DC88-45DE-874C-D3A1709422D6}.Alpha32 Debug|x86.ActiveCfg = Alpha32 Debug|Win32
		{E540C251-DC88-45DE-874C-D3A1709422D6}.Alpha32 Debug|x86.Build.0 = Alpha32 Debug|Win32
		{E540C251-DC88-45DE-874C-D3A1709422D6}.Alpha32 Release|x86.ActiveCfg = Alpha32 Release|Win32
		{E540C251-DC88-45DE-874C-D3A1709422D6}.Alpha32 Release|x86.Build.0 = Alpha32 Release|Win32
		{E540C251-DC88-45DE-874C-D3A1709422D6}.Debug|x86.ActiveCfg = Debug|Win32
		{E540C251-DC88-45DE-874C-D3A1709422D6}.Debug|x86.Build.0 = Debug|Win32
		{E540C251-DC88-45DE-874C-D3A1709422D6}.Release|x86.ActiveCfg = Release|Win32
		{E540C251-DC88-45DE-874C-D3A1709422D6}.Release|x86.Build.0 = Release|Win32
		{E540C251-DC88-45DE-874C-D3A1709422D6}.Template|x86.ActiveCfg = Template|Win32
		{E540C251-DC88-45DE-874C-D3A1709422D6}.Template|x86.Build.0 = Template|Win32
		{D86DEBE6-3C74-4D2B-ADE7-8D8059E9BFA0}.Alpha32 Debug|x86.ActiveCfg = Alpha32 Debug|Win32
		{D86DEBE6-3C74-4D2B-ADE7-8D8059E9BFA0}.Alpha32 Debug|x86.Build.0 = Alpha32 Debug|Win32
		{D86DEBE6-3C74-4D2B-ADE7-8D8059E9BFA0}.Alpha32 Release|x86.ActiveCfg = Alpha32 Release|Win32
		{D86DEBE6-3C74-4D2B-ADE7-8D8059E9BFA0}.Alpha32 Release|x86.Build.0 = Alpha32 Release|Win32
		{D86DEBE6-3C74-4D2B-ADE7-8D8059E9BFA0}.Debug|x86.ActiveCfg = Debug|Win32
		{D86DEBE6-3C74-4D2B-ADE7-8D8059E9BFA0}.Debug|x86.Build.0 = Debug|Win32
		{D86DEBE6-3C74-4D2B-ADE7-8D8059E9BFA0}.Release|x86.ActiveCfg = Release|Win32
		{D86DEBE6-3C74-4D2B-ADE7-8D8059E9BFA0}.Release|x86.Build.0 = Release|Win32
		{D86DEBE6-3C74-4D2B-ADE7-8D8059E9BFA0}.Template|x86.ActiveCfg = Template|Win32
		{D86DEBE6-3C74-4D2B-ADE7-8D8059E9BFA0}.Template|x86.Build.0 = Template|Win32
		{AECD5545-A19C-4B9C-B0B9-184B4E552D22}.Alpha32 Debug|x86.ActiveCfg = Alpha32 Debug|Win32
		{AECD5545-A19C-4B9C-B0B9-184B4E552D22}.Alpha32 Debug|x86.Build.0 = Alpha32 Debug|Win32
		{AECD5545-A19C-4B9C-B0B9-184B4E552D22}.Alpha32 Release|x86.ActiveCfg = Alpha32 Release|Win32
		{AECD5545-A19C-4B9C-B0B9-184B4E552D22}.Alpha32 Release|x86.Build.0 = Alpha32 Release|Win32
		{AECD5545-A19C-4B9C-B0B9-184B4E552D22}.Debug|x86.ActiveCfg = Debug|Win32
		{AECD5545-A19C-4B9C-B0B9-184B4E552D22}.Debug|x86.Build.0 = Debug|Win32
		{AECD5545-A19C-4B9C-B0B9-184B4E552D22}.Release|x86.ActiveCfg = Release|Win32
		{AECD5545-A19C-4B9C-B0B9-184B4E552D22}.Release|x86.Build.0 = Release|Win32
		{AECD5545-A19C-4B9C-B0B9-184B4E552D22}.Template|x86.ActiveCfg = Template|Win32
		{AECD5545-A19C-4B9C-B0B9-184B4E552D22}.Template|x86.Build.0 = Template|Win32
		{E1575708-18F9-4588-AA2B-E8D255E208D4}.Alpha32 Debug|x86.ActiveCfg = Alpha32 Debug|Win32
		{E1575708-18F9-4588-AA2B-E8D255E208D4}.Alpha32 Debug|x86.Build.0 = Alpha32 Debug|Win32
		{E1575708-18F9-4588-AA2B-E8D255E208D4}.Alpha32 Release|x86.ActiveCfg = Alpha32 Release|Win32
		{E1575708-18F9-4588-AA2B-E8D255E208D4}.Alpha32 Release|x86.Build.0 = Alpha32 Release|Win32
		{E1575708-18F9-4588-AA2B-E8D255E208D4}.Debug|x86.ActiveCfg = Debug|Win32
		{E1575708-18F9-4588-AA2B-E8D255E208D4}.Debug|x86.Build.0 = Debug|Win32
		{E1575708-18F9-4588-AA2B-E8D255E208D4}.Release|x86.ActiveCfg = Release|Win32
		{E1575708-18F9-4588-AA2B-E8D255E208D4}.Release|x86.Build.0 = Release|Win32
		{E1575708-18F9-4588-AA2B-E8D255E208D4}.Template|x86.ActiveCfg = Template|Win32
		{E1575708-18F9-4588-AA2B-E8D255E208D4}.Template|x86.Build.0 = Template|Win32
		{424A4F79-C525-4ECB-AC32-C515CCD87E8E}.Alpha32 Debug|x86.ActiveCfg = Alpha32 Debug|Win32
		{424A4F79-C525-4ECB-AC32-C515CCD87E8E}.Alpha32 Debug|x86.Build.0 = Alpha32 Debug|Win32
		{424A4F79-C525-4ECB-AC32-C515CCD87E8E}.Alpha32 Release|x86.ActiveCfg = Alpha32 Release|Win32
		{424A4F79-C525-4ECB-AC32-C515CCD87E8E}.Alpha32 Release|x86.Build.0 = Alpha32 Release|Win32
		{424A4F79-C525-4ECB-AC32-C515CCD87E8E}.Debug|x86.ActiveCfg = Debug|Win32
		{424A4F79-C525-4ECB-AC32-C515CCD87E8E}.Debug|x86.Build.0 = Debug|Win32
		{424A4F79-C525-4ECB-AC32-C515CCD87E8E}.Release|x86.ActiveCfg = Release|Win32
		{424A4F79-C525-4ECB-AC32-C515CCD87E8E}.Release|x86.Build.0 = Release|Win32
		{424A4F79-C525-4ECB-AC32-C515CCD87E8E}.Template|x86.ActiveCfg = Template|Win32
		{424A4F79-C525-4ECB-AC32-C515CCD87E8E}.Template|x86.Build.0 = Template|Win32
		{0A21A79F-E277-4D9E-B63D-338521488BB3}.Alpha32 Debug|x86.ActiveCfg = Alpha32 Debug|Win32
		{0A21A79F-E277-4D9E-B63D-338521488BB3}.Alpha32 Debug|x86.Build.0 = Alpha32 Debug|Win32
		{0A21A79F-E277-4D9E-B63D-338521488BB3}.Alpha32 Release|x86.ActiveCfg = Alpha32 Release|Win32
		{0A21A79F-E277-4D9E-B63D-338521488BB3}.Alpha32 Release|x86.Build.0 = Alpha32 Release|Win32
		{0A21A79F-E277-4D9E-B63D-338521488BB3}.Debug|x86.ActiveCfg = Debug|Win32
		{0A21A79F-E277-4D9E-B63D-338521488BB3}.Debug|x86.Build.0 = Debug|Win32
		{0A21A79F-E277-4D9E-B63D-338521488BB3}.Release|x86.ActiveCfg = Release|Win32
		{0A21A79F-E277-4D9E-B63D-338521488BB3}.Release|x86.Build.0 = Release|Win32
		{0A21A79F-E277-4D9E-B63D-338521488BB3}.Template|x86.ActiveCfg = Template|Win32
		{0A21A79F-E277-4D9E-B63D-338521488BB3}.Template|x86.Build.0 = Template|Win32
		{B0128E15-1412-4799-A99E-0227CE83AE02}.Alpha32 Debug|x86.ActiveCfg = Alpha32 Debug|Win32
		{B0128E15-1412-4799-A99E-0227CE83AE02}.Alpha32 Debug|x86.Build.0 = Alpha32 Debug|Win32
		{B0128E15-1412-4799-A99E-0227CE83AE02}.Alpha32 Release|x86.ActiveCfg = Alpha32 Release|Win32
		{B0128E15-1412-4799-A99E-0227CE83AE02}.Alpha32 Release|x86.Build.0 = Alpha32 Release|Win32
		{B0128E15-1412-4799-A99E-0227CE83AE02}.Debug|x86.ActiveCfg = Debug|Win32
		{B0128E15-1412-4799-A99E-0227CE83AE02}.Debug|x86.Build.0 = Debug|Win32
		{B0128E15-1412-4799-A99E-0227CE83AE02}.Release|x86.ActiveCfg = Release|Win32
		{B0128E15-1412-4799-A99E-0227CE83AE02}.Release|x86.Build.0 = Release|Win32
		{B0128E15-1412-4799-A99E-0227CE83AE02}.Template|x86.ActiveCfg = Template|Win32
		{B0128E15-1412-4799-A99E-0227CE83AE02}.Template|x86.Build.0 = Template|Win32
		{A1FB4EF9-D694-4052-B366-F4B515F01B8C}.Alpha32 Debug|x86.ActiveCfg = Alpha32 Debug|Win32
		{A1FB4EF9-D694-4052-B366-F4B515F01B8C}.Alpha32 Debug|x86.Build.0 = Alpha32 Debug|Win32
		{A1FB4EF9-D694-4052-B366-F4B515F01B8C}.Alpha32 Release|x86.ActiveCfg = Alpha32 Release|Win32
		{A1FB4EF9-D694-4052-B366-F4B515F01B8C}.Alpha32 Release|x86.Build.0 = Alpha32 Release|Win32
		{A1FB4EF9-D694-4052-B366-F4B515F01B8C}.Debug|x86.ActiveCfg = Debug|Win32
		{A1FB4EF9-D694-4052-B366-F4B515F01B8C}.Debug|x86.Build.0 = Debug|Win32
		{A1FB4EF9-D694-4052-B366-F4B515F01B8C}.Release|x86.ActiveCfg = Release|Win32
		{A1FB4EF9-D694-4052-B366-F4B515F01B8C}.Release|x86.Build.0 = Release|Win32
		{A1FB4EF9-D694-4052-B366-F4B515F01B8C}.Template|x86.ActiveCfg = Template|Win32
		{A1FB4EF9-D694-4052-B366-F4B515F01B8C}.Template|x86.Build.0 = Template|Win32
		{1B1E84CF-F7D4-4A59-B607-8DBD7033B2A8}.Alpha32 Debug|x86.ActiveCfg = Alpha32 Debug|Win32
		{1B1E84CF-F7D4-4A59-B607-8DBD7033B2A8}.Alpha32 Debug|x86.Build.0 = Alpha32 Debug|Win32
		{1B1E84CF-F7D4-4A59-B607-8DBD7033B2A8}.Alpha32 Release|x86.ActiveCfg = Alpha32 Release|Win32
		{1B1E84CF-F7D4-4A59-B607-8DBD7033B2A8}.Alpha32 Release|x86.Build.0 = Alpha32 Release|Win32
		{1B1E84CF-F7D4-4A59-B607-8DBD7033B2A8}.Debug|x86.ActiveCfg = Debug|Win32
		{1B1E84CF-F7D4-4A59-B607-8DBD7033B2A8}.Debug|x86.Build.0 = Debug|Win32
		{1B1E84CF-F7D4-4A59-B607-8DBD7033B2A8}.Release|x86.ActiveCfg = Release|Win32
		{1B1E84CF-F7D4-4A59-B607-8DBD7033B2A8}.Release|x86.Build.0 = Release|Win32
		{1B1E84CF-F7D4-4A59-B607-8DBD7033B2A8}.Template|x86.ActiveCfg = Template|Win32
		{1B1E84CF-F7D4-4A59-B607-8DBD7033B2A8}.Template|x86.Build.0 = Template|Win32
		{7D668857-DD33-44E5-A854-BE08410FC56B}.Alpha32 Debug|x86.ActiveCfg = Alpha32 Debug|Win32
		{7D668857-DD33-44E5-A854-BE08410FC56B}.Alpha32 Debug|x86.Build.0 = Alpha32 Debug|Win32
		{7D668857-DD33-44E5-A854-BE08410FC56B}.Alpha32 Release|x86.ActiveCfg = Alpha32 Release|Win32
		{7D668857-DD33-44E5-A854-BE08410FC56B}.Alpha32 Release|x86.Build.0 = Alpha32 Release|Win32
		{7D668857-DD33-44E5-A854-BE08410FC56B}.Debug|x86.ActiveCfg = Debug|Win32
		{7D668857-DD33-44E5-A854-BE08410FC56B}.Debug|x86.Build.0 = Debug|Win32
		{7D668857-DD33-44E5-A854-BE08410FC56B}.Release|x86.ActiveCfg = Release|Win32
		{7D668857-DD33-44E5-A854-BE08410FC56B}.Release|x86.Build.0 = Release|Win32
		{7D668857-DD33-44E5-A854-BE08410FC56B}.Template|x86.ActiveCfg = Template|Win32
		{7D668857-DD33-44E5-A854-BE08410FC56B}.Template|x86.Build.0 = Template|Win32
		{4972BB6E-0F84-40AF-B7C4-EF61BA0BDCFF}.Alpha32 Debug|x86.ActiveCfg = Alpha32 Debug|Win32
		{4972BB6E-0F84-40AF-B7C4-EF61BA0BDCFF}.Alpha32 Debug|x86.Build.0 = Alpha32 Debug|Win32
		{4972BB6E-0F84-40AF-B7C4-EF61BA0BDCFF}.Alpha32 Release|x86.ActiveCfg = Alpha32 Release|Win32
		{4972BB6E-0F84-40AF-B7C4-EF61BA0BDCFF}.Alpha32 Release|x86.Build.0 = Alpha32 Release|Win32
		{4972BB6E-0F84-40AF-B7C4-EF61BA0BDCFF}.Debug|x86.ActiveCfg = Debug|Win32
		{4972BB6E-0F84-40AF-B7C4-EF61BA0BDCFF}.Debug|x86.Build.0 = Debug|Win32
		{4972BB6E-0F84-40AF-B7C4-EF61BA0BDCFF}.Release|x86.ActiveCfg = Release|Win32
		{4972BB6E-0F84-40AF-B7C4-EF61BA0BDCFF}.Release|x86.Build.0 = Release|Win32
		{4972BB6E-0F84-40AF-B7C4-EF61BA0BDCFF}.Template|x86.ActiveCfg = Template|Win32
		{4972BB6E-0F84-40AF-B7C4-EF61BA0BDCFF}.Template|x86.Build.0 = Template|Win32
		{1D7E3D69-927F-450C-BC6F-C93B15C5BC13}.Alpha32 Debug|x86.ActiveCfg = Alpha32 Debug|Win32
		{1D7E3D69-927F-450C-BC6F-C93B15C5BC13}.Alpha32 Debug|x86.Build.0 = Alpha32 Debug|Win32
		{1D7E3D69-927F-450C-BC6F-C93B15C5BC13}.Alpha32 Release|x86.ActiveCfg = Alpha32 Release|Win32
		{1D7E3D69-927F-450C-BC6F-C93B15C5BC13}.Alpha32 Release|x86.Build.0 = Alpha32 Release|Win32
		{1D7E3D69-927F-450C-BC6F-C93B15C5BC13}.Debug|x86.ActiveCfg = Debug|Win32
		{1D7E3D69-927F-450C-BC6F-C93B15C5BC13}.Debug|x86.Build.0 = Debug|Win32
		{1D7E3D69-927F-450C-BC6F-C93B15C5BC13}.Release|x86.ActiveCfg = Release|Win32
		{1D7E3D69-927F-450C-BC6F-C93B15C5BC13}.Release|x86.Build.0 = Release|Win32
		{1D7E3D69-927F-450C-BC6F-C93B15C5BC13}.Template|x86.ActiveCfg = Template|Win32
		{1D7E3D69-927F-450C-BC6F-C93B15C5BC13}.Template|x86.Build.0 = Template|Win32
		{FD2B60D7-E281-4ECC-906C-D3430C4FE86A}.Alpha32 Debug|x86.ActiveCfg = Alpha32 Debug|Win32
		{FD2B60D7-E281-4ECC-906C-D3430C4FE86A}.Alpha32 Debug|x86.Build.0 = Alpha32 Debug|Win32
		{FD2B60D7-E281-4ECC-906C-D3430C4FE86A}.Alpha32 Release|x86.ActiveCfg = Alpha32 Release|Win32
		{FD2B60D7-E281-4ECC-906C-D3430C4FE86A}.Alpha32 Release|x86.Build.0 = Alpha32 Release|Win32
		{FD2B60D7-E281-4ECC-906C-D3430C4FE86A}.Debug|x86.ActiveCfg = Debug|Win32
		{FD2B60D7-E281-4ECC-906C-D3430C4FE86A}.Debug|x86.Build.0 = Debug|Win32
		{FD2B60D7-E281-4ECC-906C-D3430C4FE86A}.Release|x86.ActiveCfg = Release|Win32
		{FD2B60D7-E281-4ECC-906C-D3430C4FE86A}.Release|x86.Build.0 = Release|Win32
		{FD2B60D7-E281-4ECC-906C-D3430C4FE86A}.Template|x86.ActiveCfg = Template|Win32
		{FD2B60D7-E281-4ECC-906C-D3430C4FE86A}.Template|x86.Build.0 = Template|Win32
		{D4A21DA3-7751-41B5-A1D2-38D7909A4233}.Alpha32 Debug|x86.ActiveCfg = Alpha32 Debug|Win32
		{D4A21DA3-7751-41B5-A1D2-38D7909A4233}.Alpha32 Debug|x86.Build.0 = Alpha32 Debug|Win32
		{D4A21DA3-7751-41B5-A1D2-38D7909A4233}.Alpha32 Release|x86.ActiveCfg = Alpha32 Release|Win32
		{D4A21DA3-7751-41B5-A1D2-38D7909A4233}.Alpha32 Release|x86.Build.0 = Alpha32 Release|Win32
		{D4A21DA3-7751-41B5-A1D2-38D7909A4233}.Debug|x86.ActiveCfg = Debug|Win32
		{D4A21DA3-7751-41B5-A1D2-38D7909A4233}.Debug|x86.Build.0 = Debug|Win32
		{D4A21DA3-7751-41B5-A1D2-38D7909A4233}.Release|x86.ActiveCfg = Release|Win32
		{D4A21DA3-7751-41B5-A1D2-38D7909A4233}.Release|x86.Build.0 = Release|Win32
		{D4A21DA3-7751-41B5-A1D2-38D7909A4233}.Template|x86.ActiveCfg = Template|Win32
		{D4A21DA3-7751-41B5-A1D2-38D7909A4233}.Template|x86.Build.0 = Template|Win32
		{313E248B-5508-48F6-B31D-E153F6BAFB09}.Alpha32 Debug|x86.ActiveCfg = Alpha32 Debug|Win32
		{313E248B-5508-48F6-B31D-E153F6BAFB09}.Alpha32 Debug|x86.Build.0 = Alpha32 Debug|Win32
		{313E248B-5508-48F6-B31D-E153F6BAFB09}.Alpha32 Release|x86.ActiveCfg = Alpha32 Release|Win32
		{313E248B-5508-48F6-B31D-E153F6BAFB09}.Alpha32 Release|x86.Build.0 = Alpha32 Release|Win32
		{313E248B-5508-48F6-B31D-E153F6BAFB09}.Debug|x86.ActiveCfg = Debug|Win32
		{313E248B-5508-48F6-B31D-E153F6BAFB09}.Debug|x86.Build.0 = Debug|Win32
		{313E248B-5508-48F6-B31D-E153F6BAFB09}.Release|x86.ActiveCfg = Release|Win32
		{313E248B-5508-48F6-B31D-E153F6BAFB09}.Release|x86.Build.0 = Release|Win32
		{313E248B-5508-48F6-B31D-E153F6BAFB09}.Template|x86.ActiveCfg = Template|Win32
		{313E248B-5508-48F6-B31D-E153F6BAFB09}.Template|x86.Build.0 = Template|Win32
		{4A0A7DB4-638B-47B9-8041-CCEE51FDB6C7}.Alpha32 Debug|x86.ActiveCfg = Alpha32 Debug|Win32
		{4A0A7DB4-638B-47B9-8041-CCEE51FDB6C7}.Alpha32 Debug|x86.Build.0 = Alpha32 Debug|Win32
		{4A0A7DB4-638B-47B9-8041-CCEE51FDB6C7}.Alpha32 Release|x86.ActiveCfg = Alpha32 Release|Win32
		{4A0A7DB4-638B-47B9-8041-CCEE51FDB6C7}.Alpha32 Release|x86.Build.0 = Alpha32 Release|Win32
		{4A0A7DB4-638B-47B9-8041-CCEE51FDB6C7}.Debug|x86.ActiveCfg = Debug|Win32
		{4A0A7DB4-638B-47B9-8041-CCEE51FDB6C7}.Debug|x86.Build.0 = Debug|Win32
		{4A0A7DB4-638B-47B9-8041-CCEE51FDB6C7}.Release|x86.ActiveCfg = Release|Win32
		{4A0A7DB4-638B-47B9-8041-CCEE51FDB6C7}.Release|x86.Build.0 = Release|Win32
		{4A0A7DB4-638B-47B9-8041-CCEE51FDB6C7}.Template|x86.ActiveCfg = Template|Win32
		{4A0A7DB4-638B-47B9-8041-CCEE51FDB6C7}.Template|x86.Build.0 = Template|Win32
		{214D347F-8E8D-4A97-9A0E-E945CA32B2F1}.Alpha32 Debug|x86.ActiveCfg = Alpha32 Debug|Win32
		{214D347F-8E8D-4A97-9A0E-E945CA32B2F1}.Alpha32 Debug|x86.Build.0 = Alpha32 Debug|Win32
		{214D347F-8E8D-4A97-9A0E-E945CA32B2F1}.Alpha32 Release|x86.ActiveCfg = Alpha32 Release|Win32
		{214D347F-8E8D-4A97-9A0E-E945CA32B2F1}.Alpha32 Release|x86.Build.0 = Alpha32 Release|Win32
		{214D347F-8E8D-4A97-9A0E-E945CA32B2F1}.Debug|x86.ActiveCfg = Debug|Win32
		{214D347F-8E8D-4A97-9A0E-E945CA32B2F1}.Debug|x86.Build.0 = Debug|Win32
		{214D347F-8E8D-4A97-9A0E-E945CA32B2F1}.Release|x86.ActiveCfg = Release|Win32
		{214D347F-8E8D-4A97-9A0E-E945CA32B2F1}.Release|x86.Build.0 = Release|Win32
		{214D347F-8E8D-4A97-9A0E-E945CA32B2F1}.Template|x86.ActiveCfg = Template|Win32
		{214D347F-8E8D-4A97-9A0E-E945CA32B2F1}.Template|x86.Build.0 = Template|Win32
		{2072CFA6-2F50-49C2-9D88-C1017B82DC98}.Alpha32 Debug|x86.ActiveCfg = Alpha32 Debug|Win32
		{2072CFA6-2F50-49C2-9D88-C1017B82DC98}.Alpha32 Debug|x86.Build.0 = Alpha32 Debug|Win32
		{2072CFA6-2F50-49C2-9D88-C1017B82DC98}.Alpha32 Release|x86.ActiveCfg = Alpha32 Release|Win32
		{2072CFA6-2F50-49C2-9D88-C1017B82DC98}.Alpha32 Release|x86.Build.0 = Alpha32 Release|Win32
		{2072CFA6-2F50-49C2-9D88-C1017B82DC98}.Debug|x86.ActiveCfg = Debug|Win32
		{2072CFA6-2F50-49C2-9D88-C1017B82DC98}.Debug|x86.Build.0 = Debug|Win32
		{2072CFA6-2F50-49C2-9D88-C1017B82DC98}.Release|x86.ActiveCfg = Release|Win32
		{2072CFA6-2F50-49C2-9D88-C1017B82DC98}.Release|x86.Build.0 = Release|Win32
		{2072CFA6-2F50-49C2-9D88-C1017B82DC98}.Template|x86.ActiveCfg = Template|Win32
		{2072CFA6-2F50-49C2-9D88-C1017B82DC98}.Template|x86.Build.0 = Template|Win32
		{8C961184-F407-443B-8932-377B07091B69}.Alpha32 Debug|x86.ActiveCfg = Alpha32 Debug|Win32
		{8C961184-F407-443B-8932-377B07091B69}.Alpha32 Debug|x86.Build.0 = Alpha32 Debug|Win32
		{8C961184-F407-443B-8932-377B07091B69}.Alpha32 Release|x86.ActiveCfg = Alpha32 Release|Win32
		{8C961184-F407-443B-8932-377B07091B69}.Alpha32 Release|x86.Build.0 = Alpha32 Release|Win32
		{8C961184-F407-443B-8932-377B07091B69}.Debug|x86.ActiveCfg = Debug|Win32
		{8C961184-F407-443B-8932-377B07091B69}.Debug|x86.Build.0 = Debug|Win32
		{8C961184-F407-443B-8932-377B07091B69}.Release|x86.ActiveCfg = Release|Win32
		{8C961184-F407-443B-8932-377B07091B69}.Release|x86.Build.0 = Release|Win32
		{8C961184-F407-443B-8932-377B07091B69}.Template|x86.ActiveCfg = Template|Win32
		{8C961184-F407-443B-8932-377B07091B69}.Template|x86.Build.0 = Template|Win32
		{7AF26B5F-880B-497B-A52C-C5CA2A04A462}.Alpha32 Debug|x86.ActiveCfg = Alpha32 Debug|Win32
		{7AF26B5F-880B-497B-A52C-C5CA2A04A462}.Alpha32 Debug|x86.Build.0 = Alpha32 Debug|Win32
		{7AF26B5F-880B-497B-A52C-C5CA2A04A462}.Alpha32 Release|x86.ActiveCfg = Alpha32 Release|Win32
		{7AF26B5F-880B-497B-A52C-C5CA2A04A462}.Alpha32 Release|x86.Build.0 = Alpha32 Release|Win32
		{7AF26B5F-880B-497B-A52C-C5CA2A04A462}.Debug|x86.ActiveCfg = Debug|Win32
		{7AF26B5F-880B-497B-A52C-C5CA2A04A462}.Debug|x86.Build.0 = Debug|Win32
		{7AF26B5F-880B-497B-A52C-C5CA2A04A462}.Release|x86.ActiveCfg = Release|Win32
		{7AF26B5F-880B-497B-A52C-C5CA2A04A462}.Release|x86.Build.0 = Release|Win32
		{7AF26B5F-880B-497B-A52C-C5CA2A04A462}.Template|x86.ActiveCfg = Template|Win32
		{7AF26B5F-880B-497B-A52C-C5CA2A04A462}.Template|x86.Build.0 = Template|Win32
		{76273BCE-2409-4063-B1B6-672BA0842BBD}.Alpha32 Debug|x86.ActiveCfg = Alpha32 Debug|Win32
		{76273BCE-2409-4063-B1B6-672BA0842BBD}.Alpha32 Debug|x86.Build.0 = Alpha32 Debug|Win32
		{76273BCE-2409-4063-B1B6-672BA0842BBD}.Alpha32 Release|x86.ActiveCfg = Alpha32 Release|Win32
		{76273BCE-2409-4063-B1B6-672BA0842BBD}.Alpha32 Release|x86.Build.0 = Alpha32 Release|Win32
		{76273BCE-2409-4063-B1B6-672BA0842BBD}.Debug|x86.ActiveCfg = Debug|Win32
		{76273BCE-2409-4063-B1B6-672BA0842BBD}.Debug|x86.Build.0 = Debug|Win32
		{76273BCE-2409-4063-B1B6-672BA0842BBD}.Release|x86.ActiveCfg = Release|Win32
		{76273BCE-2409-4063-B1B6-672BA0842BBD}.Release|x86.Build.0 = Release|Win32
		{76273BCE-2409-4063-B1B6-672BA0842BBD}.Template|x86.ActiveCfg = Template|Win32
		{76273BCE-2409-4063-B1B6-672BA0842BBD}.Template|x86.Build.0 = Template|Win32
		{85F15947-D05D-401E-AA17-09AA18EC8AA7}.Alpha32 Debug|x86.ActiveCfg = Alpha32 Debug|Win32
		{85F15947-D05D-401E-AA17-09AA18EC8AA7}.Alpha32 Debug|x86.Build.0 = Alpha32 Debug|Win32
		{85F15947-D05D-401E-AA17-09AA18EC8AA7}.Alpha32 Release|x86.ActiveCfg = Alpha32 Release|Win32
		{85F15947-D05D-401E-AA17-09AA18EC8AA7}.Alpha32 Release|x86.Build.0 = Alpha32 Release|Win32
		{85F15947-D05D-401E-AA17-09AA18EC8AA7}.Debug|x86.ActiveCfg = Debug|Win32
		{85F15947-D05D-401E-AA17-09AA18EC8AA7}.Debug|x86.Build.0 = Debug|Win32
		{85F15947-D05D-401E-AA17-09AA18EC8AA7}.Release|x86.ActiveCfg = Release|Win32
		{85F15947-D05D-401E-AA17-09AA18EC8AA7}.Release|x86.Build.0 = Release|Win32
		{85F15947-D05D-401E-AA17-09AA18EC8AA7}.Template|x86.ActiveCfg = Template|Win32
		{85F15947-D05D-401E-AA17-09AA18EC8AA7}.Template|x86.Build.0 = Template|Win32
		{E03F3B1B-11A1-4C0B-8D11-1829D4D466C2}.Alpha32 Debug|x86.ActiveCfg = Alpha32 Debug|Win32
		{E03F3B1B-11A1-4C0B-8D11-1829D4D466C2}.Alpha32 Debug|x86.Build.0 = Alpha32 Debug|Win32
		{E03F3B1B-11A1-4C0B-8D11-1829D4D466C2}.Alpha32 Release|x86.ActiveCfg = Alpha32 Release|Win32
		{E03F3B1B-11A1-4C0B-8D11-1829D4D466C2}.Alpha32 Release|x86.Build.0 = Alpha32 Release|Win32
		{E03F3B1B-11A1-4C0B-8D11-1829D4D466C2}.Debug|x86.ActiveCfg = Debug|Win32
		{E03F3B1B-11A1-4C0B-8D11-1829D4D466C2}.Debug|x86.Build.0 = Debug|Win32
		{E03F3B1B-11A1-4C0B-8D11-1829D4D466C2}.Release|x86.ActiveCfg = Release|Win32
		{E03F3B1B-11A1-4C0B-8D11-1829D4D466C2}.Release|x86.Build.0 = Release|Win32
		{E03F3B1B-11A1-4C0B-8D11-1829D4D466C2}.Template|x86.ActiveCfg = Template|Win32
		{E03F3B1B-11A1-4C0B-8D11-1829D4D466C2}.Template|x86.Build.0 = Template|Win32
		{3D590672-E315-4985-B923-67B259A58C52}.Alpha32 Debug|x86.ActiveCfg = Alpha32 Debug|Win32
		{3D590672-E315-4985-B923-67B259A58C52}.Alpha32 Debug|x86.Build.0 = Alpha32 Debug|Win32
		{3D590672-E315-4985-B923-67B259A58C52}.Alpha32 Release|x86.ActiveCfg = Alpha32 Release|Win32
		{3D590672-E315-4985-B923-67B259A58C52}.Alpha32 Release|x86.Build.0 = Alpha32 Release|Win32
		{3D590672-E315-4985-B923-67B259A58C52}.Debug|x86.ActiveCfg = Debug|Win32
		{3D590672-E315-4985-B923-67B259A58C52}.Debug|x86.Build.0 = Debug|Win32
		{3D590672-E315-4985-B923-67B259A58C52}.Release|x86.ActiveCfg = Release|Win32
		{3D590672-E315-4985-B923-67B259A58C52}.Release|x86.Build.0 = Release|Win32
		{3D590672-E315-4985-B923-67B259A58C52}.Template|x86.ActiveCfg = Template|Win32
		{3D590672-E315-4985-B923-67B259A58C52}.Template|x86.Build.0 = Template|Win32
		{8F5A2569-E810-4CD9-87FB-987CAEC912D1}.Alpha32 Debug|x86.ActiveCfg = Alpha32 Debug|Win32
		{8F5A2569-E810-4CD9-87FB-987CAEC912D1}.Alpha32 Debug|x86.Build.0 = Alpha32 Debug|Win32
		{8F5A2569-E810-4CD9-87FB-987CAEC912D1}.Alpha32 Release|x86.ActiveCfg = Alpha32 Release|Win32
		{8F5A2569-E810-4CD9-87FB-987CAEC912D1}.Alpha32 Release|x86.Build.0 = Alpha32 Release|Win32
		{8F5A2569-E810-4CD9-87FB-987CAEC912D1}.Debug|x86.ActiveCfg = Debug|Win32
		{8F5A2569-E810-4CD9-87FB-987CAEC912D1}.Debug|x86.Build.0 = Debug|Win32
		{8F5A2569-E810-4CD9-87FB-987CAEC912D1}.Release|x86.ActiveCfg = Release|Win32
		{8F5A2569-E810-4CD9-87FB-987CAEC912D1}.Release|x86.Build.0 = Release|Win32
		{8F5A2569-E810-4CD9-87FB-987CAEC912D1}.Template|x86.ActiveCfg = Template|Win32
		{8F5A2569-E810-4CD9-87FB-987CAEC912D1}.Template|x86.Build.0 = Template|Win32
		{4DBAFFAB-A313-401B-AC7C-7A35B25435A1}.Alpha32 Debug|x86.ActiveCfg = Alpha32 Debug|Win32
		{4DBAFFAB-A313-401B-AC7C-7A35B25435A1}.Alpha32 Debug|x86.Build.0 = Alpha32 Debug|Win32
		{4DBAFFAB-A313-401B-AC7C-7A35B25435A1}.Alpha32 Release|x86.ActiveCfg = Alpha32 Release|Win32
		{4DBAFFAB-A313-401B-AC7C-7A35B25435A1}.Alpha32 Release|x86.Build.0 = Alpha32 Release|Win32
		{4DBAFFAB-A313-401B-AC7C-7A35B25435A1}.Debug|x86.ActiveCfg = Debug|Win32
		{4DBAFFAB-A313-401B-AC7C-7A35B25435A1}.Debug|x86.Build.0 = Debug|Win32
		{4DBAFFAB-A313-401B-AC7C-7A35B25435A1}.Release|x86.ActiveCfg = Release|Win32
		{4DBAFFAB-A313-401B-AC7C-7A35B25435A1}.Release|x86.Build.0 = Release|Win32
		{4DBAFFAB-A313-401B-AC7C-7A35B25435A1}.Template|x86.ActiveCfg = Template|Win32
		{4DBAFFAB-A313-401B-AC7C-7A35B25435A1}.Template|x86.Build.0 = Template|Win32
		{BEF0D69B-DB08-4809-A903-2C679B941E79}.Alpha32 Debug|x86.ActiveCfg = Alpha32 Debug|Win32
		{BEF0D69B-DB08-4809-A903-2C679B941E79}.Alpha32 Debug|x86.Build.0 = Alpha32 Debug|Win32
		{BEF0D69B-DB08-4809-A903-2C679B941E79}.Alpha32 Release|x86.ActiveCfg = Alpha32 Release|Win32
		{BEF0D69B-DB08-4809-A903-2C679B941E79}.Alpha32 Release|x86.Build.0 = Alpha32 Release|Win32
		{BEF0D69B-DB08-4809-A903-2C679B941E79}.Debug|x86.ActiveCfg = Debug|Win32
		{BEF0D69B-DB08-4809-A903-2C679B941E79}.Debug|x86.Build.0 = Debug|Win32
		{BEF0D69B-DB08-4809-A903-2C679B941E79}.Release|x86.ActiveCfg = Release|Win32
		{BEF0D69B-DB08-4809-A903-2C679B941E79}.Release|x86.Build.0 = Release|Win32
		{BEF0D69B-DB08-4809-A903-2C679B941E79}.Template|x86.ActiveCfg = Template|Win32
		{BEF0D69B-DB08-4809-A903-2C679B941E79}.Template|x86.Build.0 = Template|Win32
	EndGlobalSection
	GlobalSection(SolutionProperties) = preSolution
		HideSolutionNode = FALSE
	EndGlobalSection
	GlobalSection(ExtensibilityGlobals) = postSolution
		SolutionGuid = {E1491FA4-020B-4258-A691-4BAD0F5264F0}
	EndGlobalSection
EndGlobal
